// !$*UTF8*$!
{
	archiveVersion = 1;
	classes = {
	};
	objectVersion = 56;
	objects = {

/* Begin PBXBuildFile section */
		07B98CCECDC876C1AD8921B0 /* Pods_FinancialControlApp.framework in Frameworks */ = {isa = PBXBuildFile; fileRef = DD0F9561ED4781F208E467D0 /* Pods_FinancialControlApp.framework */; };
		366C40C9E302BE81ECB3AAF7 /* Pods_FinancialControlApp_FinancialControlAppUITests.framework in Frameworks */ = {isa = PBXBuildFile; fileRef = 007AC771DFF70DCE984FB5D4 /* Pods_FinancialControlApp_FinancialControlAppUITests.framework */; };
		EDDFD3C52BD407680027141C /* FinancialControlAppUITests.swift in Sources */ = {isa = PBXBuildFile; fileRef = EDDFD3C42BD407680027141C /* FinancialControlAppUITests.swift */; };
		EDDFD3C72BD407680027141C /* FinancialControlAppUITestsLaunchTests.swift in Sources */ = {isa = PBXBuildFile; fileRef = EDDFD3C62BD407680027141C /* FinancialControlAppUITestsLaunchTests.swift */; };
		EDDFD3DC2BD4094D0027141C /* TabBarFactory.swift in Sources */ = {isa = PBXBuildFile; fileRef = EDDFD3D62BD4094D0027141C /* TabBarFactory.swift */; };
		EDDFD3DD2BD4094D0027141C /* AppDelegate.swift in Sources */ = {isa = PBXBuildFile; fileRef = EDDFD3D82BD4094D0027141C /* AppDelegate.swift */; };
		EDDFD3DE2BD4094D0027141C /* SceneDelegate.swift in Sources */ = {isa = PBXBuildFile; fileRef = EDDFD3D92BD4094D0027141C /* SceneDelegate.swift */; };
		EDDFD3DF2BD4094D0027141C /* Assets.xcassets in Resources */ = {isa = PBXBuildFile; fileRef = EDDFD3DB2BD4094D0027141C /* Assets.xcassets */; };
		FFCE43F37F1CF5271FBF24DE /* Pods_FinancialControlAppTests.framework in Frameworks */ = {isa = PBXBuildFile; fileRef = 033581BA0BDDF49AA601C5BE /* Pods_FinancialControlAppTests.framework */; };
/* End PBXBuildFile section */

/* Begin PBXContainerItemProxy section */
		EDDFD3B72BD407680027141C /* PBXContainerItemProxy */ = {
			isa = PBXContainerItemProxy;
			containerPortal = EDDFD3982BD407660027141C /* Project object */;
			proxyType = 1;
			remoteGlobalIDString = EDDFD39F2BD407660027141C;
			remoteInfo = FinancialControlApp;
		};
		EDDFD3C12BD407680027141C /* PBXContainerItemProxy */ = {
			isa = PBXContainerItemProxy;
			containerPortal = EDDFD3982BD407660027141C /* Project object */;
			proxyType = 1;
			remoteGlobalIDString = EDDFD39F2BD407660027141C;
			remoteInfo = FinancialControlApp;
		};
/* End PBXContainerItemProxy section */

/* Begin PBXFileReference section */
		007AC771DFF70DCE984FB5D4 /* Pods_FinancialControlApp_FinancialControlAppUITests.framework */ = {isa = PBXFileReference; explicitFileType = wrapper.framework; includeInIndex = 0; path = Pods_FinancialControlApp_FinancialControlAppUITests.framework; sourceTree = BUILT_PRODUCTS_DIR; };
		033581BA0BDDF49AA601C5BE /* Pods_FinancialControlAppTests.framework */ = {isa = PBXFileReference; explicitFileType = wrapper.framework; includeInIndex = 0; path = Pods_FinancialControlAppTests.framework; sourceTree = BUILT_PRODUCTS_DIR; };
		0D1CA34F7146AF61BB657C31 /* Pods-FinancialControlApp-FinancialControlAppUITests.debug.xcconfig */ = {isa = PBXFileReference; includeInIndex = 1; lastKnownFileType = text.xcconfig; name = "Pods-FinancialControlApp-FinancialControlAppUITests.debug.xcconfig"; path = "Target Support Files/Pods-FinancialControlApp-FinancialControlAppUITests/Pods-FinancialControlApp-FinancialControlAppUITests.debug.xcconfig"; sourceTree = "<group>"; };
		12C1F74EC549D588658DEE3F /* Pods-FinancialControlAppTests.debug.xcconfig */ = {isa = PBXFileReference; includeInIndex = 1; lastKnownFileType = text.xcconfig; name = "Pods-FinancialControlAppTests.debug.xcconfig"; path = "Target Support Files/Pods-FinancialControlAppTests/Pods-FinancialControlAppTests.debug.xcconfig"; sourceTree = "<group>"; };
		78B47BB02FB212032768179F /* Pods-FinancialControlApp-FinancialControlAppUITests.release.xcconfig */ = {isa = PBXFileReference; includeInIndex = 1; lastKnownFileType = text.xcconfig; name = "Pods-FinancialControlApp-FinancialControlAppUITests.release.xcconfig"; path = "Target Support Files/Pods-FinancialControlApp-FinancialControlAppUITests/Pods-FinancialControlApp-FinancialControlAppUITests.release.xcconfig"; sourceTree = "<group>"; };
		83AF685037789B65FB48658C /* Pods-FinancialControlApp.debug.xcconfig */ = {isa = PBXFileReference; includeInIndex = 1; lastKnownFileType = text.xcconfig; name = "Pods-FinancialControlApp.debug.xcconfig"; path = "Target Support Files/Pods-FinancialControlApp/Pods-FinancialControlApp.debug.xcconfig"; sourceTree = "<group>"; };
		8BA6488D3151236BCA9E7252 /* Pods-FinancialControlAppTests.release.xcconfig */ = {isa = PBXFileReference; includeInIndex = 1; lastKnownFileType = text.xcconfig; name = "Pods-FinancialControlAppTests.release.xcconfig"; path = "Target Support Files/Pods-FinancialControlAppTests/Pods-FinancialControlAppTests.release.xcconfig"; sourceTree = "<group>"; };
		90D856269262D215E8FF720D /* Pods-FinancialControlApp.release.xcconfig */ = {isa = PBXFileReference; includeInIndex = 1; lastKnownFileType = text.xcconfig; name = "Pods-FinancialControlApp.release.xcconfig"; path = "Target Support Files/Pods-FinancialControlApp/Pods-FinancialControlApp.release.xcconfig"; sourceTree = "<group>"; };
		DD0F9561ED4781F208E467D0 /* Pods_FinancialControlApp.framework */ = {isa = PBXFileReference; explicitFileType = wrapper.framework; includeInIndex = 0; path = Pods_FinancialControlApp.framework; sourceTree = BUILT_PRODUCTS_DIR; };
		EDDFD3A02BD407660027141C /* FinancialControlApp.app */ = {isa = PBXFileReference; explicitFileType = wrapper.application; includeInIndex = 0; path = FinancialControlApp.app; sourceTree = BUILT_PRODUCTS_DIR; };
		EDDFD3B12BD407680027141C /* Info.plist */ = {isa = PBXFileReference; lastKnownFileType = text.plist.xml; path = Info.plist; sourceTree = "<group>"; };
		EDDFD3B62BD407680027141C /* FinancialControlAppTests.xctest */ = {isa = PBXFileReference; explicitFileType = wrapper.cfbundle; includeInIndex = 0; path = FinancialControlAppTests.xctest; sourceTree = BUILT_PRODUCTS_DIR; };
		EDDFD3C02BD407680027141C /* FinancialControlAppUITests.xctest */ = {isa = PBXFileReference; explicitFileType = wrapper.cfbundle; includeInIndex = 0; path = FinancialControlAppUITests.xctest; sourceTree = BUILT_PRODUCTS_DIR; };
		EDDFD3C42BD407680027141C /* FinancialControlAppUITests.swift */ = {isa = PBXFileReference; lastKnownFileType = sourcecode.swift; path = FinancialControlAppUITests.swift; sourceTree = "<group>"; };
		EDDFD3C62BD407680027141C /* FinancialControlAppUITestsLaunchTests.swift */ = {isa = PBXFileReference; lastKnownFileType = sourcecode.swift; path = FinancialControlAppUITestsLaunchTests.swift; sourceTree = "<group>"; };
		EDDFD3D62BD4094D0027141C /* TabBarFactory.swift */ = {isa = PBXFileReference; fileEncoding = 4; lastKnownFileType = sourcecode.swift; path = TabBarFactory.swift; sourceTree = "<group>"; };
		EDDFD3D82BD4094D0027141C /* AppDelegate.swift */ = {isa = PBXFileReference; fileEncoding = 4; lastKnownFileType = sourcecode.swift; path = AppDelegate.swift; sourceTree = "<group>"; };
		EDDFD3D92BD4094D0027141C /* SceneDelegate.swift */ = {isa = PBXFileReference; fileEncoding = 4; lastKnownFileType = sourcecode.swift; path = SceneDelegate.swift; sourceTree = "<group>"; };
		EDDFD3DB2BD4094D0027141C /* Assets.xcassets */ = {isa = PBXFileReference; lastKnownFileType = folder.assetcatalog; path = Assets.xcassets; sourceTree = "<group>"; };
/* End PBXFileReference section */

/* Begin PBXFrameworksBuildPhase section */
		EDDFD39D2BD407660027141C /* Frameworks */ = {
			isa = PBXFrameworksBuildPhase;
			buildActionMask = 2147483647;
			files = (
				07B98CCECDC876C1AD8921B0 /* Pods_FinancialControlApp.framework in Frameworks */,
			);
			runOnlyForDeploymentPostprocessing = 0;
		};
		EDDFD3B32BD407680027141C /* Frameworks */ = {
			isa = PBXFrameworksBuildPhase;
			buildActionMask = 2147483647;
			files = (
				FFCE43F37F1CF5271FBF24DE /* Pods_FinancialControlAppTests.framework in Frameworks */,
			);
			runOnlyForDeploymentPostprocessing = 0;
		};
		EDDFD3BD2BD407680027141C /* Frameworks */ = {
			isa = PBXFrameworksBuildPhase;
			buildActionMask = 2147483647;
			files = (
				366C40C9E302BE81ECB3AAF7 /* Pods_FinancialControlApp_FinancialControlAppUITests.framework in Frameworks */,
			);
			runOnlyForDeploymentPostprocessing = 0;
		};
/* End PBXFrameworksBuildPhase section */

/* Begin PBXGroup section */
		8D8FE6FE21C98FE3C2220C4A /* Frameworks */ = {
			isa = PBXGroup;
			children = (
				DD0F9561ED4781F208E467D0 /* Pods_FinancialControlApp.framework */,
				007AC771DFF70DCE984FB5D4 /* Pods_FinancialControlApp_FinancialControlAppUITests.framework */,
				033581BA0BDDF49AA601C5BE /* Pods_FinancialControlAppTests.framework */,
			);
			name = Frameworks;
			sourceTree = "<group>";
		};
		B3FF860E7718B6895AA3A769 /* Pods */ = {
			isa = PBXGroup;
			children = (
				83AF685037789B65FB48658C /* Pods-FinancialControlApp.debug.xcconfig */,
				90D856269262D215E8FF720D /* Pods-FinancialControlApp.release.xcconfig */,
				0D1CA34F7146AF61BB657C31 /* Pods-FinancialControlApp-FinancialControlAppUITests.debug.xcconfig */,
				78B47BB02FB212032768179F /* Pods-FinancialControlApp-FinancialControlAppUITests.release.xcconfig */,
				12C1F74EC549D588658DEE3F /* Pods-FinancialControlAppTests.debug.xcconfig */,
				8BA6488D3151236BCA9E7252 /* Pods-FinancialControlAppTests.release.xcconfig */,
			);
			name = Pods;
			path = Pods;
			sourceTree = "<group>";
		};
		EDDFD3972BD407660027141C = {
			isa = PBXGroup;
			children = (
				EDDFD3A22BD407660027141C /* FinancialControlApp */,
				EDDFD3B92BD407680027141C /* FinancialControlAppTests */,
				EDDFD3C32BD407680027141C /* FinancialControlAppUITests */,
				EDDFD3A12BD407660027141C /* Products */,
				B3FF860E7718B6895AA3A769 /* Pods */,
				8D8FE6FE21C98FE3C2220C4A /* Frameworks */,
			);
			sourceTree = "<group>";
		};
		EDDFD3A12BD407660027141C /* Products */ = {
			isa = PBXGroup;
			children = (
				EDDFD3A02BD407660027141C /* FinancialControlApp.app */,
				EDDFD3B62BD407680027141C /* FinancialControlAppTests.xctest */,
				EDDFD3C02BD407680027141C /* FinancialControlAppUITests.xctest */,
			);
			name = Products;
			sourceTree = "<group>";
		};
		EDDFD3A22BD407660027141C /* FinancialControlApp */ = {
			isa = PBXGroup;
			children = (
				EDDFD3DA2BD4094D0027141C /* Resources */,
				EDDFD3D32BD4094D0027141C /* Sources */,
				EDDFD3B12BD407680027141C /* Info.plist */,
			);
			path = FinancialControlApp;
			sourceTree = "<group>";
		};
		EDDFD3B92BD407680027141C /* FinancialControlAppTests */ = {
			isa = PBXGroup;
			children = (
			);
			path = FinancialControlAppTests;
			sourceTree = "<group>";
		};
		EDDFD3C32BD407680027141C /* FinancialControlAppUITests */ = {
			isa = PBXGroup;
			children = (
				EDDFD3C42BD407680027141C /* FinancialControlAppUITests.swift */,
				EDDFD3C62BD407680027141C /* FinancialControlAppUITestsLaunchTests.swift */,
			);
			path = FinancialControlAppUITests;
			sourceTree = "<group>";
		};
		EDDFD3D32BD4094D0027141C /* Sources */ = {
			isa = PBXGroup;
			children = (
				EDDFD3D42BD4094D0027141C /* Scenes */,
				EDDFD3D72BD4094D0027141C /* Core */,
			);
			path = Sources;
			sourceTree = "<group>";
		};
		EDDFD3D42BD4094D0027141C /* Scenes */ = {
			isa = PBXGroup;
			children = (
				EDDFD3D52BD4094D0027141C /* TabBar */,
			);
			path = Scenes;
			sourceTree = "<group>";
		};
		EDDFD3D52BD4094D0027141C /* TabBar */ = {
			isa = PBXGroup;
			children = (
				EDDFD3D62BD4094D0027141C /* TabBarFactory.swift */,
			);
			path = TabBar;
			sourceTree = "<group>";
		};
		EDDFD3D72BD4094D0027141C /* Core */ = {
			isa = PBXGroup;
			children = (
				EDDFD3D82BD4094D0027141C /* AppDelegate.swift */,
				EDDFD3D92BD4094D0027141C /* SceneDelegate.swift */,
			);
			path = Core;
			sourceTree = "<group>";
		};
		EDDFD3DA2BD4094D0027141C /* Resources */ = {
			isa = PBXGroup;
			children = (
				EDDFD3DB2BD4094D0027141C /* Assets.xcassets */,
			);
			path = Resources;
			sourceTree = "<group>";
		};
/* End PBXGroup section */

/* Begin PBXNativeTarget section */
		EDDFD39F2BD407660027141C /* FinancialControlApp */ = {
			isa = PBXNativeTarget;
			buildConfigurationList = EDDFD3CA2BD407680027141C /* Build configuration list for PBXNativeTarget "FinancialControlApp" */;
			buildPhases = (
				1FD389243B8A57170224D573 /* [CP] Check Pods Manifest.lock */,
				EDDFD39C2BD407660027141C /* Sources */,
				EDDFD39D2BD407660027141C /* Frameworks */,
				EDDFD39E2BD407660027141C /* Resources */,
			);
			buildRules = (
			);
			dependencies = (
			);
			name = FinancialControlApp;
			productName = FinancialControlApp;
			productReference = EDDFD3A02BD407660027141C /* FinancialControlApp.app */;
			productType = "com.apple.product-type.application";
		};
		EDDFD3B52BD407680027141C /* FinancialControlAppTests */ = {
			isa = PBXNativeTarget;
			buildConfigurationList = EDDFD3CD2BD407680027141C /* Build configuration list for PBXNativeTarget "FinancialControlAppTests" */;
			buildPhases = (
				197EF3B791BD535BACA160D8 /* [CP] Check Pods Manifest.lock */,
				EDDFD3B22BD407680027141C /* Sources */,
				EDDFD3B32BD407680027141C /* Frameworks */,
				EDDFD3B42BD407680027141C /* Resources */,
			);
			buildRules = (
			);
			dependencies = (
				EDDFD3B82BD407680027141C /* PBXTargetDependency */,
			);
			name = FinancialControlAppTests;
			productName = FinancialControlAppTests;
			productReference = EDDFD3B62BD407680027141C /* FinancialControlAppTests.xctest */;
			productType = "com.apple.product-type.bundle.unit-test";
		};
		EDDFD3BF2BD407680027141C /* FinancialControlAppUITests */ = {
			isa = PBXNativeTarget;
			buildConfigurationList = EDDFD3D02BD407680027141C /* Build configuration list for PBXNativeTarget "FinancialControlAppUITests" */;
			buildPhases = (
				F10CFB2B5DCCE270F119A89C /* [CP] Check Pods Manifest.lock */,
				EDDFD3BC2BD407680027141C /* Sources */,
				EDDFD3BD2BD407680027141C /* Frameworks */,
				EDDFD3BE2BD407680027141C /* Resources */,
			);
			buildRules = (
			);
			dependencies = (
				EDDFD3C22BD407680027141C /* PBXTargetDependency */,
			);
			name = FinancialControlAppUITests;
			productName = FinancialControlAppUITests;
			productReference = EDDFD3C02BD407680027141C /* FinancialControlAppUITests.xctest */;
			productType = "com.apple.product-type.bundle.ui-testing";
		};
/* End PBXNativeTarget section */

/* Begin PBXProject section */
		EDDFD3982BD407660027141C /* Project object */ = {
			isa = PBXProject;
			attributes = {
				BuildIndependentTargetsInParallel = 1;
				LastSwiftUpdateCheck = 1500;
				LastUpgradeCheck = 1500;
				TargetAttributes = {
					EDDFD39F2BD407660027141C = {
						CreatedOnToolsVersion = 15.0.1;
					};
					EDDFD3B52BD407680027141C = {
						CreatedOnToolsVersion = 15.0.1;
						TestTargetID = EDDFD39F2BD407660027141C;
					};
					EDDFD3BF2BD407680027141C = {
						CreatedOnToolsVersion = 15.0.1;
						TestTargetID = EDDFD39F2BD407660027141C;
					};
				};
			};
			buildConfigurationList = EDDFD39B2BD407660027141C /* Build configuration list for PBXProject "FinancialControlApp" */;
			compatibilityVersion = "Xcode 14.0";
			developmentRegion = en;
			hasScannedForEncodings = 0;
			knownRegions = (
				en,
				Base,
			);
			mainGroup = EDDFD3972BD407660027141C;
			productRefGroup = EDDFD3A12BD407660027141C /* Products */;
			projectDirPath = "";
			projectRoot = "";
			targets = (
				EDDFD39F2BD407660027141C /* FinancialControlApp */,
				EDDFD3B52BD407680027141C /* FinancialControlAppTests */,
				EDDFD3BF2BD407680027141C /* FinancialControlAppUITests */,
			);
		};
/* End PBXProject section */

/* Begin PBXResourcesBuildPhase section */
		EDDFD39E2BD407660027141C /* Resources */ = {
			isa = PBXResourcesBuildPhase;
			buildActionMask = 2147483647;
			files = (
				EDDFD3DF2BD4094D0027141C /* Assets.xcassets in Resources */,
			);
			runOnlyForDeploymentPostprocessing = 0;
		};
		EDDFD3B42BD407680027141C /* Resources */ = {
			isa = PBXResourcesBuildPhase;
			buildActionMask = 2147483647;
			files = (
			);
			runOnlyForDeploymentPostprocessing = 0;
		};
		EDDFD3BE2BD407680027141C /* Resources */ = {
			isa = PBXResourcesBuildPhase;
			buildActionMask = 2147483647;
			files = (
			);
			runOnlyForDeploymentPostprocessing = 0;
		};
/* End PBXResourcesBuildPhase section */

/* Begin PBXShellScriptBuildPhase section */
		197EF3B791BD535BACA160D8 /* [CP] Check Pods Manifest.lock */ = {
			isa = PBXShellScriptBuildPhase;
			buildActionMask = 2147483647;
			files = (
			);
			inputFileListPaths = (
			);
			inputPaths = (
				"${PODS_PODFILE_DIR_PATH}/Podfile.lock",
				"${PODS_ROOT}/Manifest.lock",
			);
			name = "[CP] Check Pods Manifest.lock";
			outputFileListPaths = (
			);
			outputPaths = (
				"$(DERIVED_FILE_DIR)/Pods-FinancialControlAppTests-checkManifestLockResult.txt",
			);
			runOnlyForDeploymentPostprocessing = 0;
			shellPath = /bin/sh;
			shellScript = "diff \"${PODS_PODFILE_DIR_PATH}/Podfile.lock\" \"${PODS_ROOT}/Manifest.lock\" > /dev/null\nif [ $? != 0 ] ; then\n    # print error to STDERR\n    echo \"error: The sandbox is not in sync with the Podfile.lock. Run 'pod install' or update your CocoaPods installation.\" >&2\n    exit 1\nfi\n# This output is used by Xcode 'outputs' to avoid re-running this script phase.\necho \"SUCCESS\" > \"${SCRIPT_OUTPUT_FILE_0}\"\n";
			showEnvVarsInLog = 0;
		};
		1FD389243B8A57170224D573 /* [CP] Check Pods Manifest.lock */ = {
			isa = PBXShellScriptBuildPhase;
			buildActionMask = 2147483647;
			files = (
			);
			inputFileListPaths = (
			);
			inputPaths = (
				"${PODS_PODFILE_DIR_PATH}/Podfile.lock",
				"${PODS_ROOT}/Manifest.lock",
			);
			name = "[CP] Check Pods Manifest.lock";
			outputFileListPaths = (
			);
			outputPaths = (
				"$(DERIVED_FILE_DIR)/Pods-FinancialControlApp-checkManifestLockResult.txt",
			);
			runOnlyForDeploymentPostprocessing = 0;
			shellPath = /bin/sh;
			shellScript = "diff \"${PODS_PODFILE_DIR_PATH}/Podfile.lock\" \"${PODS_ROOT}/Manifest.lock\" > /dev/null\nif [ $? != 0 ] ; then\n    # print error to STDERR\n    echo \"error: The sandbox is not in sync with the Podfile.lock. Run 'pod install' or update your CocoaPods installation.\" >&2\n    exit 1\nfi\n# This output is used by Xcode 'outputs' to avoid re-running this script phase.\necho \"SUCCESS\" > \"${SCRIPT_OUTPUT_FILE_0}\"\n";
			showEnvVarsInLog = 0;
		};
		F10CFB2B5DCCE270F119A89C /* [CP] Check Pods Manifest.lock */ = {
			isa = PBXShellScriptBuildPhase;
			buildActionMask = 2147483647;
			files = (
			);
			inputFileListPaths = (
			);
			inputPaths = (
				"${PODS_PODFILE_DIR_PATH}/Podfile.lock",
				"${PODS_ROOT}/Manifest.lock",
			);
			name = "[CP] Check Pods Manifest.lock";
			outputFileListPaths = (
			);
			outputPaths = (
				"$(DERIVED_FILE_DIR)/Pods-FinancialControlApp-FinancialControlAppUITests-checkManifestLockResult.txt",
			);
			runOnlyForDeploymentPostprocessing = 0;
			shellPath = /bin/sh;
			shellScript = "diff \"${PODS_PODFILE_DIR_PATH}/Podfile.lock\" \"${PODS_ROOT}/Manifest.lock\" > /dev/null\nif [ $? != 0 ] ; then\n    # print error to STDERR\n    echo \"error: The sandbox is not in sync with the Podfile.lock. Run 'pod install' or update your CocoaPods installation.\" >&2\n    exit 1\nfi\n# This output is used by Xcode 'outputs' to avoid re-running this script phase.\necho \"SUCCESS\" > \"${SCRIPT_OUTPUT_FILE_0}\"\n";
			showEnvVarsInLog = 0;
		};
/* End PBXShellScriptBuildPhase section */

/* Begin PBXSourcesBuildPhase section */
		EDDFD39C2BD407660027141C /* Sources */ = {
			isa = PBXSourcesBuildPhase;
			buildActionMask = 2147483647;
			files = (
				EDDFD3DD2BD4094D0027141C /* AppDelegate.swift in Sources */,
				EDDFD3DC2BD4094D0027141C /* TabBarFactory.swift in Sources */,
				EDDFD3DE2BD4094D0027141C /* SceneDelegate.swift in Sources */,
			);
			runOnlyForDeploymentPostprocessing = 0;
		};
		EDDFD3B22BD407680027141C /* Sources */ = {
			isa = PBXSourcesBuildPhase;
			buildActionMask = 2147483647;
			files = (
			);
			runOnlyForDeploymentPostprocessing = 0;
		};
		EDDFD3BC2BD407680027141C /* Sources */ = {
			isa = PBXSourcesBuildPhase;
			buildActionMask = 2147483647;
			files = (
				EDDFD3C72BD407680027141C /* FinancialControlAppUITestsLaunchTests.swift in Sources */,
				EDDFD3C52BD407680027141C /* FinancialControlAppUITests.swift in Sources */,
			);
			runOnlyForDeploymentPostprocessing = 0;
		};
/* End PBXSourcesBuildPhase section */

/* Begin PBXTargetDependency section */
		EDDFD3B82BD407680027141C /* PBXTargetDependency */ = {
			isa = PBXTargetDependency;
			target = EDDFD39F2BD407660027141C /* FinancialControlApp */;
			targetProxy = EDDFD3B72BD407680027141C /* PBXContainerItemProxy */;
		};
		EDDFD3C22BD407680027141C /* PBXTargetDependency */ = {
			isa = PBXTargetDependency;
			target = EDDFD39F2BD407660027141C /* FinancialControlApp */;
			targetProxy = EDDFD3C12BD407680027141C /* PBXContainerItemProxy */;
		};
/* End PBXTargetDependency section */

/* Begin XCBuildConfiguration section */
		EDDFD3C82BD407680027141C /* Debug */ = {
			isa = XCBuildConfiguration;
			buildSettings = {
				ALWAYS_SEARCH_USER_PATHS = NO;
				ASSETCATALOG_COMPILER_GENERATE_SWIFT_ASSET_SYMBOL_EXTENSIONS = YES;
				CLANG_ANALYZER_NONNULL = YES;
				CLANG_ANALYZER_NUMBER_OBJECT_CONVERSION = YES_AGGRESSIVE;
				CLANG_CXX_LANGUAGE_STANDARD = "gnu++20";
				CLANG_ENABLE_MODULES = YES;
				CLANG_ENABLE_OBJC_ARC = YES;
				CLANG_ENABLE_OBJC_WEAK = YES;
				CLANG_WARN_BLOCK_CAPTURE_AUTORELEASING = YES;
				CLANG_WARN_BOOL_CONVERSION = YES;
				CLANG_WARN_COMMA = YES;
				CLANG_WARN_CONSTANT_CONVERSION = YES;
				CLANG_WARN_DEPRECATED_OBJC_IMPLEMENTATIONS = YES;
				CLANG_WARN_DIRECT_OBJC_ISA_USAGE = YES_ERROR;
				CLANG_WARN_DOCUMENTATION_COMMENTS = YES;
				CLANG_WARN_EMPTY_BODY = YES;
				CLANG_WARN_ENUM_CONVERSION = YES;
				CLANG_WARN_INFINITE_RECURSION = YES;
				CLANG_WARN_INT_CONVERSION = YES;
				CLANG_WARN_NON_LITERAL_NULL_CONVERSION = YES;
				CLANG_WARN_OBJC_IMPLICIT_RETAIN_SELF = YES;
				CLANG_WARN_OBJC_LITERAL_CONVERSION = YES;
				CLANG_WARN_OBJC_ROOT_CLASS = YES_ERROR;
				CLANG_WARN_QUOTED_INCLUDE_IN_FRAMEWORK_HEADER = YES;
				CLANG_WARN_RANGE_LOOP_ANALYSIS = YES;
				CLANG_WARN_STRICT_PROTOTYPES = YES;
				CLANG_WARN_SUSPICIOUS_MOVE = YES;
				CLANG_WARN_UNGUARDED_AVAILABILITY = YES_AGGRESSIVE;
				CLANG_WARN_UNREACHABLE_CODE = YES;
				CLANG_WARN__DUPLICATE_METHOD_MATCH = YES;
				COPY_PHASE_STRIP = NO;
				DEBUG_INFORMATION_FORMAT = dwarf;
				ENABLE_STRICT_OBJC_MSGSEND = YES;
				ENABLE_TESTABILITY = YES;
				ENABLE_USER_SCRIPT_SANDBOXING = YES;
				GCC_C_LANGUAGE_STANDARD = gnu17;
				GCC_DYNAMIC_NO_PIC = NO;
				GCC_NO_COMMON_BLOCKS = YES;
				GCC_OPTIMIZATION_LEVEL = 0;
				GCC_PREPROCESSOR_DEFINITIONS = (
					"DEBUG=1",
					"$(inherited)",
				);
				GCC_WARN_64_TO_32_BIT_CONVERSION = YES;
				GCC_WARN_ABOUT_RETURN_TYPE = YES_ERROR;
				GCC_WARN_UNDECLARED_SELECTOR = YES;
				GCC_WARN_UNINITIALIZED_AUTOS = YES_AGGRESSIVE;
				GCC_WARN_UNUSED_FUNCTION = YES;
				GCC_WARN_UNUSED_VARIABLE = YES;
				IPHONEOS_DEPLOYMENT_TARGET = 17.0;
				LOCALIZATION_PREFERS_STRING_CATALOGS = YES;
				MTL_ENABLE_DEBUG_INFO = INCLUDE_SOURCE;
				MTL_FAST_MATH = YES;
				ONLY_ACTIVE_ARCH = YES;
				SDKROOT = iphoneos;
				SWIFT_ACTIVE_COMPILATION_CONDITIONS = "DEBUG $(inherited)";
				SWIFT_OPTIMIZATION_LEVEL = "-Onone";
			};
			name = Debug;
		};
		EDDFD3C92BD407680027141C /* Release */ = {
			isa = XCBuildConfiguration;
			buildSettings = {
				ALWAYS_SEARCH_USER_PATHS = NO;
				ASSETCATALOG_COMPILER_GENERATE_SWIFT_ASSET_SYMBOL_EXTENSIONS = YES;
				CLANG_ANALYZER_NONNULL = YES;
				CLANG_ANALYZER_NUMBER_OBJECT_CONVERSION = YES_AGGRESSIVE;
				CLANG_CXX_LANGUAGE_STANDARD = "gnu++20";
				CLANG_ENABLE_MODULES = YES;
				CLANG_ENABLE_OBJC_ARC = YES;
				CLANG_ENABLE_OBJC_WEAK = YES;
				CLANG_WARN_BLOCK_CAPTURE_AUTORELEASING = YES;
				CLANG_WARN_BOOL_CONVERSION = YES;
				CLANG_WARN_COMMA = YES;
				CLANG_WARN_CONSTANT_CONVERSION = YES;
				CLANG_WARN_DEPRECATED_OBJC_IMPLEMENTATIONS = YES;
				CLANG_WARN_DIRECT_OBJC_ISA_USAGE = YES_ERROR;
				CLANG_WARN_DOCUMENTATION_COMMENTS = YES;
				CLANG_WARN_EMPTY_BODY = YES;
				CLANG_WARN_ENUM_CONVERSION = YES;
				CLANG_WARN_INFINITE_RECURSION = YES;
				CLANG_WARN_INT_CONVERSION = YES;
				CLANG_WARN_NON_LITERAL_NULL_CONVERSION = YES;
				CLANG_WARN_OBJC_IMPLICIT_RETAIN_SELF = YES;
				CLANG_WARN_OBJC_LITERAL_CONVERSION = YES;
				CLANG_WARN_OBJC_ROOT_CLASS = YES_ERROR;
				CLANG_WARN_QUOTED_INCLUDE_IN_FRAMEWORK_HEADER = YES;
				CLANG_WARN_RANGE_LOOP_ANALYSIS = YES;
				CLANG_WARN_STRICT_PROTOTYPES = YES;
				CLANG_WARN_SUSPICIOUS_MOVE = YES;
				CLANG_WARN_UNGUARDED_AVAILABILITY = YES_AGGRESSIVE;
				CLANG_WARN_UNREACHABLE_CODE = YES;
				CLANG_WARN__DUPLICATE_METHOD_MATCH = YES;
				COPY_PHASE_STRIP = NO;
				DEBUG_INFORMATION_FORMAT = "dwarf-with-dsym";
				ENABLE_NS_ASSERTIONS = NO;
				ENABLE_STRICT_OBJC_MSGSEND = YES;
				ENABLE_USER_SCRIPT_SANDBOXING = YES;
				GCC_C_LANGUAGE_STANDARD = gnu17;
				GCC_NO_COMMON_BLOCKS = YES;
				GCC_WARN_64_TO_32_BIT_CONVERSION = YES;
				GCC_WARN_ABOUT_RETURN_TYPE = YES_ERROR;
				GCC_WARN_UNDECLARED_SELECTOR = YES;
				GCC_WARN_UNINITIALIZED_AUTOS = YES_AGGRESSIVE;
				GCC_WARN_UNUSED_FUNCTION = YES;
				GCC_WARN_UNUSED_VARIABLE = YES;
				IPHONEOS_DEPLOYMENT_TARGET = 17.0;
				LOCALIZATION_PREFERS_STRING_CATALOGS = YES;
				MTL_ENABLE_DEBUG_INFO = NO;
				MTL_FAST_MATH = YES;
				SDKROOT = iphoneos;
				SWIFT_COMPILATION_MODE = wholemodule;
				VALIDATE_PRODUCT = YES;
			};
			name = Release;
		};
		EDDFD3CB2BD407680027141C /* Debug */ = {
			isa = XCBuildConfiguration;
			baseConfigurationReference = 83AF685037789B65FB48658C /* Pods-FinancialControlApp.debug.xcconfig */;
			buildSettings = {
				ASSETCATALOG_COMPILER_APPICON_NAME = AppIcon;
				ASSETCATALOG_COMPILER_GLOBAL_ACCENT_COLOR_NAME = AccentColor;
				CODE_SIGN_STYLE = Automatic;
				CURRENT_PROJECT_VERSION = 1;
				DEVELOPMENT_TEAM = 9Y7M54NCKD;
				GENERATE_INFOPLIST_FILE = YES;
				INFOPLIST_FILE = FinancialControlApp/Info.plist;
				INFOPLIST_KEY_UIApplicationSupportsIndirectInputEvents = YES;
				INFOPLIST_KEY_UILaunchStoryboardName = LaunchScreen;
				INFOPLIST_KEY_UISupportedInterfaceOrientations_iPad = "UIInterfaceOrientationPortrait UIInterfaceOrientationPortraitUpsideDown UIInterfaceOrientationLandscapeLeft UIInterfaceOrientationLandscapeRight";
				INFOPLIST_KEY_UISupportedInterfaceOrientations_iPhone = "UIInterfaceOrientationPortrait UIInterfaceOrientationLandscapeLeft UIInterfaceOrientationLandscapeRight";
				LD_RUNPATH_SEARCH_PATHS = (
					"$(inherited)",
					"@executable_path/Frameworks",
				);
				MARKETING_VERSION = 1.0;
				PRODUCT_BUNDLE_IDENTIFIER = com.tiagolinharess.FinancialControlApp;
				PRODUCT_NAME = "$(TARGET_NAME)";
				SWIFT_EMIT_LOC_STRINGS = YES;
				SWIFT_VERSION = 5.0;
				TARGETED_DEVICE_FAMILY = "1,2";
			};
			name = Debug;
		};
		EDDFD3CC2BD407680027141C /* Release */ = {
			isa = XCBuildConfiguration;
			baseConfigurationReference = 90D856269262D215E8FF720D /* Pods-FinancialControlApp.release.xcconfig */;
			buildSettings = {
				ASSETCATALOG_COMPILER_APPICON_NAME = AppIcon;
				ASSETCATALOG_COMPILER_GLOBAL_ACCENT_COLOR_NAME = AccentColor;
				CODE_SIGN_STYLE = Automatic;
				CURRENT_PROJECT_VERSION = 1;
				DEVELOPMENT_TEAM = 9Y7M54NCKD;
				GENERATE_INFOPLIST_FILE = YES;
				INFOPLIST_FILE = FinancialControlApp/Info.plist;
				INFOPLIST_KEY_UIApplicationSupportsIndirectInputEvents = YES;
				INFOPLIST_KEY_UILaunchStoryboardName = LaunchScreen;
				INFOPLIST_KEY_UISupportedInterfaceOrientations_iPad = "UIInterfaceOrientationPortrait UIInterfaceOrientationPortraitUpsideDown UIInterfaceOrientationLandscapeLeft UIInterfaceOrientationLandscapeRight";
				INFOPLIST_KEY_UISupportedInterfaceOrientations_iPhone = "UIInterfaceOrientationPortrait UIInterfaceOrientationLandscapeLeft UIInterfaceOrientationLandscapeRight";
				LD_RUNPATH_SEARCH_PATHS = (
					"$(inherited)",
					"@executable_path/Frameworks",
				);
				MARKETING_VERSION = 1.0;
				PRODUCT_BUNDLE_IDENTIFIER = com.tiagolinharess.FinancialControlApp;
				PRODUCT_NAME = "$(TARGET_NAME)";
				SWIFT_EMIT_LOC_STRINGS = YES;
				SWIFT_VERSION = 5.0;
				TARGETED_DEVICE_FAMILY = "1,2";
			};
			name = Release;
		};
		EDDFD3CE2BD407680027141C /* Debug */ = {
			isa = XCBuildConfiguration;
			baseConfigurationReference = 12C1F74EC549D588658DEE3F /* Pods-FinancialControlAppTests.debug.xcconfig */;
			buildSettings = {
				ALWAYS_EMBED_SWIFT_STANDARD_LIBRARIES = YES;
				BUNDLE_LOADER = "$(TEST_HOST)";
				CODE_SIGN_STYLE = Automatic;
				CURRENT_PROJECT_VERSION = 1;
				DEVELOPMENT_TEAM = 9Y7M54NCKD;
				GENERATE_INFOPLIST_FILE = YES;
				IPHONEOS_DEPLOYMENT_TARGET = 17.0;
				MARKETING_VERSION = 1.0;
				PRODUCT_BUNDLE_IDENTIFIER = com.tiagolinharess.FinancialControlAppTests;
				PRODUCT_NAME = "$(TARGET_NAME)";
				SWIFT_EMIT_LOC_STRINGS = NO;
				SWIFT_VERSION = 5.0;
				TARGETED_DEVICE_FAMILY = "1,2";
				TEST_HOST = "$(BUILT_PRODUCTS_DIR)/FinancialControlApp.app/$(BUNDLE_EXECUTABLE_FOLDER_PATH)/FinancialControlApp";
			};
			name = Debug;
		};
		EDDFD3CF2BD407680027141C /* Release */ = {
			isa = XCBuildConfiguration;
			baseConfigurationReference = 8BA6488D3151236BCA9E7252 /* Pods-FinancialControlAppTests.release.xcconfig */;
			buildSettings = {
				ALWAYS_EMBED_SWIFT_STANDARD_LIBRARIES = YES;
				BUNDLE_LOADER = "$(TEST_HOST)";
				CODE_SIGN_STYLE = Automatic;
				CURRENT_PROJECT_VERSION = 1;
				DEVELOPMENT_TEAM = 9Y7M54NCKD;
				GENERATE_INFOPLIST_FILE = YES;
				IPHONEOS_DEPLOYMENT_TARGET = 17.0;
				MARKETING_VERSION = 1.0;
				PRODUCT_BUNDLE_IDENTIFIER = com.tiagolinharess.FinancialControlAppTests;
				PRODUCT_NAME = "$(TARGET_NAME)";
				SWIFT_EMIT_LOC_STRINGS = NO;
				SWIFT_VERSION = 5.0;
				TARGETED_DEVICE_FAMILY = "1,2";
				TEST_HOST = "$(BUILT_PRODUCTS_DIR)/FinancialControlApp.app/$(BUNDLE_EXECUTABLE_FOLDER_PATH)/FinancialControlApp";
			};
			name = Release;
		};
		EDDFD3D12BD407680027141C /* Debug */ = {
			isa = XCBuildConfiguration;
			baseConfigurationReference = 0D1CA34F7146AF61BB657C31 /* Pods-FinancialControlApp-FinancialControlAppUITests.debug.xcconfig */;
			buildSettings = {
				ALWAYS_EMBED_SWIFT_STANDARD_LIBRARIES = YES;
				CODE_SIGN_STYLE = Automatic;
				CURRENT_PROJECT_VERSION = 1;
				DEVELOPMENT_TEAM = 9Y7M54NCKD;
				GENERATE_INFOPLIST_FILE = YES;
				MARKETING_VERSION = 1.0;
				PRODUCT_BUNDLE_IDENTIFIER = com.tiagolinharess.FinancialControlAppUITests;
				PRODUCT_NAME = "$(TARGET_NAME)";
				SWIFT_EMIT_LOC_STRINGS = NO;
				SWIFT_VERSION = 5.0;
				TARGETED_DEVICE_FAMILY = "1,2";
				TEST_TARGET_NAME = FinancialControlApp;
			};
			name = Debug;
		};
		EDDFD3D22BD407680027141C /* Release */ = {
			isa = XCBuildConfiguration;
			baseConfigurationReference = 78B47BB02FB212032768179F /* Pods-FinancialControlApp-FinancialControlAppUITests.release.xcconfig */;
			buildSettings = {
				ALWAYS_EMBED_SWIFT_STANDARD_LIBRARIES = YES;
				CODE_SIGN_STYLE = Automatic;
				CURRENT_PROJECT_VERSION = 1;
				DEVELOPMENT_TEAM = 9Y7M54NCKD;
				GENERATE_INFOPLIST_FILE = YES;
				MARKETING_VERSION = 1.0;
				PRODUCT_BUNDLE_IDENTIFIER = com.tiagolinharess.FinancialControlAppUITests;
				PRODUCT_NAME = "$(TARGET_NAME)";
				SWIFT_EMIT_LOC_STRINGS = NO;
				SWIFT_VERSION = 5.0;
				TARGETED_DEVICE_FAMILY = "1,2";
				TEST_TARGET_NAME = FinancialControlApp;
			};
			name = Release;
		};
/* End XCBuildConfiguration section */

/* Begin XCConfigurationList section */
		EDDFD39B2BD407660027141C /* Build configuration list for PBXProject "FinancialControlApp" */ = {
			isa = XCConfigurationList;
			buildConfigurations = (
				EDDFD3C82BD407680027141C /* Debug */,
				EDDFD3C92BD407680027141C /* Release */,
			);
			defaultConfigurationIsVisible = 0;
			defaultConfigurationName = Release;
		};
		EDDFD3CA2BD407680027141C /* Build configuration list for PBXNativeTarget "FinancialControlApp" */ = {
			isa = XCConfigurationList;
			buildConfigurations = (
				EDDFD3CB2BD407680027141C /* Debug */,
				EDDFD3CC2BD407680027141C /* Release */,
			);
			defaultConfigurationIsVisible = 0;
			defaultConfigurationName = Release;
		};
		EDDFD3CD2BD407680027141C /* Build configuration list for PBXNativeTarget "FinancialControlAppTests" */ = {
			isa = XCConfigurationList;
			buildConfigurations = (
				EDDFD3CE2BD407680027141C /* Debug */,
				EDDFD3CF2BD407680027141C /* Release */,
			);
			defaultConfigurationIsVisible = 0;
			defaultConfigurationName = Release;
		};
		EDDFD3D02BD407680027141C /* Build configuration list for PBXNativeTarget "FinancialControlAppUITests" */ = {
			isa = XCConfigurationList;
			buildConfigurations = (
				EDDFD3D12BD407680027141C /* Debug */,
				EDDFD3D22BD407680027141C /* Release */,
			);
			defaultConfigurationIsVisible = 0;
			defaultConfigurationName = Release;
		};
/* End XCConfigurationList section */
	};
	rootObject = EDDFD3982BD407660027141C /* Project object */;
}
