// !$*UTF8*$!
{
	archiveVersion = 1;
	classes = {
	};
	objectVersion = 56;
	objects = {

/* Begin PBXBuildFile section */
		5224C0FFDC0D06BC285310FE /* Pods_MonthlyBillsTests.framework in Frameworks */ = {isa = PBXBuildFile; fileRef = 34A5E59726E718042C9396F2 /* Pods_MonthlyBillsTests.framework */; };
		A0FC0F1CA856B55505C61240 /* Pods_MonthlyBills.framework in Frameworks */ = {isa = PBXBuildFile; fileRef = C55F144A912F0EDFC76C81F4 /* Pods_MonthlyBills.framework */; };
		ED13B7722AFEBB65003161D7 /* MonthlyBills.docc in Sources */ = {isa = PBXBuildFile; fileRef = ED13B7712AFEBB65003161D7 /* MonthlyBills.docc */; };
		ED13B7732AFEBB65003161D7 /* MonthlyBills.h in Headers */ = {isa = PBXBuildFile; fileRef = ED13B7702AFEBB65003161D7 /* MonthlyBills.h */; settings = {ATTRIBUTES = (Public, ); }; };
		ED13B7822AFEC159003161D7 /* HomeViewController.swift in Sources */ = {isa = PBXBuildFile; fileRef = ED13B7812AFEC159003161D7 /* HomeViewController.swift */; };
		ED2C68092B19492800B831C6 /* BillsWorker.swift in Sources */ = {isa = PBXBuildFile; fileRef = ED2C68082B19492800B831C6 /* BillsWorker.swift */; };
		ED2C681A2B19566B00B831C6 /* Provider.framework in Frameworks */ = {isa = PBXBuildFile; fileRef = ED2C68192B19566B00B831C6 /* Provider.framework */; };
		ED2C681B2B19566B00B831C6 /* Provider.framework in Embed Frameworks */ = {isa = PBXBuildFile; fileRef = ED2C68192B19566B00B831C6 /* Provider.framework */; settings = {ATTRIBUTES = (CodeSignOnCopy, RemoveHeadersOnCopy, ); }; };
		ED2C68742B1A4A0200B831C6 /* CalendarDetailFactory.swift in Sources */ = {isa = PBXBuildFile; fileRef = ED2C686E2B1A4A0200B831C6 /* CalendarDetailFactory.swift */; };
		ED2C68752B1A4A0200B831C6 /* CalendarDetailPresenter.swift in Sources */ = {isa = PBXBuildFile; fileRef = ED2C686F2B1A4A0200B831C6 /* CalendarDetailPresenter.swift */; };
		ED2C68762B1A4A0200B831C6 /* CalendarDetailRouter.swift in Sources */ = {isa = PBXBuildFile; fileRef = ED2C68702B1A4A0200B831C6 /* CalendarDetailRouter.swift */; };
		ED2C68772B1A4A0200B831C6 /* CalendarDetailViewController.swift in Sources */ = {isa = PBXBuildFile; fileRef = ED2C68712B1A4A0200B831C6 /* CalendarDetailViewController.swift */; };
		ED2C68782B1A4A0200B831C6 /* CalendarDetailInteractor.swift in Sources */ = {isa = PBXBuildFile; fileRef = ED2C68722B1A4A0200B831C6 /* CalendarDetailInteractor.swift */; };
		ED2C68792B1A4A0200B831C6 /* CalendarDetailView.swift in Sources */ = {isa = PBXBuildFile; fileRef = ED2C68732B1A4A0200B831C6 /* CalendarDetailView.swift */; };
		ED8D232C2B141E20009E8326 /* HomeView.swift in Sources */ = {isa = PBXBuildFile; fileRef = ED8D232B2B141E20009E8326 /* HomeView.swift */; };
		ED8D232E2B141EE6009E8326 /* HomeInteractor.swift in Sources */ = {isa = PBXBuildFile; fileRef = ED8D232D2B141EE6009E8326 /* HomeInteractor.swift */; };
		ED8D23302B141F70009E8326 /* HomePresenter.swift in Sources */ = {isa = PBXBuildFile; fileRef = ED8D232F2B141F70009E8326 /* HomePresenter.swift */; };
		ED8D23322B141FC2009E8326 /* HomeRouter.swift in Sources */ = {isa = PBXBuildFile; fileRef = ED8D23312B141FC2009E8326 /* HomeRouter.swift */; };
		ED8D23342B142079009E8326 /* HomeFactory.swift in Sources */ = {isa = PBXBuildFile; fileRef = ED8D23332B142079009E8326 /* HomeFactory.swift */; };
		ED8D23372B1421C2009E8326 /* MBFacade.swift in Sources */ = {isa = PBXBuildFile; fileRef = ED8D23362B1421C2009E8326 /* MBFacade.swift */; };
		ED8D233E2B1428F4009E8326 /* MonthlyBillsViewModel.swift in Sources */ = {isa = PBXBuildFile; fileRef = ED8D233D2B1428F4009E8326 /* MonthlyBillsViewModel.swift */; };
		ED8D23422B143031009E8326 /* AnnualCalendarViewModel.swift in Sources */ = {isa = PBXBuildFile; fileRef = ED8D23412B143031009E8326 /* AnnualCalendarViewModel.swift */; };
		ED8D23442B14BFC1009E8326 /* IncomeViewModel.swift in Sources */ = {isa = PBXBuildFile; fileRef = ED8D23432B14BFC1009E8326 /* IncomeViewModel.swift */; };
		ED8D23462B14BFEC009E8326 /* InvestmentViewModel.swift in Sources */ = {isa = PBXBuildFile; fileRef = ED8D23452B14BFEC009E8326 /* InvestmentViewModel.swift */; };
		ED8D23482B14C034009E8326 /* ExpenseViewModel.swift in Sources */ = {isa = PBXBuildFile; fileRef = ED8D23472B14C034009E8326 /* ExpenseViewModel.swift */; };
		ED8D234A2B14CCDF009E8326 /* Core.framework in Frameworks */ = {isa = PBXBuildFile; fileRef = ED8D23492B14CCDF009E8326 /* Core.framework */; };
		ED8D23502B14CF5E009E8326 /* EmptyView.swift in Sources */ = {isa = PBXBuildFile; fileRef = ED8D234F2B14CF5E009E8326 /* EmptyView.swift */; };
		ED8D23532B14D360009E8326 /* ErrorView.swift in Sources */ = {isa = PBXBuildFile; fileRef = ED8D23522B14D360009E8326 /* ErrorView.swift */; };
		ED8D23562B156119009E8326 /* AddAnnualCalendarView.swift in Sources */ = {isa = PBXBuildFile; fileRef = ED8D23552B156119009E8326 /* AddAnnualCalendarView.swift */; };
		ED8D23582B1561A7009E8326 /* AddAnnualCalendarViewController.swift in Sources */ = {isa = PBXBuildFile; fileRef = ED8D23572B1561A7009E8326 /* AddAnnualCalendarViewController.swift */; };
		ED8D235A2B15625E009E8326 /* AddAnnualCalendarInteractor.swift in Sources */ = {isa = PBXBuildFile; fileRef = ED8D23592B15625E009E8326 /* AddAnnualCalendarInteractor.swift */; };
		ED8D235C2B1562C9009E8326 /* AddAnnualCalendarPresenter.swift in Sources */ = {isa = PBXBuildFile; fileRef = ED8D235B2B1562C9009E8326 /* AddAnnualCalendarPresenter.swift */; };
		ED8D235E2B1564CD009E8326 /* AddAnnualCalendarRouter.swift in Sources */ = {isa = PBXBuildFile; fileRef = ED8D235D2B1564CD009E8326 /* AddAnnualCalendarRouter.swift */; };
		ED8D23602B15654C009E8326 /* AddAnnualCalendarFactory.swift in Sources */ = {isa = PBXBuildFile; fileRef = ED8D235F2B15654C009E8326 /* AddAnnualCalendarFactory.swift */; };
		ED8D23702B19098C009E8326 /* Constants.swift in Sources */ = {isa = PBXBuildFile; fileRef = ED8D236F2B19098C009E8326 /* Constants.swift */; };
		EDDAD69E2B1F6D4500C0BCB6 /* BillDetailFactory.swift in Sources */ = {isa = PBXBuildFile; fileRef = EDDAD6982B1F6D4500C0BCB6 /* BillDetailFactory.swift */; };
		EDDAD69F2B1F6D4500C0BCB6 /* BillDetailPresenter.swift in Sources */ = {isa = PBXBuildFile; fileRef = EDDAD6992B1F6D4500C0BCB6 /* BillDetailPresenter.swift */; };
		EDDAD6A02B1F6D4500C0BCB6 /* BillDetailRouter.swift in Sources */ = {isa = PBXBuildFile; fileRef = EDDAD69A2B1F6D4500C0BCB6 /* BillDetailRouter.swift */; };
		EDDAD6A12B1F6D4500C0BCB6 /* BillDetailViewController.swift in Sources */ = {isa = PBXBuildFile; fileRef = EDDAD69B2B1F6D4500C0BCB6 /* BillDetailViewController.swift */; };
		EDDAD6A22B1F6D4500C0BCB6 /* BillDetailInteractor.swift in Sources */ = {isa = PBXBuildFile; fileRef = EDDAD69C2B1F6D4500C0BCB6 /* BillDetailInteractor.swift */; };
		EDDAD6A32B1F6D4500C0BCB6 /* BillDetailView.swift in Sources */ = {isa = PBXBuildFile; fileRef = EDDAD69D2B1F6D4500C0BCB6 /* BillDetailView.swift */; };
		EDDAD6A62B1F867E00C0BCB6 /* ExtractView.swift in Sources */ = {isa = PBXBuildFile; fileRef = EDDAD6A52B1F867E00C0BCB6 /* ExtractView.swift */; };
		EDDAD6A92B28CA8700C0BCB6 /* ExtractViewModel.swift in Sources */ = {isa = PBXBuildFile; fileRef = EDDAD6A82B28CA8700C0BCB6 /* ExtractViewModel.swift */; };
		EDDAD6AB2B28CAEA00C0BCB6 /* RowViewModel.swift in Sources */ = {isa = PBXBuildFile; fileRef = EDDAD6AA2B28CAEA00C0BCB6 /* RowViewModel.swift */; };
		EDDAD6C02B28D57F00C0BCB6 /* IncomeFormFactory.swift in Sources */ = {isa = PBXBuildFile; fileRef = EDDAD6BA2B28D57F00C0BCB6 /* IncomeFormFactory.swift */; };
		EDDAD6C12B28D57F00C0BCB6 /* IncomeFormPresenter.swift in Sources */ = {isa = PBXBuildFile; fileRef = EDDAD6BB2B28D57F00C0BCB6 /* IncomeFormPresenter.swift */; };
		EDDAD6C22B28D57F00C0BCB6 /* IncomeFormRouter.swift in Sources */ = {isa = PBXBuildFile; fileRef = EDDAD6BC2B28D57F00C0BCB6 /* IncomeFormRouter.swift */; };
		EDDAD6C32B28D57F00C0BCB6 /* IncomeFormViewController.swift in Sources */ = {isa = PBXBuildFile; fileRef = EDDAD6BD2B28D57F00C0BCB6 /* IncomeFormViewController.swift */; };
		EDDAD6C42B28D57F00C0BCB6 /* IncomeFormInteractor.swift in Sources */ = {isa = PBXBuildFile; fileRef = EDDAD6BE2B28D57F00C0BCB6 /* IncomeFormInteractor.swift */; };
		EDDAD6C52B28D57F00C0BCB6 /* IncomeFormView.swift in Sources */ = {isa = PBXBuildFile; fileRef = EDDAD6BF2B28D57F00C0BCB6 /* IncomeFormView.swift */; };
		EDDAD6C82B29EB3F00C0BCB6 /* UICurrencyFieldView.swift in Sources */ = {isa = PBXBuildFile; fileRef = EDDAD6C72B29EB3F00C0BCB6 /* UICurrencyFieldView.swift */; };
		EDDAD6E42B479AF300C0BCB6 /* UINotesView.swift in Sources */ = {isa = PBXBuildFile; fileRef = EDDAD6E32B479AF300C0BCB6 /* UINotesView.swift */; };
		EDDAD6E62B497D0F00C0BCB6 /* BillsNotesKey.swift in Sources */ = {isa = PBXBuildFile; fileRef = EDDAD6E52B497D0F00C0BCB6 /* BillsNotesKey.swift */; };
		EDDAD6EF2B4988AA00C0BCB6 /* InvestmentFormInteractor.swift in Sources */ = {isa = PBXBuildFile; fileRef = EDDAD6E92B4988AA00C0BCB6 /* InvestmentFormInteractor.swift */; };
		EDDAD6F02B4988AA00C0BCB6 /* InvestmentFormFactory.swift in Sources */ = {isa = PBXBuildFile; fileRef = EDDAD6EA2B4988AA00C0BCB6 /* InvestmentFormFactory.swift */; };
		EDDAD6F12B4988AA00C0BCB6 /* InvestmentFormPresenter.swift in Sources */ = {isa = PBXBuildFile; fileRef = EDDAD6EB2B4988AA00C0BCB6 /* InvestmentFormPresenter.swift */; };
		EDDAD6F22B4988AA00C0BCB6 /* InvestmentFormRouter.swift in Sources */ = {isa = PBXBuildFile; fileRef = EDDAD6EC2B4988AA00C0BCB6 /* InvestmentFormRouter.swift */; };
		EDDAD6F32B4988AA00C0BCB6 /* InvestmentFormView.swift in Sources */ = {isa = PBXBuildFile; fileRef = EDDAD6ED2B4988AA00C0BCB6 /* InvestmentFormView.swift */; };
		EDDAD6F42B4988AA00C0BCB6 /* InvestmentFormViewController.swift in Sources */ = {isa = PBXBuildFile; fileRef = EDDAD6EE2B4988AA00C0BCB6 /* InvestmentFormViewController.swift */; };
		EDDAD6FC2B49990600C0BCB6 /* ExpenseFormFactory.swift in Sources */ = {isa = PBXBuildFile; fileRef = EDDAD6F62B49990600C0BCB6 /* ExpenseFormFactory.swift */; };
		EDDAD6FD2B49990600C0BCB6 /* ExpenseFormPresenter.swift in Sources */ = {isa = PBXBuildFile; fileRef = EDDAD6F72B49990600C0BCB6 /* ExpenseFormPresenter.swift */; };
		EDDAD6FE2B49990600C0BCB6 /* ExpenseFormRouter.swift in Sources */ = {isa = PBXBuildFile; fileRef = EDDAD6F82B49990600C0BCB6 /* ExpenseFormRouter.swift */; };
		EDDAD6FF2B49990600C0BCB6 /* ExpenseFormViewController.swift in Sources */ = {isa = PBXBuildFile; fileRef = EDDAD6F92B49990600C0BCB6 /* ExpenseFormViewController.swift */; };
		EDDAD7002B49990600C0BCB6 /* ExpenseFormInteractor.swift in Sources */ = {isa = PBXBuildFile; fileRef = EDDAD6FA2B49990600C0BCB6 /* ExpenseFormInteractor.swift */; };
		EDDAD7012B49990600C0BCB6 /* ExpenseFormView.swift in Sources */ = {isa = PBXBuildFile; fileRef = EDDAD6FB2B49990600C0BCB6 /* ExpenseFormView.swift */; };
		EDDAD70C2B4CC2DB00C0BCB6 /* MonthlyBills.framework in Frameworks */ = {isa = PBXBuildFile; fileRef = ED13B76D2AFEBB65003161D7 /* MonthlyBills.framework */; platformFilter = ios; };
		EDDAD7172B4CC36E00C0BCB6 /* BillsWorkerTests.swift in Sources */ = {isa = PBXBuildFile; fileRef = EDDAD7162B4CC36E00C0BCB6 /* BillsWorkerTests.swift */; };
		EDDAD71B2B4CC5DC00C0BCB6 /* MonthlyBillsRepositoryMock.swift in Sources */ = {isa = PBXBuildFile; fileRef = EDDAD71A2B4CC5DC00C0BCB6 /* MonthlyBillsRepositoryMock.swift */; };
		EDDAD71E2B503D0E00C0BCB6 /* BillsMock.swift in Sources */ = {isa = PBXBuildFile; fileRef = EDDAD71D2B503D0E00C0BCB6 /* BillsMock.swift */; };
		EDF976902B5052F500133036 /* HomeRouterTests.swift in Sources */ = {isa = PBXBuildFile; fileRef = EDF9768F2B5052F500133036 /* HomeRouterTests.swift */; };
		EDF976932B50533C00133036 /* HomeMockController.swift in Sources */ = {isa = PBXBuildFile; fileRef = EDF976922B50533C00133036 /* HomeMockController.swift */; };
		EDF976952B506E8900133036 /* HomePresenterTests.swift in Sources */ = {isa = PBXBuildFile; fileRef = EDF976942B506E8900133036 /* HomePresenterTests.swift */; };
/* End PBXBuildFile section */

/* Begin PBXContainerItemProxy section */
		EDDAD70D2B4CC2DB00C0BCB6 /* PBXContainerItemProxy */ = {
			isa = PBXContainerItemProxy;
			containerPortal = ED13B7642AFEBB65003161D7 /* Project object */;
			proxyType = 1;
			remoteGlobalIDString = ED13B76C2AFEBB65003161D7;
			remoteInfo = MonthlyBills;
		};
/* End PBXContainerItemProxy section */

/* Begin PBXCopyFilesBuildPhase section */
		ED2C681C2B19566B00B831C6 /* Embed Frameworks */ = {
			isa = PBXCopyFilesBuildPhase;
			buildActionMask = 2147483647;
			dstPath = "";
			dstSubfolderSpec = 10;
			files = (
				ED2C681B2B19566B00B831C6 /* Provider.framework in Embed Frameworks */,
			);
			name = "Embed Frameworks";
			runOnlyForDeploymentPostprocessing = 0;
		};
/* End PBXCopyFilesBuildPhase section */

/* Begin PBXFileReference section */
		28E6AC1C580865543B2AD8BA /* Pods-MonthlyBills.release.xcconfig */ = {isa = PBXFileReference; includeInIndex = 1; lastKnownFileType = text.xcconfig; name = "Pods-MonthlyBills.release.xcconfig"; path = "Target Support Files/Pods-MonthlyBills/Pods-MonthlyBills.release.xcconfig"; sourceTree = "<group>"; };
		34A5E59726E718042C9396F2 /* Pods_MonthlyBillsTests.framework */ = {isa = PBXFileReference; explicitFileType = wrapper.framework; includeInIndex = 0; path = Pods_MonthlyBillsTests.framework; sourceTree = BUILT_PRODUCTS_DIR; };
		B976CEC4C99063AD0B8B33D9 /* Pods-MonthlyBills.debug.xcconfig */ = {isa = PBXFileReference; includeInIndex = 1; lastKnownFileType = text.xcconfig; name = "Pods-MonthlyBills.debug.xcconfig"; path = "Target Support Files/Pods-MonthlyBills/Pods-MonthlyBills.debug.xcconfig"; sourceTree = "<group>"; };
		C55F144A912F0EDFC76C81F4 /* Pods_MonthlyBills.framework */ = {isa = PBXFileReference; explicitFileType = wrapper.framework; includeInIndex = 0; path = Pods_MonthlyBills.framework; sourceTree = BUILT_PRODUCTS_DIR; };
		E9A4EA3A1AACF72B64D25685 /* Pods-MonthlyBillsTests.release.xcconfig */ = {isa = PBXFileReference; includeInIndex = 1; lastKnownFileType = text.xcconfig; name = "Pods-MonthlyBillsTests.release.xcconfig"; path = "Target Support Files/Pods-MonthlyBillsTests/Pods-MonthlyBillsTests.release.xcconfig"; sourceTree = "<group>"; };
		EABD483C49CA17BDD6C27C2E /* Pods-MonthlyBillsTests.debug.xcconfig */ = {isa = PBXFileReference; includeInIndex = 1; lastKnownFileType = text.xcconfig; name = "Pods-MonthlyBillsTests.debug.xcconfig"; path = "Target Support Files/Pods-MonthlyBillsTests/Pods-MonthlyBillsTests.debug.xcconfig"; sourceTree = "<group>"; };
		ED13B76D2AFEBB65003161D7 /* MonthlyBills.framework */ = {isa = PBXFileReference; explicitFileType = wrapper.framework; includeInIndex = 0; path = MonthlyBills.framework; sourceTree = BUILT_PRODUCTS_DIR; };
		ED13B7702AFEBB65003161D7 /* MonthlyBills.h */ = {isa = PBXFileReference; lastKnownFileType = sourcecode.c.h; path = MonthlyBills.h; sourceTree = "<group>"; };
		ED13B7712AFEBB65003161D7 /* MonthlyBills.docc */ = {isa = PBXFileReference; lastKnownFileType = folder.documentationcatalog; path = MonthlyBills.docc; sourceTree = "<group>"; };
		ED13B7812AFEC159003161D7 /* HomeViewController.swift */ = {isa = PBXFileReference; lastKnownFileType = sourcecode.swift; path = HomeViewController.swift; sourceTree = "<group>"; };
		ED2C68082B19492800B831C6 /* BillsWorker.swift */ = {isa = PBXFileReference; lastKnownFileType = sourcecode.swift; path = BillsWorker.swift; sourceTree = "<group>"; };
		ED2C68192B19566B00B831C6 /* Provider.framework */ = {isa = PBXFileReference; explicitFileType = wrapper.framework; path = Provider.framework; sourceTree = BUILT_PRODUCTS_DIR; };
		ED2C686E2B1A4A0200B831C6 /* CalendarDetailFactory.swift */ = {isa = PBXFileReference; lastKnownFileType = sourcecode.swift; path = CalendarDetailFactory.swift; sourceTree = "<group>"; };
		ED2C686F2B1A4A0200B831C6 /* CalendarDetailPresenter.swift */ = {isa = PBXFileReference; lastKnownFileType = sourcecode.swift; path = CalendarDetailPresenter.swift; sourceTree = "<group>"; };
		ED2C68702B1A4A0200B831C6 /* CalendarDetailRouter.swift */ = {isa = PBXFileReference; lastKnownFileType = sourcecode.swift; path = CalendarDetailRouter.swift; sourceTree = "<group>"; };
		ED2C68712B1A4A0200B831C6 /* CalendarDetailViewController.swift */ = {isa = PBXFileReference; lastKnownFileType = sourcecode.swift; path = CalendarDetailViewController.swift; sourceTree = "<group>"; };
		ED2C68722B1A4A0200B831C6 /* CalendarDetailInteractor.swift */ = {isa = PBXFileReference; lastKnownFileType = sourcecode.swift; path = CalendarDetailInteractor.swift; sourceTree = "<group>"; };
		ED2C68732B1A4A0200B831C6 /* CalendarDetailView.swift */ = {isa = PBXFileReference; lastKnownFileType = sourcecode.swift; path = CalendarDetailView.swift; sourceTree = "<group>"; };
		ED8D232B2B141E20009E8326 /* HomeView.swift */ = {isa = PBXFileReference; lastKnownFileType = sourcecode.swift; path = HomeView.swift; sourceTree = "<group>"; };
		ED8D232D2B141EE6009E8326 /* HomeInteractor.swift */ = {isa = PBXFileReference; lastKnownFileType = sourcecode.swift; path = HomeInteractor.swift; sourceTree = "<group>"; };
		ED8D232F2B141F70009E8326 /* HomePresenter.swift */ = {isa = PBXFileReference; lastKnownFileType = sourcecode.swift; path = HomePresenter.swift; sourceTree = "<group>"; };
		ED8D23312B141FC2009E8326 /* HomeRouter.swift */ = {isa = PBXFileReference; lastKnownFileType = sourcecode.swift; path = HomeRouter.swift; sourceTree = "<group>"; };
		ED8D23332B142079009E8326 /* HomeFactory.swift */ = {isa = PBXFileReference; lastKnownFileType = sourcecode.swift; path = HomeFactory.swift; sourceTree = "<group>"; };
		ED8D23362B1421C2009E8326 /* MBFacade.swift */ = {isa = PBXFileReference; lastKnownFileType = sourcecode.swift; path = MBFacade.swift; sourceTree = "<group>"; };
		ED8D233D2B1428F4009E8326 /* MonthlyBillsViewModel.swift */ = {isa = PBXFileReference; lastKnownFileType = sourcecode.swift; path = MonthlyBillsViewModel.swift; sourceTree = "<group>"; };
		ED8D23412B143031009E8326 /* AnnualCalendarViewModel.swift */ = {isa = PBXFileReference; lastKnownFileType = sourcecode.swift; path = AnnualCalendarViewModel.swift; sourceTree = "<group>"; };
		ED8D23432B14BFC1009E8326 /* IncomeViewModel.swift */ = {isa = PBXFileReference; lastKnownFileType = sourcecode.swift; path = IncomeViewModel.swift; sourceTree = "<group>"; };
		ED8D23452B14BFEC009E8326 /* InvestmentViewModel.swift */ = {isa = PBXFileReference; lastKnownFileType = sourcecode.swift; path = InvestmentViewModel.swift; sourceTree = "<group>"; };
		ED8D23472B14C034009E8326 /* ExpenseViewModel.swift */ = {isa = PBXFileReference; lastKnownFileType = sourcecode.swift; path = ExpenseViewModel.swift; sourceTree = "<group>"; };
		ED8D23492B14CCDF009E8326 /* Core.framework */ = {isa = PBXFileReference; explicitFileType = wrapper.framework; path = Core.framework; sourceTree = BUILT_PRODUCTS_DIR; };
		ED8D234F2B14CF5E009E8326 /* EmptyView.swift */ = {isa = PBXFileReference; lastKnownFileType = sourcecode.swift; path = EmptyView.swift; sourceTree = "<group>"; };
		ED8D23522B14D360009E8326 /* ErrorView.swift */ = {isa = PBXFileReference; lastKnownFileType = sourcecode.swift; path = ErrorView.swift; sourceTree = "<group>"; };
		ED8D23552B156119009E8326 /* AddAnnualCalendarView.swift */ = {isa = PBXFileReference; lastKnownFileType = sourcecode.swift; path = AddAnnualCalendarView.swift; sourceTree = "<group>"; };
		ED8D23572B1561A7009E8326 /* AddAnnualCalendarViewController.swift */ = {isa = PBXFileReference; lastKnownFileType = sourcecode.swift; path = AddAnnualCalendarViewController.swift; sourceTree = "<group>"; };
		ED8D23592B15625E009E8326 /* AddAnnualCalendarInteractor.swift */ = {isa = PBXFileReference; lastKnownFileType = sourcecode.swift; path = AddAnnualCalendarInteractor.swift; sourceTree = "<group>"; };
		ED8D235B2B1562C9009E8326 /* AddAnnualCalendarPresenter.swift */ = {isa = PBXFileReference; lastKnownFileType = sourcecode.swift; path = AddAnnualCalendarPresenter.swift; sourceTree = "<group>"; };
		ED8D235D2B1564CD009E8326 /* AddAnnualCalendarRouter.swift */ = {isa = PBXFileReference; lastKnownFileType = sourcecode.swift; path = AddAnnualCalendarRouter.swift; sourceTree = "<group>"; };
		ED8D235F2B15654C009E8326 /* AddAnnualCalendarFactory.swift */ = {isa = PBXFileReference; lastKnownFileType = sourcecode.swift; path = AddAnnualCalendarFactory.swift; sourceTree = "<group>"; };
		ED8D236F2B19098C009E8326 /* Constants.swift */ = {isa = PBXFileReference; lastKnownFileType = sourcecode.swift; path = Constants.swift; sourceTree = "<group>"; };
		EDDAD6982B1F6D4500C0BCB6 /* BillDetailFactory.swift */ = {isa = PBXFileReference; lastKnownFileType = sourcecode.swift; path = BillDetailFactory.swift; sourceTree = "<group>"; };
		EDDAD6992B1F6D4500C0BCB6 /* BillDetailPresenter.swift */ = {isa = PBXFileReference; lastKnownFileType = sourcecode.swift; path = BillDetailPresenter.swift; sourceTree = "<group>"; };
		EDDAD69A2B1F6D4500C0BCB6 /* BillDetailRouter.swift */ = {isa = PBXFileReference; lastKnownFileType = sourcecode.swift; path = BillDetailRouter.swift; sourceTree = "<group>"; };
		EDDAD69B2B1F6D4500C0BCB6 /* BillDetailViewController.swift */ = {isa = PBXFileReference; lastKnownFileType = sourcecode.swift; path = BillDetailViewController.swift; sourceTree = "<group>"; };
		EDDAD69C2B1F6D4500C0BCB6 /* BillDetailInteractor.swift */ = {isa = PBXFileReference; lastKnownFileType = sourcecode.swift; path = BillDetailInteractor.swift; sourceTree = "<group>"; };
		EDDAD69D2B1F6D4500C0BCB6 /* BillDetailView.swift */ = {isa = PBXFileReference; lastKnownFileType = sourcecode.swift; path = BillDetailView.swift; sourceTree = "<group>"; };
		EDDAD6A52B1F867E00C0BCB6 /* ExtractView.swift */ = {isa = PBXFileReference; lastKnownFileType = sourcecode.swift; path = ExtractView.swift; sourceTree = "<group>"; };
		EDDAD6A82B28CA8700C0BCB6 /* ExtractViewModel.swift */ = {isa = PBXFileReference; lastKnownFileType = sourcecode.swift; path = ExtractViewModel.swift; sourceTree = "<group>"; };
		EDDAD6AA2B28CAEA00C0BCB6 /* RowViewModel.swift */ = {isa = PBXFileReference; lastKnownFileType = sourcecode.swift; path = RowViewModel.swift; sourceTree = "<group>"; };
		EDDAD6BA2B28D57F00C0BCB6 /* IncomeFormFactory.swift */ = {isa = PBXFileReference; lastKnownFileType = sourcecode.swift; path = IncomeFormFactory.swift; sourceTree = "<group>"; };
		EDDAD6BB2B28D57F00C0BCB6 /* IncomeFormPresenter.swift */ = {isa = PBXFileReference; lastKnownFileType = sourcecode.swift; path = IncomeFormPresenter.swift; sourceTree = "<group>"; };
		EDDAD6BC2B28D57F00C0BCB6 /* IncomeFormRouter.swift */ = {isa = PBXFileReference; lastKnownFileType = sourcecode.swift; path = IncomeFormRouter.swift; sourceTree = "<group>"; };
		EDDAD6BD2B28D57F00C0BCB6 /* IncomeFormViewController.swift */ = {isa = PBXFileReference; lastKnownFileType = sourcecode.swift; path = IncomeFormViewController.swift; sourceTree = "<group>"; };
		EDDAD6BE2B28D57F00C0BCB6 /* IncomeFormInteractor.swift */ = {isa = PBXFileReference; lastKnownFileType = sourcecode.swift; path = IncomeFormInteractor.swift; sourceTree = "<group>"; };
		EDDAD6BF2B28D57F00C0BCB6 /* IncomeFormView.swift */ = {isa = PBXFileReference; lastKnownFileType = sourcecode.swift; path = IncomeFormView.swift; sourceTree = "<group>"; };
		EDDAD6C72B29EB3F00C0BCB6 /* UICurrencyFieldView.swift */ = {isa = PBXFileReference; lastKnownFileType = sourcecode.swift; path = UICurrencyFieldView.swift; sourceTree = "<group>"; };
		EDDAD6E32B479AF300C0BCB6 /* UINotesView.swift */ = {isa = PBXFileReference; lastKnownFileType = sourcecode.swift; path = UINotesView.swift; sourceTree = "<group>"; };
		EDDAD6E52B497D0F00C0BCB6 /* BillsNotesKey.swift */ = {isa = PBXFileReference; lastKnownFileType = sourcecode.swift; path = BillsNotesKey.swift; sourceTree = "<group>"; };
		EDDAD6E92B4988AA00C0BCB6 /* InvestmentFormInteractor.swift */ = {isa = PBXFileReference; fileEncoding = 4; lastKnownFileType = sourcecode.swift; path = InvestmentFormInteractor.swift; sourceTree = "<group>"; };
		EDDAD6EA2B4988AA00C0BCB6 /* InvestmentFormFactory.swift */ = {isa = PBXFileReference; fileEncoding = 4; lastKnownFileType = sourcecode.swift; path = InvestmentFormFactory.swift; sourceTree = "<group>"; };
		EDDAD6EB2B4988AA00C0BCB6 /* InvestmentFormPresenter.swift */ = {isa = PBXFileReference; fileEncoding = 4; lastKnownFileType = sourcecode.swift; path = InvestmentFormPresenter.swift; sourceTree = "<group>"; };
		EDDAD6EC2B4988AA00C0BCB6 /* InvestmentFormRouter.swift */ = {isa = PBXFileReference; fileEncoding = 4; lastKnownFileType = sourcecode.swift; path = InvestmentFormRouter.swift; sourceTree = "<group>"; };
		EDDAD6ED2B4988AA00C0BCB6 /* InvestmentFormView.swift */ = {isa = PBXFileReference; fileEncoding = 4; lastKnownFileType = sourcecode.swift; path = InvestmentFormView.swift; sourceTree = "<group>"; };
		EDDAD6EE2B4988AA00C0BCB6 /* InvestmentFormViewController.swift */ = {isa = PBXFileReference; fileEncoding = 4; lastKnownFileType = sourcecode.swift; path = InvestmentFormViewController.swift; sourceTree = "<group>"; };
		EDDAD6F62B49990600C0BCB6 /* ExpenseFormFactory.swift */ = {isa = PBXFileReference; lastKnownFileType = sourcecode.swift; path = ExpenseFormFactory.swift; sourceTree = "<group>"; };
		EDDAD6F72B49990600C0BCB6 /* ExpenseFormPresenter.swift */ = {isa = PBXFileReference; lastKnownFileType = sourcecode.swift; path = ExpenseFormPresenter.swift; sourceTree = "<group>"; };
		EDDAD6F82B49990600C0BCB6 /* ExpenseFormRouter.swift */ = {isa = PBXFileReference; lastKnownFileType = sourcecode.swift; path = ExpenseFormRouter.swift; sourceTree = "<group>"; };
		EDDAD6F92B49990600C0BCB6 /* ExpenseFormViewController.swift */ = {isa = PBXFileReference; lastKnownFileType = sourcecode.swift; path = ExpenseFormViewController.swift; sourceTree = "<group>"; };
		EDDAD6FA2B49990600C0BCB6 /* ExpenseFormInteractor.swift */ = {isa = PBXFileReference; lastKnownFileType = sourcecode.swift; path = ExpenseFormInteractor.swift; sourceTree = "<group>"; };
		EDDAD6FB2B49990600C0BCB6 /* ExpenseFormView.swift */ = {isa = PBXFileReference; lastKnownFileType = sourcecode.swift; path = ExpenseFormView.swift; sourceTree = "<group>"; };
		EDDAD7082B4CC2DB00C0BCB6 /* MonthlyBillsTests.xctest */ = {isa = PBXFileReference; explicitFileType = wrapper.cfbundle; includeInIndex = 0; path = MonthlyBillsTests.xctest; sourceTree = BUILT_PRODUCTS_DIR; };
		EDDAD7162B4CC36E00C0BCB6 /* BillsWorkerTests.swift */ = {isa = PBXFileReference; lastKnownFileType = sourcecode.swift; path = BillsWorkerTests.swift; sourceTree = "<group>"; };
		EDDAD71A2B4CC5DC00C0BCB6 /* MonthlyBillsRepositoryMock.swift */ = {isa = PBXFileReference; lastKnownFileType = sourcecode.swift; path = MonthlyBillsRepositoryMock.swift; sourceTree = "<group>"; };
		EDDAD71D2B503D0E00C0BCB6 /* BillsMock.swift */ = {isa = PBXFileReference; lastKnownFileType = sourcecode.swift; path = BillsMock.swift; sourceTree = "<group>"; };
		EDF9768F2B5052F500133036 /* HomeRouterTests.swift */ = {isa = PBXFileReference; lastKnownFileType = sourcecode.swift; path = HomeRouterTests.swift; sourceTree = "<group>"; };
		EDF976922B50533C00133036 /* HomeMockController.swift */ = {isa = PBXFileReference; lastKnownFileType = sourcecode.swift; path = HomeMockController.swift; sourceTree = "<group>"; };
		EDF976942B506E8900133036 /* HomePresenterTests.swift */ = {isa = PBXFileReference; lastKnownFileType = sourcecode.swift; path = HomePresenterTests.swift; sourceTree = "<group>"; };
/* End PBXFileReference section */

/* Begin PBXFrameworksBuildPhase section */
		ED13B76A2AFEBB65003161D7 /* Frameworks */ = {
			isa = PBXFrameworksBuildPhase;
			buildActionMask = 2147483647;
			files = (
				ED2C681A2B19566B00B831C6 /* Provider.framework in Frameworks */,
				A0FC0F1CA856B55505C61240 /* Pods_MonthlyBills.framework in Frameworks */,
				ED8D234A2B14CCDF009E8326 /* Core.framework in Frameworks */,
			);
			runOnlyForDeploymentPostprocessing = 0;
		};
		EDDAD7052B4CC2DB00C0BCB6 /* Frameworks */ = {
			isa = PBXFrameworksBuildPhase;
			buildActionMask = 2147483647;
			files = (
				EDDAD70C2B4CC2DB00C0BCB6 /* MonthlyBills.framework in Frameworks */,
				5224C0FFDC0D06BC285310FE /* Pods_MonthlyBillsTests.framework in Frameworks */,
			);
			runOnlyForDeploymentPostprocessing = 0;
		};
/* End PBXFrameworksBuildPhase section */

/* Begin PBXGroup section */
		130B8DF7A4D61E22A04388B9 /* Pods */ = {
			isa = PBXGroup;
			children = (
				B976CEC4C99063AD0B8B33D9 /* Pods-MonthlyBills.debug.xcconfig */,
				28E6AC1C580865543B2AD8BA /* Pods-MonthlyBills.release.xcconfig */,
				EABD483C49CA17BDD6C27C2E /* Pods-MonthlyBillsTests.debug.xcconfig */,
				E9A4EA3A1AACF72B64D25685 /* Pods-MonthlyBillsTests.release.xcconfig */,
			);
			name = Pods;
			path = ../Pods;
			sourceTree = "<group>";
		};
		5107D7F79E2A3F2158A22AB4 /* Frameworks */ = {
			isa = PBXGroup;
			children = (
				ED2C68192B19566B00B831C6 /* Provider.framework */,
				ED8D23492B14CCDF009E8326 /* Core.framework */,
				C55F144A912F0EDFC76C81F4 /* Pods_MonthlyBills.framework */,
				34A5E59726E718042C9396F2 /* Pods_MonthlyBillsTests.framework */,
			);
			name = Frameworks;
			sourceTree = "<group>";
		};
		ED13B7632AFEBB65003161D7 = {
			isa = PBXGroup;
			children = (
				ED13B76F2AFEBB65003161D7 /* MonthlyBills */,
				EDDAD7092B4CC2DB00C0BCB6 /* MonthlyBillsTests */,
				ED13B76E2AFEBB65003161D7 /* Products */,
				130B8DF7A4D61E22A04388B9 /* Pods */,
				5107D7F79E2A3F2158A22AB4 /* Frameworks */,
			);
			sourceTree = "<group>";
		};
		ED13B76E2AFEBB65003161D7 /* Products */ = {
			isa = PBXGroup;
			children = (
				ED13B76D2AFEBB65003161D7 /* MonthlyBills.framework */,
				EDDAD7082B4CC2DB00C0BCB6 /* MonthlyBillsTests.xctest */,
			);
			name = Products;
			sourceTree = "<group>";
		};
		ED13B76F2AFEBB65003161D7 /* MonthlyBills */ = {
			isa = PBXGroup;
			children = (
				ED13B77A2AFEBB9F003161D7 /* Sources */,
				ED13B7792AFEBB80003161D7 /* Resources */,
			);
			path = MonthlyBills;
			sourceTree = "<group>";
		};
		ED13B7792AFEBB80003161D7 /* Resources */ = {
			isa = PBXGroup;
			children = (
				ED13B7702AFEBB65003161D7 /* MonthlyBills.h */,
				ED13B7712AFEBB65003161D7 /* MonthlyBills.docc */,
			);
			path = Resources;
			sourceTree = "<group>";
		};
		ED13B77A2AFEBB9F003161D7 /* Sources */ = {
			isa = PBXGroup;
			children = (
				ED8D234D2B14CF45009E8326 /* Components */,
				ED8D23352B1421B2009E8326 /* Facade */,
				ED8D233B2B14289C009E8326 /* Models */,
				ED13B77B2AFEBBA7003161D7 /* Scenes */,
				ED2C68072B19490F00B831C6 /* Workers */,
			);
			path = Sources;
			sourceTree = "<group>";
		};
		ED13B77B2AFEBBA7003161D7 /* Scenes */ = {
			isa = PBXGroup;
			children = (
				EDDAD6F52B49892000C0BCB6 /* ExpenseForm */,
				EDDAD6E82B49888D00C0BCB6 /* InvestmentForm */,
				EDDAD6B92B28D56F00C0BCB6 /* IncomeForm */,
				EDDAD6972B1F6D1200C0BCB6 /* BillDetail */,
				ED2C68232B1A308300B831C6 /* CalendarDetail */,
				ED8D23542B1560F0009E8326 /* AddAnnualCalendar */,
				ED13B77C2AFEBBBC003161D7 /* Home */,
			);
			path = Scenes;
			sourceTree = "<group>";
		};
		ED13B77C2AFEBBBC003161D7 /* Home */ = {
			isa = PBXGroup;
			children = (
				ED8D23332B142079009E8326 /* HomeFactory.swift */,
				ED13B7812AFEC159003161D7 /* HomeViewController.swift */,
				ED8D232B2B141E20009E8326 /* HomeView.swift */,
				ED8D232D2B141EE6009E8326 /* HomeInteractor.swift */,
				ED8D232F2B141F70009E8326 /* HomePresenter.swift */,
				ED8D23312B141FC2009E8326 /* HomeRouter.swift */,
			);
			path = Home;
			sourceTree = "<group>";
		};
		ED2C68072B19490F00B831C6 /* Workers */ = {
			isa = PBXGroup;
			children = (
				ED2C68082B19492800B831C6 /* BillsWorker.swift */,
			);
			path = Workers;
			sourceTree = "<group>";
		};
		ED2C68232B1A308300B831C6 /* CalendarDetail */ = {
			isa = PBXGroup;
			children = (
				ED2C686E2B1A4A0200B831C6 /* CalendarDetailFactory.swift */,
				ED2C686F2B1A4A0200B831C6 /* CalendarDetailPresenter.swift */,
				ED2C68702B1A4A0200B831C6 /* CalendarDetailRouter.swift */,
				ED2C68712B1A4A0200B831C6 /* CalendarDetailViewController.swift */,
				ED2C68722B1A4A0200B831C6 /* CalendarDetailInteractor.swift */,
				ED2C68732B1A4A0200B831C6 /* CalendarDetailView.swift */,
			);
			path = CalendarDetail;
			sourceTree = "<group>";
		};
		ED8D23352B1421B2009E8326 /* Facade */ = {
			isa = PBXGroup;
			children = (
				ED8D23362B1421C2009E8326 /* MBFacade.swift */,
			);
			path = Facade;
			sourceTree = "<group>";
		};
		ED8D233B2B14289C009E8326 /* Models */ = {
			isa = PBXGroup;
			children = (
				ED8D236E2B190978009E8326 /* Constants */,
				ED8D23402B142FFA009E8326 /* BillsControl */,
				ED8D233C2B1428D1009E8326 /* MonthlyBills */,
			);
			path = Models;
			sourceTree = "<group>";
		};
		ED8D233C2B1428D1009E8326 /* MonthlyBills */ = {
			isa = PBXGroup;
			children = (
				ED8D233D2B1428F4009E8326 /* MonthlyBillsViewModel.swift */,
				ED8D23432B14BFC1009E8326 /* IncomeViewModel.swift */,
				ED8D23452B14BFEC009E8326 /* InvestmentViewModel.swift */,
				ED8D23472B14C034009E8326 /* ExpenseViewModel.swift */,
				EDDAD6E52B497D0F00C0BCB6 /* BillsNotesKey.swift */,
			);
			path = MonthlyBills;
			sourceTree = "<group>";
		};
		ED8D23402B142FFA009E8326 /* BillsControl */ = {
			isa = PBXGroup;
			children = (
				ED8D23412B143031009E8326 /* AnnualCalendarViewModel.swift */,
			);
			path = BillsControl;
			sourceTree = "<group>";
		};
		ED8D234D2B14CF45009E8326 /* Components */ = {
			isa = PBXGroup;
			children = (
				EDDAD6E22B479AD700C0BCB6 /* NotesView */,
				EDDAD6C62B29EB0F00C0BCB6 /* UICurrencyFieldView */,
				ED8D23512B14D351009E8326 /* ErrorView */,
				ED8D234E2B14CF4C009E8326 /* EmptyView */,
			);
			path = Components;
			sourceTree = "<group>";
		};
		ED8D234E2B14CF4C009E8326 /* EmptyView */ = {
			isa = PBXGroup;
			children = (
				ED8D234F2B14CF5E009E8326 /* EmptyView.swift */,
			);
			path = EmptyView;
			sourceTree = "<group>";
		};
		ED8D23512B14D351009E8326 /* ErrorView */ = {
			isa = PBXGroup;
			children = (
				ED8D23522B14D360009E8326 /* ErrorView.swift */,
			);
			path = ErrorView;
			sourceTree = "<group>";
		};
		ED8D23542B1560F0009E8326 /* AddAnnualCalendar */ = {
			isa = PBXGroup;
			children = (
				ED8D235F2B15654C009E8326 /* AddAnnualCalendarFactory.swift */,
				ED8D23572B1561A7009E8326 /* AddAnnualCalendarViewController.swift */,
				ED8D23552B156119009E8326 /* AddAnnualCalendarView.swift */,
				ED8D23592B15625E009E8326 /* AddAnnualCalendarInteractor.swift */,
				ED8D235B2B1562C9009E8326 /* AddAnnualCalendarPresenter.swift */,
				ED8D235D2B1564CD009E8326 /* AddAnnualCalendarRouter.swift */,
			);
			path = AddAnnualCalendar;
			sourceTree = "<group>";
		};
		ED8D236E2B190978009E8326 /* Constants */ = {
			isa = PBXGroup;
			children = (
				ED8D236F2B19098C009E8326 /* Constants.swift */,
			);
			path = Constants;
			sourceTree = "<group>";
		};
		EDDAD6972B1F6D1200C0BCB6 /* BillDetail */ = {
			isa = PBXGroup;
			children = (
				EDDAD6A72B28CA7200C0BCB6 /* Models */,
				EDDAD6A42B1F865C00C0BCB6 /* SubViews */,
				EDDAD6982B1F6D4500C0BCB6 /* BillDetailFactory.swift */,
				EDDAD6992B1F6D4500C0BCB6 /* BillDetailPresenter.swift */,
				EDDAD69A2B1F6D4500C0BCB6 /* BillDetailRouter.swift */,
				EDDAD69B2B1F6D4500C0BCB6 /* BillDetailViewController.swift */,
				EDDAD69C2B1F6D4500C0BCB6 /* BillDetailInteractor.swift */,
				EDDAD69D2B1F6D4500C0BCB6 /* BillDetailView.swift */,
			);
			path = BillDetail;
			sourceTree = "<group>";
		};
		EDDAD6A42B1F865C00C0BCB6 /* SubViews */ = {
			isa = PBXGroup;
			children = (
				EDDAD6A52B1F867E00C0BCB6 /* ExtractView.swift */,
			);
			path = SubViews;
			sourceTree = "<group>";
		};
		EDDAD6A72B28CA7200C0BCB6 /* Models */ = {
			isa = PBXGroup;
			children = (
				EDDAD6A82B28CA8700C0BCB6 /* ExtractViewModel.swift */,
				EDDAD6AA2B28CAEA00C0BCB6 /* RowViewModel.swift */,
			);
			path = Models;
			sourceTree = "<group>";
		};
		EDDAD6B92B28D56F00C0BCB6 /* IncomeForm */ = {
			isa = PBXGroup;
			children = (
				EDDAD6BA2B28D57F00C0BCB6 /* IncomeFormFactory.swift */,
				EDDAD6BB2B28D57F00C0BCB6 /* IncomeFormPresenter.swift */,
				EDDAD6BC2B28D57F00C0BCB6 /* IncomeFormRouter.swift */,
				EDDAD6BD2B28D57F00C0BCB6 /* IncomeFormViewController.swift */,
				EDDAD6BE2B28D57F00C0BCB6 /* IncomeFormInteractor.swift */,
				EDDAD6BF2B28D57F00C0BCB6 /* IncomeFormView.swift */,
			);
			path = IncomeForm;
			sourceTree = "<group>";
		};
		EDDAD6C62B29EB0F00C0BCB6 /* UICurrencyFieldView */ = {
			isa = PBXGroup;
			children = (
				EDDAD6C72B29EB3F00C0BCB6 /* UICurrencyFieldView.swift */,
			);
			path = UICurrencyFieldView;
			sourceTree = "<group>";
		};
		EDDAD6E22B479AD700C0BCB6 /* NotesView */ = {
			isa = PBXGroup;
			children = (
				EDDAD6E32B479AF300C0BCB6 /* UINotesView.swift */,
			);
			path = NotesView;
			sourceTree = "<group>";
		};
		EDDAD6E82B49888D00C0BCB6 /* InvestmentForm */ = {
			isa = PBXGroup;
			children = (
				EDDAD6EA2B4988AA00C0BCB6 /* InvestmentFormFactory.swift */,
				EDDAD6E92B4988AA00C0BCB6 /* InvestmentFormInteractor.swift */,
				EDDAD6EB2B4988AA00C0BCB6 /* InvestmentFormPresenter.swift */,
				EDDAD6EC2B4988AA00C0BCB6 /* InvestmentFormRouter.swift */,
				EDDAD6ED2B4988AA00C0BCB6 /* InvestmentFormView.swift */,
				EDDAD6EE2B4988AA00C0BCB6 /* InvestmentFormViewController.swift */,
			);
			path = InvestmentForm;
			sourceTree = "<group>";
		};
		EDDAD6F52B49892000C0BCB6 /* ExpenseForm */ = {
			isa = PBXGroup;
			children = (
				EDDAD6F62B49990600C0BCB6 /* ExpenseFormFactory.swift */,
				EDDAD6F72B49990600C0BCB6 /* ExpenseFormPresenter.swift */,
				EDDAD6F82B49990600C0BCB6 /* ExpenseFormRouter.swift */,
				EDDAD6F92B49990600C0BCB6 /* ExpenseFormViewController.swift */,
				EDDAD6FA2B49990600C0BCB6 /* ExpenseFormInteractor.swift */,
				EDDAD6FB2B49990600C0BCB6 /* ExpenseFormView.swift */,
			);
			path = ExpenseForm;
			sourceTree = "<group>";
		};
		EDDAD7092B4CC2DB00C0BCB6 /* MonthlyBillsTests */ = {
			isa = PBXGroup;
			children = (
				EDDAD7182B4CC58700C0BCB6 /* Mocks */,
				EDDAD7122B4CC30000C0BCB6 /* Tests */,
			);
			path = MonthlyBillsTests;
			sourceTree = "<group>";
		};
		EDDAD7122B4CC30000C0BCB6 /* Tests */ = {
			isa = PBXGroup;
			children = (
				EDF9768B2B5052AA00133036 /* Scenes */,
				EDDAD7132B4CC31900C0BCB6 /* Workers */,
			);
			path = Tests;
			sourceTree = "<group>";
		};
		EDDAD7132B4CC31900C0BCB6 /* Workers */ = {
			isa = PBXGroup;
			children = (
				EDDAD7162B4CC36E00C0BCB6 /* BillsWorkerTests.swift */,
			);
			path = Workers;
			sourceTree = "<group>";
		};
		EDDAD7182B4CC58700C0BCB6 /* Mocks */ = {
			isa = PBXGroup;
			children = (
				EDF976912B50532D00133036 /* Controller */,
				EDDAD71C2B503CFB00C0BCB6 /* Models */,
				EDDAD7192B4CC5AB00C0BCB6 /* Workers */,
			);
			path = Mocks;
			sourceTree = "<group>";
		};
		EDDAD7192B4CC5AB00C0BCB6 /* Workers */ = {
			isa = PBXGroup;
			children = (
				EDDAD71A2B4CC5DC00C0BCB6 /* MonthlyBillsRepositoryMock.swift */,
			);
			path = Workers;
			sourceTree = "<group>";
		};
		EDDAD71C2B503CFB00C0BCB6 /* Models */ = {
			isa = PBXGroup;
			children = (
				EDDAD71D2B503D0E00C0BCB6 /* BillsMock.swift */,
			);
			path = Models;
			sourceTree = "<group>";
		};
		EDF9768B2B5052AA00133036 /* Scenes */ = {
			isa = PBXGroup;
			children = (
				EDF9768C2B5052B200133036 /* Home */,
			);
			path = Scenes;
			sourceTree = "<group>";
		};
		EDF9768C2B5052B200133036 /* Home */ = {
			isa = PBXGroup;
			children = (
				EDF9768F2B5052F500133036 /* HomeRouterTests.swift */,
				EDF976942B506E8900133036 /* HomePresenterTests.swift */,
			);
			path = Home;
			sourceTree = "<group>";
		};
		EDF976912B50532D00133036 /* Controller */ = {
			isa = PBXGroup;
			children = (
				EDF976922B50533C00133036 /* HomeMockController.swift */,
			);
			path = Controller;
			sourceTree = "<group>";
		};
/* End PBXGroup section */

/* Begin PBXHeadersBuildPhase section */
		ED13B7682AFEBB65003161D7 /* Headers */ = {
			isa = PBXHeadersBuildPhase;
			buildActionMask = 2147483647;
			files = (
				ED13B7732AFEBB65003161D7 /* MonthlyBills.h in Headers */,
			);
			runOnlyForDeploymentPostprocessing = 0;
		};
/* End PBXHeadersBuildPhase section */

/* Begin PBXNativeTarget section */
		ED13B76C2AFEBB65003161D7 /* MonthlyBills */ = {
			isa = PBXNativeTarget;
			buildConfigurationList = ED13B7762AFEBB65003161D7 /* Build configuration list for PBXNativeTarget "MonthlyBills" */;
			buildPhases = (
				8E782F9E7FA988BA570B9093 /* [CP] Check Pods Manifest.lock */,
				ED13B7682AFEBB65003161D7 /* Headers */,
				ED13B7692AFEBB65003161D7 /* Sources */,
				ED13B76A2AFEBB65003161D7 /* Frameworks */,
				ED13B76B2AFEBB65003161D7 /* Resources */,
				ED2C681C2B19566B00B831C6 /* Embed Frameworks */,
			);
			buildRules = (
			);
			dependencies = (
			);
			name = MonthlyBills;
			productName = MonthlyBills;
			productReference = ED13B76D2AFEBB65003161D7 /* MonthlyBills.framework */;
			productType = "com.apple.product-type.framework";
		};
		EDDAD7072B4CC2DB00C0BCB6 /* MonthlyBillsTests */ = {
			isa = PBXNativeTarget;
			buildConfigurationList = EDDAD70F2B4CC2DB00C0BCB6 /* Build configuration list for PBXNativeTarget "MonthlyBillsTests" */;
			buildPhases = (
				000E388DE7FDACC2948C3B95 /* [CP] Check Pods Manifest.lock */,
				EDDAD7042B4CC2DB00C0BCB6 /* Sources */,
				EDDAD7052B4CC2DB00C0BCB6 /* Frameworks */,
				EDDAD7062B4CC2DB00C0BCB6 /* Resources */,
				402D93C73ECEFCAA04068AF7 /* [CP] Embed Pods Frameworks */,
			);
			buildRules = (
			);
			dependencies = (
				EDDAD70E2B4CC2DB00C0BCB6 /* PBXTargetDependency */,
			);
			name = MonthlyBillsTests;
			productName = MonthlyBillsTests;
			productReference = EDDAD7082B4CC2DB00C0BCB6 /* MonthlyBillsTests.xctest */;
			productType = "com.apple.product-type.bundle.unit-test";
		};
/* End PBXNativeTarget section */

/* Begin PBXProject section */
		ED13B7642AFEBB65003161D7 /* Project object */ = {
			isa = PBXProject;
			attributes = {
				BuildIndependentTargetsInParallel = 1;
				LastSwiftUpdateCheck = 1500;
				LastUpgradeCheck = 1500;
				TargetAttributes = {
					ED13B76C2AFEBB65003161D7 = {
						CreatedOnToolsVersion = 15.0.1;
					};
					EDDAD7072B4CC2DB00C0BCB6 = {
						CreatedOnToolsVersion = 15.0.1;
						LastSwiftMigration = 1500;
					};
				};
			};
			buildConfigurationList = ED13B7672AFEBB65003161D7 /* Build configuration list for PBXProject "MonthlyBills" */;
			compatibilityVersion = "Xcode 14.0";
			developmentRegion = en;
			hasScannedForEncodings = 0;
			knownRegions = (
				en,
				Base,
			);
			mainGroup = ED13B7632AFEBB65003161D7;
			productRefGroup = ED13B76E2AFEBB65003161D7 /* Products */;
			projectDirPath = "";
			projectRoot = "";
			targets = (
				ED13B76C2AFEBB65003161D7 /* MonthlyBills */,
				EDDAD7072B4CC2DB00C0BCB6 /* MonthlyBillsTests */,
			);
		};
/* End PBXProject section */

/* Begin PBXResourcesBuildPhase section */
		ED13B76B2AFEBB65003161D7 /* Resources */ = {
			isa = PBXResourcesBuildPhase;
			buildActionMask = 2147483647;
			files = (
			);
			runOnlyForDeploymentPostprocessing = 0;
		};
		EDDAD7062B4CC2DB00C0BCB6 /* Resources */ = {
			isa = PBXResourcesBuildPhase;
			buildActionMask = 2147483647;
			files = (
			);
			runOnlyForDeploymentPostprocessing = 0;
		};
/* End PBXResourcesBuildPhase section */

/* Begin PBXShellScriptBuildPhase section */
		000E388DE7FDACC2948C3B95 /* [CP] Check Pods Manifest.lock */ = {
			isa = PBXShellScriptBuildPhase;
			buildActionMask = 2147483647;
			files = (
			);
			inputFileListPaths = (
			);
			inputPaths = (
				"${PODS_PODFILE_DIR_PATH}/Podfile.lock",
				"${PODS_ROOT}/Manifest.lock",
			);
			name = "[CP] Check Pods Manifest.lock";
			outputFileListPaths = (
			);
			outputPaths = (
				"$(DERIVED_FILE_DIR)/Pods-MonthlyBillsTests-checkManifestLockResult.txt",
			);
			runOnlyForDeploymentPostprocessing = 0;
			shellPath = /bin/sh;
			shellScript = "diff \"${PODS_PODFILE_DIR_PATH}/Podfile.lock\" \"${PODS_ROOT}/Manifest.lock\" > /dev/null\nif [ $? != 0 ] ; then\n    # print error to STDERR\n    echo \"error: The sandbox is not in sync with the Podfile.lock. Run 'pod install' or update your CocoaPods installation.\" >&2\n    exit 1\nfi\n# This output is used by Xcode 'outputs' to avoid re-running this script phase.\necho \"SUCCESS\" > \"${SCRIPT_OUTPUT_FILE_0}\"\n";
			showEnvVarsInLog = 0;
		};
		402D93C73ECEFCAA04068AF7 /* [CP] Embed Pods Frameworks */ = {
			isa = PBXShellScriptBuildPhase;
			buildActionMask = 2147483647;
			files = (
			);
			inputFileListPaths = (
				"${PODS_ROOT}/Target Support Files/Pods-MonthlyBillsTests/Pods-MonthlyBillsTests-frameworks-${CONFIGURATION}-input-files.xcfilelist",
			);
			name = "[CP] Embed Pods Frameworks";
			outputFileListPaths = (
				"${PODS_ROOT}/Target Support Files/Pods-MonthlyBillsTests/Pods-MonthlyBillsTests-frameworks-${CONFIGURATION}-output-files.xcfilelist",
			);
			runOnlyForDeploymentPostprocessing = 0;
			shellPath = /bin/sh;
			shellScript = "\"${PODS_ROOT}/Target Support Files/Pods-MonthlyBillsTests/Pods-MonthlyBillsTests-frameworks.sh\"\n";
			showEnvVarsInLog = 0;
		};
		8E782F9E7FA988BA570B9093 /* [CP] Check Pods Manifest.lock */ = {
			isa = PBXShellScriptBuildPhase;
			buildActionMask = 2147483647;
			files = (
			);
			inputFileListPaths = (
			);
			inputPaths = (
				"${PODS_PODFILE_DIR_PATH}/Podfile.lock",
				"${PODS_ROOT}/Manifest.lock",
			);
			name = "[CP] Check Pods Manifest.lock";
			outputFileListPaths = (
			);
			outputPaths = (
				"$(DERIVED_FILE_DIR)/Pods-MonthlyBills-checkManifestLockResult.txt",
			);
			runOnlyForDeploymentPostprocessing = 0;
			shellPath = /bin/sh;
			shellScript = "diff \"${PODS_PODFILE_DIR_PATH}/Podfile.lock\" \"${PODS_ROOT}/Manifest.lock\" > /dev/null\nif [ $? != 0 ] ; then\n    # print error to STDERR\n    echo \"error: The sandbox is not in sync with the Podfile.lock. Run 'pod install' or update your CocoaPods installation.\" >&2\n    exit 1\nfi\n# This output is used by Xcode 'outputs' to avoid re-running this script phase.\necho \"SUCCESS\" > \"${SCRIPT_OUTPUT_FILE_0}\"\n";
			showEnvVarsInLog = 0;
		};
/* End PBXShellScriptBuildPhase section */

/* Begin PBXSourcesBuildPhase section */
		ED13B7692AFEBB65003161D7 /* Sources */ = {
			isa = PBXSourcesBuildPhase;
			buildActionMask = 2147483647;
			files = (
				EDDAD6C02B28D57F00C0BCB6 /* IncomeFormFactory.swift in Sources */,
				EDDAD6C82B29EB3F00C0BCB6 /* UICurrencyFieldView.swift in Sources */,
				ED2C68752B1A4A0200B831C6 /* CalendarDetailPresenter.swift in Sources */,
				EDDAD6A62B1F867E00C0BCB6 /* ExtractView.swift in Sources */,
				ED8D235E2B1564CD009E8326 /* AddAnnualCalendarRouter.swift in Sources */,
				ED8D23702B19098C009E8326 /* Constants.swift in Sources */,
				EDDAD6F02B4988AA00C0BCB6 /* InvestmentFormFactory.swift in Sources */,
				ED8D23422B143031009E8326 /* AnnualCalendarViewModel.swift in Sources */,
				EDDAD6F22B4988AA00C0BCB6 /* InvestmentFormRouter.swift in Sources */,
				ED2C68772B1A4A0200B831C6 /* CalendarDetailViewController.swift in Sources */,
				ED2C68742B1A4A0200B831C6 /* CalendarDetailFactory.swift in Sources */,
				ED8D232E2B141EE6009E8326 /* HomeInteractor.swift in Sources */,
				ED8D23582B1561A7009E8326 /* AddAnnualCalendarViewController.swift in Sources */,
				EDDAD6A92B28CA8700C0BCB6 /* ExtractViewModel.swift in Sources */,
				EDDAD6C12B28D57F00C0BCB6 /* IncomeFormPresenter.swift in Sources */,
				EDDAD6A22B1F6D4500C0BCB6 /* BillDetailInteractor.swift in Sources */,
				EDDAD6A02B1F6D4500C0BCB6 /* BillDetailRouter.swift in Sources */,
				EDDAD6C22B28D57F00C0BCB6 /* IncomeFormRouter.swift in Sources */,
				EDDAD6C32B28D57F00C0BCB6 /* IncomeFormViewController.swift in Sources */,
				EDDAD69E2B1F6D4500C0BCB6 /* BillDetailFactory.swift in Sources */,
				ED8D23322B141FC2009E8326 /* HomeRouter.swift in Sources */,
				ED8D23442B14BFC1009E8326 /* IncomeViewModel.swift in Sources */,
				EDDAD6E42B479AF300C0BCB6 /* UINotesView.swift in Sources */,
				EDDAD69F2B1F6D4500C0BCB6 /* BillDetailPresenter.swift in Sources */,
				EDDAD6F12B4988AA00C0BCB6 /* InvestmentFormPresenter.swift in Sources */,
				ED8D23342B142079009E8326 /* HomeFactory.swift in Sources */,
				EDDAD6C52B28D57F00C0BCB6 /* IncomeFormView.swift in Sources */,
				ED13B7822AFEC159003161D7 /* HomeViewController.swift in Sources */,
				ED2C68762B1A4A0200B831C6 /* CalendarDetailRouter.swift in Sources */,
				EDDAD6AB2B28CAEA00C0BCB6 /* RowViewModel.swift in Sources */,
				ED8D23372B1421C2009E8326 /* MBFacade.swift in Sources */,
				ED8D232C2B141E20009E8326 /* HomeView.swift in Sources */,
				ED8D23602B15654C009E8326 /* AddAnnualCalendarFactory.swift in Sources */,
				ED8D23562B156119009E8326 /* AddAnnualCalendarView.swift in Sources */,
				ED2C68782B1A4A0200B831C6 /* CalendarDetailInteractor.swift in Sources */,
				ED8D23302B141F70009E8326 /* HomePresenter.swift in Sources */,
				EDDAD6FD2B49990600C0BCB6 /* ExpenseFormPresenter.swift in Sources */,
				ED2C68092B19492800B831C6 /* BillsWorker.swift in Sources */,
				EDDAD6FC2B49990600C0BCB6 /* ExpenseFormFactory.swift in Sources */,
				EDDAD6FE2B49990600C0BCB6 /* ExpenseFormRouter.swift in Sources */,
				EDDAD6C42B28D57F00C0BCB6 /* IncomeFormInteractor.swift in Sources */,
				ED8D23462B14BFEC009E8326 /* InvestmentViewModel.swift in Sources */,
				ED8D235C2B1562C9009E8326 /* AddAnnualCalendarPresenter.swift in Sources */,
				EDDAD7002B49990600C0BCB6 /* ExpenseFormInteractor.swift in Sources */,
				EDDAD6FF2B49990600C0BCB6 /* ExpenseFormViewController.swift in Sources */,
				EDDAD6F42B4988AA00C0BCB6 /* InvestmentFormViewController.swift in Sources */,
				EDDAD6EF2B4988AA00C0BCB6 /* InvestmentFormInteractor.swift in Sources */,
				ED8D23532B14D360009E8326 /* ErrorView.swift in Sources */,
				EDDAD6A12B1F6D4500C0BCB6 /* BillDetailViewController.swift in Sources */,
				EDDAD6F32B4988AA00C0BCB6 /* InvestmentFormView.swift in Sources */,
				EDDAD6A32B1F6D4500C0BCB6 /* BillDetailView.swift in Sources */,
				EDDAD6E62B497D0F00C0BCB6 /* BillsNotesKey.swift in Sources */,
				EDDAD7012B49990600C0BCB6 /* ExpenseFormView.swift in Sources */,
				ED8D233E2B1428F4009E8326 /* MonthlyBillsViewModel.swift in Sources */,
				ED2C68792B1A4A0200B831C6 /* CalendarDetailView.swift in Sources */,
				ED8D23482B14C034009E8326 /* ExpenseViewModel.swift in Sources */,
				ED8D23502B14CF5E009E8326 /* EmptyView.swift in Sources */,
				ED8D235A2B15625E009E8326 /* AddAnnualCalendarInteractor.swift in Sources */,
				ED13B7722AFEBB65003161D7 /* MonthlyBills.docc in Sources */,
			);
			runOnlyForDeploymentPostprocessing = 0;
		};
		EDDAD7042B4CC2DB00C0BCB6 /* Sources */ = {
			isa = PBXSourcesBuildPhase;
			buildActionMask = 2147483647;
			files = (
				EDF976932B50533C00133036 /* HomeMockController.swift in Sources */,
				EDDAD71E2B503D0E00C0BCB6 /* BillsMock.swift in Sources */,
				EDF976902B5052F500133036 /* HomeRouterTests.swift in Sources */,
				EDDAD71B2B4CC5DC00C0BCB6 /* MonthlyBillsRepositoryMock.swift in Sources */,
				EDDAD7172B4CC36E00C0BCB6 /* BillsWorkerTests.swift in Sources */,
				EDF976952B506E8900133036 /* HomePresenterTests.swift in Sources */,
			);
			runOnlyForDeploymentPostprocessing = 0;
		};
/* End PBXSourcesBuildPhase section */

/* Begin PBXTargetDependency section */
		EDDAD70E2B4CC2DB00C0BCB6 /* PBXTargetDependency */ = {
			isa = PBXTargetDependency;
			platformFilter = ios;
			target = ED13B76C2AFEBB65003161D7 /* MonthlyBills */;
			targetProxy = EDDAD70D2B4CC2DB00C0BCB6 /* PBXContainerItemProxy */;
		};
/* End PBXTargetDependency section */

/* Begin XCBuildConfiguration section */
		ED13B7742AFEBB65003161D7 /* Debug */ = {
			isa = XCBuildConfiguration;
			buildSettings = {
				ALWAYS_SEARCH_USER_PATHS = NO;
				ASSETCATALOG_COMPILER_GENERATE_SWIFT_ASSET_SYMBOL_EXTENSIONS = YES;
				CLANG_ANALYZER_NONNULL = YES;
				CLANG_ANALYZER_NUMBER_OBJECT_CONVERSION = YES_AGGRESSIVE;
				CLANG_CXX_LANGUAGE_STANDARD = "gnu++20";
				CLANG_ENABLE_MODULES = YES;
				CLANG_ENABLE_OBJC_ARC = YES;
				CLANG_ENABLE_OBJC_WEAK = YES;
				CLANG_WARN_BLOCK_CAPTURE_AUTORELEASING = YES;
				CLANG_WARN_BOOL_CONVERSION = YES;
				CLANG_WARN_COMMA = YES;
				CLANG_WARN_CONSTANT_CONVERSION = YES;
				CLANG_WARN_DEPRECATED_OBJC_IMPLEMENTATIONS = YES;
				CLANG_WARN_DIRECT_OBJC_ISA_USAGE = YES_ERROR;
				CLANG_WARN_DOCUMENTATION_COMMENTS = YES;
				CLANG_WARN_EMPTY_BODY = YES;
				CLANG_WARN_ENUM_CONVERSION = YES;
				CLANG_WARN_INFINITE_RECURSION = YES;
				CLANG_WARN_INT_CONVERSION = YES;
				CLANG_WARN_NON_LITERAL_NULL_CONVERSION = YES;
				CLANG_WARN_OBJC_IMPLICIT_RETAIN_SELF = YES;
				CLANG_WARN_OBJC_LITERAL_CONVERSION = YES;
				CLANG_WARN_OBJC_ROOT_CLASS = YES_ERROR;
				CLANG_WARN_QUOTED_INCLUDE_IN_FRAMEWORK_HEADER = YES;
				CLANG_WARN_RANGE_LOOP_ANALYSIS = YES;
				CLANG_WARN_STRICT_PROTOTYPES = YES;
				CLANG_WARN_SUSPICIOUS_MOVE = YES;
				CLANG_WARN_UNGUARDED_AVAILABILITY = YES_AGGRESSIVE;
				CLANG_WARN_UNREACHABLE_CODE = YES;
				CLANG_WARN__DUPLICATE_METHOD_MATCH = YES;
				COPY_PHASE_STRIP = NO;
				CURRENT_PROJECT_VERSION = 1;
				DEBUG_INFORMATION_FORMAT = dwarf;
				ENABLE_STRICT_OBJC_MSGSEND = YES;
				ENABLE_TESTABILITY = YES;
				ENABLE_USER_SCRIPT_SANDBOXING = NO;
				GCC_C_LANGUAGE_STANDARD = gnu17;
				GCC_DYNAMIC_NO_PIC = NO;
				GCC_NO_COMMON_BLOCKS = YES;
				GCC_OPTIMIZATION_LEVEL = 0;
				GCC_PREPROCESSOR_DEFINITIONS = (
					"DEBUG=1",
					"$(inherited)",
				);
				GCC_WARN_64_TO_32_BIT_CONVERSION = YES;
				GCC_WARN_ABOUT_RETURN_TYPE = YES_ERROR;
				GCC_WARN_UNDECLARED_SELECTOR = YES;
				GCC_WARN_UNINITIALIZED_AUTOS = YES_AGGRESSIVE;
				GCC_WARN_UNUSED_FUNCTION = YES;
				GCC_WARN_UNUSED_VARIABLE = YES;
				IPHONEOS_DEPLOYMENT_TARGET = 17.0;
				LOCALIZATION_PREFERS_STRING_CATALOGS = YES;
				MTL_ENABLE_DEBUG_INFO = INCLUDE_SOURCE;
				MTL_FAST_MATH = YES;
				ONLY_ACTIVE_ARCH = YES;
				SDKROOT = iphoneos;
				SWIFT_ACTIVE_COMPILATION_CONDITIONS = "DEBUG $(inherited)";
				SWIFT_OPTIMIZATION_LEVEL = "-Onone";
				VERSIONING_SYSTEM = "apple-generic";
				VERSION_INFO_PREFIX = "";
			};
			name = Debug;
		};
		ED13B7752AFEBB65003161D7 /* Release */ = {
			isa = XCBuildConfiguration;
			buildSettings = {
				ALWAYS_SEARCH_USER_PATHS = NO;
				ASSETCATALOG_COMPILER_GENERATE_SWIFT_ASSET_SYMBOL_EXTENSIONS = YES;
				CLANG_ANALYZER_NONNULL = YES;
				CLANG_ANALYZER_NUMBER_OBJECT_CONVERSION = YES_AGGRESSIVE;
				CLANG_CXX_LANGUAGE_STANDARD = "gnu++20";
				CLANG_ENABLE_MODULES = YES;
				CLANG_ENABLE_OBJC_ARC = YES;
				CLANG_ENABLE_OBJC_WEAK = YES;
				CLANG_WARN_BLOCK_CAPTURE_AUTORELEASING = YES;
				CLANG_WARN_BOOL_CONVERSION = YES;
				CLANG_WARN_COMMA = YES;
				CLANG_WARN_CONSTANT_CONVERSION = YES;
				CLANG_WARN_DEPRECATED_OBJC_IMPLEMENTATIONS = YES;
				CLANG_WARN_DIRECT_OBJC_ISA_USAGE = YES_ERROR;
				CLANG_WARN_DOCUMENTATION_COMMENTS = YES;
				CLANG_WARN_EMPTY_BODY = YES;
				CLANG_WARN_ENUM_CONVERSION = YES;
				CLANG_WARN_INFINITE_RECURSION = YES;
				CLANG_WARN_INT_CONVERSION = YES;
				CLANG_WARN_NON_LITERAL_NULL_CONVERSION = YES;
				CLANG_WARN_OBJC_IMPLICIT_RETAIN_SELF = YES;
				CLANG_WARN_OBJC_LITERAL_CONVERSION = YES;
				CLANG_WARN_OBJC_ROOT_CLASS = YES_ERROR;
				CLANG_WARN_QUOTED_INCLUDE_IN_FRAMEWORK_HEADER = YES;
				CLANG_WARN_RANGE_LOOP_ANALYSIS = YES;
				CLANG_WARN_STRICT_PROTOTYPES = YES;
				CLANG_WARN_SUSPICIOUS_MOVE = YES;
				CLANG_WARN_UNGUARDED_AVAILABILITY = YES_AGGRESSIVE;
				CLANG_WARN_UNREACHABLE_CODE = YES;
				CLANG_WARN__DUPLICATE_METHOD_MATCH = YES;
				COPY_PHASE_STRIP = NO;
				CURRENT_PROJECT_VERSION = 1;
				DEBUG_INFORMATION_FORMAT = "dwarf-with-dsym";
				ENABLE_NS_ASSERTIONS = NO;
				ENABLE_STRICT_OBJC_MSGSEND = YES;
				ENABLE_USER_SCRIPT_SANDBOXING = NO;
				GCC_C_LANGUAGE_STANDARD = gnu17;
				GCC_NO_COMMON_BLOCKS = YES;
				GCC_WARN_64_TO_32_BIT_CONVERSION = YES;
				GCC_WARN_ABOUT_RETURN_TYPE = YES_ERROR;
				GCC_WARN_UNDECLARED_SELECTOR = YES;
				GCC_WARN_UNINITIALIZED_AUTOS = YES_AGGRESSIVE;
				GCC_WARN_UNUSED_FUNCTION = YES;
				GCC_WARN_UNUSED_VARIABLE = YES;
				IPHONEOS_DEPLOYMENT_TARGET = 17.0;
				LOCALIZATION_PREFERS_STRING_CATALOGS = YES;
				MTL_ENABLE_DEBUG_INFO = NO;
				MTL_FAST_MATH = YES;
				SDKROOT = iphoneos;
				SWIFT_COMPILATION_MODE = wholemodule;
				VALIDATE_PRODUCT = YES;
				VERSIONING_SYSTEM = "apple-generic";
				VERSION_INFO_PREFIX = "";
			};
			name = Release;
		};
		ED13B7772AFEBB65003161D7 /* Debug */ = {
			isa = XCBuildConfiguration;
			baseConfigurationReference = B976CEC4C99063AD0B8B33D9 /* Pods-MonthlyBills.debug.xcconfig */;
			buildSettings = {
				CODE_SIGN_STYLE = Automatic;
				CURRENT_PROJECT_VERSION = 1;
				DEFINES_MODULE = YES;
				DEVELOPMENT_TEAM = 9Y7M54NCKD;
				DYLIB_COMPATIBILITY_VERSION = 1;
				DYLIB_CURRENT_VERSION = 1;
				DYLIB_INSTALL_NAME_BASE = "@rpath";
				ENABLE_MODULE_VERIFIER = YES;
				GENERATE_INFOPLIST_FILE = YES;
				INFOPLIST_KEY_NSHumanReadableCopyright = "";
				INFOPLIST_KEY_UIUserInterfaceStyle = Dark;
				INSTALL_PATH = "$(LOCAL_LIBRARY_DIR)/Frameworks";
				LD_RUNPATH_SEARCH_PATHS = (
					"$(inherited)",
					"@executable_path/Frameworks",
					"@loader_path/Frameworks",
				);
				MARKETING_VERSION = 1.0;
				MODULE_VERIFIER_SUPPORTED_LANGUAGES = "objective-c objective-c++";
				MODULE_VERIFIER_SUPPORTED_LANGUAGE_STANDARDS = "gnu17 gnu++20";
				PRODUCT_BUNDLE_IDENTIFIER = com.tiagolinharess.MonthlyBills;
				PRODUCT_NAME = "$(TARGET_NAME:c99extidentifier)";
				SKIP_INSTALL = YES;
				SUPPORTED_PLATFORMS = "iphoneos iphonesimulator";
				SUPPORTS_MACCATALYST = NO;
				SUPPORTS_MAC_DESIGNED_FOR_IPHONE_IPAD = NO;
				SWIFT_EMIT_LOC_STRINGS = YES;
				SWIFT_VERSION = 5.0;
				TARGETED_DEVICE_FAMILY = 1;
			};
			name = Debug;
		};
		ED13B7782AFEBB65003161D7 /* Release */ = {
			isa = XCBuildConfiguration;
			baseConfigurationReference = 28E6AC1C580865543B2AD8BA /* Pods-MonthlyBills.release.xcconfig */;
			buildSettings = {
				CODE_SIGN_STYLE = Automatic;
				CURRENT_PROJECT_VERSION = 1;
				DEFINES_MODULE = YES;
				DEVELOPMENT_TEAM = 9Y7M54NCKD;
				DYLIB_COMPATIBILITY_VERSION = 1;
				DYLIB_CURRENT_VERSION = 1;
				DYLIB_INSTALL_NAME_BASE = "@rpath";
				ENABLE_MODULE_VERIFIER = YES;
				GENERATE_INFOPLIST_FILE = YES;
				INFOPLIST_KEY_NSHumanReadableCopyright = "";
				INFOPLIST_KEY_UIUserInterfaceStyle = Dark;
				INSTALL_PATH = "$(LOCAL_LIBRARY_DIR)/Frameworks";
				LD_RUNPATH_SEARCH_PATHS = (
					"$(inherited)",
					"@executable_path/Frameworks",
					"@loader_path/Frameworks",
				);
				MARKETING_VERSION = 1.0;
				MODULE_VERIFIER_SUPPORTED_LANGUAGES = "objective-c objective-c++";
				MODULE_VERIFIER_SUPPORTED_LANGUAGE_STANDARDS = "gnu17 gnu++20";
				PRODUCT_BUNDLE_IDENTIFIER = com.tiagolinharess.MonthlyBills;
				PRODUCT_NAME = "$(TARGET_NAME:c99extidentifier)";
				SKIP_INSTALL = YES;
				SUPPORTED_PLATFORMS = "iphoneos iphonesimulator";
				SUPPORTS_MACCATALYST = NO;
				SUPPORTS_MAC_DESIGNED_FOR_IPHONE_IPAD = NO;
				SWIFT_EMIT_LOC_STRINGS = YES;
				SWIFT_VERSION = 5.0;
				TARGETED_DEVICE_FAMILY = 1;
			};
			name = Release;
		};
		EDDAD7102B4CC2DB00C0BCB6 /* Debug */ = {
			isa = XCBuildConfiguration;
			baseConfigurationReference = EABD483C49CA17BDD6C27C2E /* Pods-MonthlyBillsTests.debug.xcconfig */;
			buildSettings = {
				CLANG_ENABLE_MODULES = YES;
				CODE_SIGN_STYLE = Automatic;
				CURRENT_PROJECT_VERSION = 1;
				DEVELOPMENT_TEAM = 9Y7M54NCKD;
				ENABLE_USER_SCRIPT_SANDBOXING = NO;
				GENERATE_INFOPLIST_FILE = YES;
				MARKETING_VERSION = 1.0;
				PRODUCT_BUNDLE_IDENTIFIER = com.tiagolinharess.MonthlyBillsTests;
				PRODUCT_NAME = "$(TARGET_NAME)";
				SWIFT_EMIT_LOC_STRINGS = NO;
				SWIFT_OPTIMIZATION_LEVEL = "-Onone";
				SWIFT_VERSION = 5.0;
				TARGETED_DEVICE_FAMILY = "1,2";
			};
			name = Debug;
		};
		EDDAD7112B4CC2DB00C0BCB6 /* Release */ = {
			isa = XCBuildConfiguration;
			baseConfigurationReference = E9A4EA3A1AACF72B64D25685 /* Pods-MonthlyBillsTests.release.xcconfig */;
			buildSettings = {
				CLANG_ENABLE_MODULES = YES;
				CODE_SIGN_STYLE = Automatic;
				CURRENT_PROJECT_VERSION = 1;
				DEVELOPMENT_TEAM = 9Y7M54NCKD;
				ENABLE_USER_SCRIPT_SANDBOXING = NO;
				GENERATE_INFOPLIST_FILE = YES;
				MARKETING_VERSION = 1.0;
				PRODUCT_BUNDLE_IDENTIFIER = com.tiagolinharess.MonthlyBillsTests;
				PRODUCT_NAME = "$(TARGET_NAME)";
				SWIFT_EMIT_LOC_STRINGS = NO;
				SWIFT_VERSION = 5.0;
				TARGETED_DEVICE_FAMILY = "1,2";
			};
			name = Release;
		};
/* End XCBuildConfiguration section */

/* Begin XCConfigurationList section */
		ED13B7672AFEBB65003161D7 /* Build configuration list for PBXProject "MonthlyBills" */ = {
			isa = XCConfigurationList;
			buildConfigurations = (
				ED13B7742AFEBB65003161D7 /* Debug */,
				ED13B7752AFEBB65003161D7 /* Release */,
			);
			defaultConfigurationIsVisible = 0;
			defaultConfigurationName = Release;
		};
		ED13B7762AFEBB65003161D7 /* Build configuration list for PBXNativeTarget "MonthlyBills" */ = {
			isa = XCConfigurationList;
			buildConfigurations = (
				ED13B7772AFEBB65003161D7 /* Debug */,
				ED13B7782AFEBB65003161D7 /* Release */,
			);
			defaultConfigurationIsVisible = 0;
			defaultConfigurationName = Release;
		};
		EDDAD70F2B4CC2DB00C0BCB6 /* Build configuration list for PBXNativeTarget "MonthlyBillsTests" */ = {
			isa = XCConfigurationList;
			buildConfigurations = (
				EDDAD7102B4CC2DB00C0BCB6 /* Debug */,
				EDDAD7112B4CC2DB00C0BCB6 /* Release */,
			);
			defaultConfigurationIsVisible = 0;
			defaultConfigurationName = Release;
		};
/* End XCConfigurationList section */
	};
	rootObject = ED13B7642AFEBB65003161D7 /* Project object */;
}
