// !$*UTF8*$!
{
	archiveVersion = 1;
	classes = {
	};
	objectVersion = 56;
	objects = {

/* Begin PBXBuildFile section */
		58B80F386A2FE2FEB7A223BE /* Pods_FinancialControlTests.framework in Frameworks */ = {isa = PBXBuildFile; fileRef = CAF78198A5C97B7D8217F6F6 /* Pods_FinancialControlTests.framework */; };
		EDF406F32A9F9F2A004AC8A9 /* FinancialControlApp.swift in Sources */ = {isa = PBXBuildFile; fileRef = EDF406F22A9F9F2A004AC8A9 /* FinancialControlApp.swift */; };
		EDF406F52A9F9F2A004AC8A9 /* TabContainerView.swift in Sources */ = {isa = PBXBuildFile; fileRef = EDF406F42A9F9F2A004AC8A9 /* TabContainerView.swift */; };
		EDF406F72A9F9F2B004AC8A9 /* Assets.xcassets in Resources */ = {isa = PBXBuildFile; fileRef = EDF406F62A9F9F2B004AC8A9 /* Assets.xcassets */; };
		EDF406FB2A9F9F2B004AC8A9 /* Preview Assets.xcassets in Resources */ = {isa = PBXBuildFile; fileRef = EDF406FA2A9F9F2B004AC8A9 /* Preview Assets.xcassets */; };
		EDF407052A9F9F2B004AC8A9 /* FinancialControlTests.swift in Sources */ = {isa = PBXBuildFile; fileRef = EDF407042A9F9F2B004AC8A9 /* FinancialControlTests.swift */; };
		EDF407232A9FABFF004AC8A9 /* MonthlyFinancesHomeView.swift in Sources */ = {isa = PBXBuildFile; fileRef = EDF407222A9FABFF004AC8A9 /* MonthlyFinancesHomeView.swift */; };
		EDF407252A9FAC39004AC8A9 /* WeeklyFinancesHomeView.swift in Sources */ = {isa = PBXBuildFile; fileRef = EDF407242A9FAC39004AC8A9 /* WeeklyFinancesHomeView.swift */; };
		EDF4072E2A9FAE35004AC8A9 /* Constants.swift in Sources */ = {isa = PBXBuildFile; fileRef = EDF4072D2A9FAE35004AC8A9 /* Constants.swift */; };
		EDF407312AA00984004AC8A9 /* WeeklyFinancesHomeViewModel.swift in Sources */ = {isa = PBXBuildFile; fileRef = EDF407302AA00984004AC8A9 /* WeeklyFinancesHomeViewModel.swift */; };
		EDF407332AA00D00004AC8A9 /* WeeklyBudgetViewModel.swift in Sources */ = {isa = PBXBuildFile; fileRef = EDF407322AA00D00004AC8A9 /* WeeklyBudgetViewModel.swift */; };
		EDF407352AA00DD3004AC8A9 /* WeeklyExpenseViewModel.swift in Sources */ = {isa = PBXBuildFile; fileRef = EDF407342AA00DD3004AC8A9 /* WeeklyExpenseViewModel.swift */; };
		EDF407382AA00EB5004AC8A9 /* PaymentMode.swift in Sources */ = {isa = PBXBuildFile; fileRef = EDF407372AA00EB5004AC8A9 /* PaymentMode.swift */; };
		FB6978AA84D4013BF6F0176E /* Pods_FinancialControl.framework in Frameworks */ = {isa = PBXBuildFile; fileRef = 8660836D6F21F1A7F8275CA8 /* Pods_FinancialControl.framework */; };
/* End PBXBuildFile section */

/* Begin PBXContainerItemProxy section */
		EDF407012A9F9F2B004AC8A9 /* PBXContainerItemProxy */ = {
			isa = PBXContainerItemProxy;
			containerPortal = EDF406E72A9F9F2A004AC8A9 /* Project object */;
			proxyType = 1;
			remoteGlobalIDString = EDF406EE2A9F9F2A004AC8A9;
			remoteInfo = FinancialControl;
		};
/* End PBXContainerItemProxy section */

/* Begin PBXFileReference section */
		2151F8A8FC7AC5648641F29F /* Pods-FinancialControl.debug.xcconfig */ = {isa = PBXFileReference; includeInIndex = 1; lastKnownFileType = text.xcconfig; name = "Pods-FinancialControl.debug.xcconfig"; path = "Target Support Files/Pods-FinancialControl/Pods-FinancialControl.debug.xcconfig"; sourceTree = "<group>"; };
		4BE9786696B8D315FCBA23A6 /* Pods-FinancialControlTests.release.xcconfig */ = {isa = PBXFileReference; includeInIndex = 1; lastKnownFileType = text.xcconfig; name = "Pods-FinancialControlTests.release.xcconfig"; path = "Target Support Files/Pods-FinancialControlTests/Pods-FinancialControlTests.release.xcconfig"; sourceTree = "<group>"; };
		8660836D6F21F1A7F8275CA8 /* Pods_FinancialControl.framework */ = {isa = PBXFileReference; explicitFileType = wrapper.framework; includeInIndex = 0; path = Pods_FinancialControl.framework; sourceTree = BUILT_PRODUCTS_DIR; };
		9888B4BE44B6F4F9797EBBBE /* Pods-FinancialControl.release.xcconfig */ = {isa = PBXFileReference; includeInIndex = 1; lastKnownFileType = text.xcconfig; name = "Pods-FinancialControl.release.xcconfig"; path = "Target Support Files/Pods-FinancialControl/Pods-FinancialControl.release.xcconfig"; sourceTree = "<group>"; };
		CAF78198A5C97B7D8217F6F6 /* Pods_FinancialControlTests.framework */ = {isa = PBXFileReference; explicitFileType = wrapper.framework; includeInIndex = 0; path = Pods_FinancialControlTests.framework; sourceTree = BUILT_PRODUCTS_DIR; };
		EDF406EF2A9F9F2A004AC8A9 /* Financial Control.app */ = {isa = PBXFileReference; explicitFileType = wrapper.application; includeInIndex = 0; path = "Financial Control.app"; sourceTree = BUILT_PRODUCTS_DIR; };
		EDF406F22A9F9F2A004AC8A9 /* FinancialControlApp.swift */ = {isa = PBXFileReference; lastKnownFileType = sourcecode.swift; path = FinancialControlApp.swift; sourceTree = "<group>"; };
		EDF406F42A9F9F2A004AC8A9 /* TabContainerView.swift */ = {isa = PBXFileReference; lastKnownFileType = sourcecode.swift; path = TabContainerView.swift; sourceTree = "<group>"; };
		EDF406F62A9F9F2B004AC8A9 /* Assets.xcassets */ = {isa = PBXFileReference; lastKnownFileType = folder.assetcatalog; path = Assets.xcassets; sourceTree = "<group>"; };
		EDF406F82A9F9F2B004AC8A9 /* FinancialControl.entitlements */ = {isa = PBXFileReference; lastKnownFileType = text.plist.entitlements; path = FinancialControl.entitlements; sourceTree = "<group>"; };
		EDF406FA2A9F9F2B004AC8A9 /* Preview Assets.xcassets */ = {isa = PBXFileReference; lastKnownFileType = folder.assetcatalog; path = "Preview Assets.xcassets"; sourceTree = "<group>"; };
		EDF407002A9F9F2B004AC8A9 /* FinancialControlTests.xctest */ = {isa = PBXFileReference; explicitFileType = wrapper.cfbundle; includeInIndex = 0; path = FinancialControlTests.xctest; sourceTree = BUILT_PRODUCTS_DIR; };
		EDF407042A9F9F2B004AC8A9 /* FinancialControlTests.swift */ = {isa = PBXFileReference; lastKnownFileType = sourcecode.swift; path = FinancialControlTests.swift; sourceTree = "<group>"; };
		EDF407212A9FA87F004AC8A9 /* Info.plist */ = {isa = PBXFileReference; lastKnownFileType = text.plist; path = Info.plist; sourceTree = "<group>"; };
		EDF407222A9FABFF004AC8A9 /* MonthlyFinancesHomeView.swift */ = {isa = PBXFileReference; lastKnownFileType = sourcecode.swift; path = MonthlyFinancesHomeView.swift; sourceTree = "<group>"; };
		EDF407242A9FAC39004AC8A9 /* WeeklyFinancesHomeView.swift */ = {isa = PBXFileReference; lastKnownFileType = sourcecode.swift; path = WeeklyFinancesHomeView.swift; sourceTree = "<group>"; };
		EDF4072D2A9FAE35004AC8A9 /* Constants.swift */ = {isa = PBXFileReference; lastKnownFileType = sourcecode.swift; path = Constants.swift; sourceTree = "<group>"; };
		EDF407302AA00984004AC8A9 /* WeeklyFinancesHomeViewModel.swift */ = {isa = PBXFileReference; lastKnownFileType = sourcecode.swift; path = WeeklyFinancesHomeViewModel.swift; sourceTree = "<group>"; };
		EDF407322AA00D00004AC8A9 /* WeeklyBudgetViewModel.swift */ = {isa = PBXFileReference; lastKnownFileType = sourcecode.swift; path = WeeklyBudgetViewModel.swift; sourceTree = "<group>"; };
		EDF407342AA00DD3004AC8A9 /* WeeklyExpenseViewModel.swift */ = {isa = PBXFileReference; lastKnownFileType = sourcecode.swift; path = WeeklyExpenseViewModel.swift; sourceTree = "<group>"; };
		EDF407372AA00EB5004AC8A9 /* PaymentMode.swift */ = {isa = PBXFileReference; lastKnownFileType = sourcecode.swift; path = PaymentMode.swift; sourceTree = "<group>"; };
		FBAD207E9F2BEA56CBBA3DE8 /* Pods-FinancialControlTests.debug.xcconfig */ = {isa = PBXFileReference; includeInIndex = 1; lastKnownFileType = text.xcconfig; name = "Pods-FinancialControlTests.debug.xcconfig"; path = "Target Support Files/Pods-FinancialControlTests/Pods-FinancialControlTests.debug.xcconfig"; sourceTree = "<group>"; };
/* End PBXFileReference section */

/* Begin PBXFrameworksBuildPhase section */
		EDF406EC2A9F9F2A004AC8A9 /* Frameworks */ = {
			isa = PBXFrameworksBuildPhase;
			buildActionMask = 2147483647;
			files = (
				FB6978AA84D4013BF6F0176E /* Pods_FinancialControl.framework in Frameworks */,
			);
			runOnlyForDeploymentPostprocessing = 0;
		};
		EDF406FD2A9F9F2B004AC8A9 /* Frameworks */ = {
			isa = PBXFrameworksBuildPhase;
			buildActionMask = 2147483647;
			files = (
				58B80F386A2FE2FEB7A223BE /* Pods_FinancialControlTests.framework in Frameworks */,
			);
			runOnlyForDeploymentPostprocessing = 0;
		};
/* End PBXFrameworksBuildPhase section */

/* Begin PBXGroup section */
		1A35F5D7D7C8451D2EDBC7B4 /* Frameworks */ = {
			isa = PBXGroup;
			children = (
				8660836D6F21F1A7F8275CA8 /* Pods_FinancialControl.framework */,
				CAF78198A5C97B7D8217F6F6 /* Pods_FinancialControlTests.framework */,
			);
			name = Frameworks;
			sourceTree = "<group>";
		};
		3023E3DC806F5ED0EB4CD410 /* Pods */ = {
			isa = PBXGroup;
			children = (
				2151F8A8FC7AC5648641F29F /* Pods-FinancialControl.debug.xcconfig */,
				9888B4BE44B6F4F9797EBBBE /* Pods-FinancialControl.release.xcconfig */,
				FBAD207E9F2BEA56CBBA3DE8 /* Pods-FinancialControlTests.debug.xcconfig */,
				4BE9786696B8D315FCBA23A6 /* Pods-FinancialControlTests.release.xcconfig */,
			);
			path = Pods;
			sourceTree = "<group>";
		};
		EDF406E62A9F9F2A004AC8A9 = {
			isa = PBXGroup;
			children = (
				EDF406F12A9F9F2A004AC8A9 /* FinancialControl */,
				EDF407032A9F9F2B004AC8A9 /* FinancialControlTests */,
				EDF406F02A9F9F2A004AC8A9 /* Products */,
				3023E3DC806F5ED0EB4CD410 /* Pods */,
				1A35F5D7D7C8451D2EDBC7B4 /* Frameworks */,
			);
			sourceTree = "<group>";
		};
		EDF406F02A9F9F2A004AC8A9 /* Products */ = {
			isa = PBXGroup;
			children = (
				EDF406EF2A9F9F2A004AC8A9 /* Financial Control.app */,
				EDF407002A9F9F2B004AC8A9 /* FinancialControlTests.xctest */,
			);
			name = Products;
			sourceTree = "<group>";
		};
		EDF406F12A9F9F2A004AC8A9 /* FinancialControl */ = {
			isa = PBXGroup;
			children = (
				EDF407212A9FA87F004AC8A9 /* Info.plist */,
				EDF4071E2A9FA7F7004AC8A9 /* Sources */,
				EDF4071D2A9FA7E3004AC8A9 /* Resources */,
			);
			path = FinancialControl;
			sourceTree = "<group>";
		};
		EDF406F92A9F9F2B004AC8A9 /* Preview Content */ = {
			isa = PBXGroup;
			children = (
				EDF406FA2A9F9F2B004AC8A9 /* Preview Assets.xcassets */,
			);
			path = "Preview Content";
			sourceTree = "<group>";
		};
		EDF407032A9F9F2B004AC8A9 /* FinancialControlTests */ = {
			isa = PBXGroup;
			children = (
				EDF407042A9F9F2B004AC8A9 /* FinancialControlTests.swift */,
			);
			path = FinancialControlTests;
			sourceTree = "<group>";
		};
		EDF4071D2A9FA7E3004AC8A9 /* Resources */ = {
			isa = PBXGroup;
			children = (
				EDF406F92A9F9F2B004AC8A9 /* Preview Content */,
				EDF406F62A9F9F2B004AC8A9 /* Assets.xcassets */,
				EDF406F82A9F9F2B004AC8A9 /* FinancialControl.entitlements */,
			);
			path = Resources;
			sourceTree = "<group>";
		};
		EDF4071E2A9FA7F7004AC8A9 /* Sources */ = {
			isa = PBXGroup;
			children = (
				EDF4072B2A9FAE17004AC8A9 /* Models */,
				EDF4071F2A9FA802004AC8A9 /* Core */,
				EDF407202A9FA81F004AC8A9 /* Scenes */,
			);
			path = Sources;
			sourceTree = "<group>";
		};
		EDF4071F2A9FA802004AC8A9 /* Core */ = {
			isa = PBXGroup;
			children = (
				EDF406F22A9F9F2A004AC8A9 /* FinancialControlApp.swift */,
			);
			path = Core;
			sourceTree = "<group>";
		};
		EDF407202A9FA81F004AC8A9 /* Scenes */ = {
			isa = PBXGroup;
			children = (
				EDF407292A9FAD53004AC8A9 /* Weekly */,
				EDF407272A9FAD3F004AC8A9 /* Monthly */,
				EDF407262A9FAD2D004AC8A9 /* TabContainer */,
			);
			path = Scenes;
			sourceTree = "<group>";
		};
		EDF407262A9FAD2D004AC8A9 /* TabContainer */ = {
			isa = PBXGroup;
			children = (
				EDF406F42A9F9F2A004AC8A9 /* TabContainerView.swift */,
			);
			path = TabContainer;
			sourceTree = "<group>";
		};
		EDF407272A9FAD3F004AC8A9 /* Monthly */ = {
			isa = PBXGroup;
			children = (
				EDF407282A9FAD47004AC8A9 /* Home */,
			);
			path = Monthly;
			sourceTree = "<group>";
		};
		EDF407282A9FAD47004AC8A9 /* Home */ = {
			isa = PBXGroup;
			children = (
				EDF407222A9FABFF004AC8A9 /* MonthlyFinancesHomeView.swift */,
			);
			path = Home;
			sourceTree = "<group>";
		};
		EDF407292A9FAD53004AC8A9 /* Weekly */ = {
			isa = PBXGroup;
			children = (
				EDF4072A2A9FAD5A004AC8A9 /* Home */,
			);
			path = Weekly;
			sourceTree = "<group>";
		};
		EDF4072A2A9FAD5A004AC8A9 /* Home */ = {
			isa = PBXGroup;
			children = (
				EDF407242A9FAC39004AC8A9 /* WeeklyFinancesHomeView.swift */,
				EDF407302AA00984004AC8A9 /* WeeklyFinancesHomeViewModel.swift */,
			);
			path = Home;
			sourceTree = "<group>";
		};
		EDF4072B2A9FAE17004AC8A9 /* Models */ = {
			isa = PBXGroup;
			children = (
				EDF407362AA00E9E004AC8A9 /* Commons */,
				EDF4072F2A9FF429004AC8A9 /* Weekly */,
				EDF4072C2A9FAE23004AC8A9 /* Constants */,
			);
			path = Models;
			sourceTree = "<group>";
		};
		EDF4072C2A9FAE23004AC8A9 /* Constants */ = {
			isa = PBXGroup;
			children = (
				EDF4072D2A9FAE35004AC8A9 /* Constants.swift */,
			);
			path = Constants;
			sourceTree = "<group>";
		};
		EDF4072F2A9FF429004AC8A9 /* Weekly */ = {
			isa = PBXGroup;
			children = (
				EDF407322AA00D00004AC8A9 /* WeeklyBudgetViewModel.swift */,
				EDF407342AA00DD3004AC8A9 /* WeeklyExpenseViewModel.swift */,
			);
			path = Weekly;
			sourceTree = "<group>";
		};
		EDF407362AA00E9E004AC8A9 /* Commons */ = {
			isa = PBXGroup;
			children = (
				EDF407372AA00EB5004AC8A9 /* PaymentMode.swift */,
			);
			path = Commons;
			sourceTree = "<group>";
		};
/* End PBXGroup section */

/* Begin PBXNativeTarget section */
		EDF406EE2A9F9F2A004AC8A9 /* FinancialControl */ = {
			isa = PBXNativeTarget;
			buildConfigurationList = EDF407142A9F9F2B004AC8A9 /* Build configuration list for PBXNativeTarget "FinancialControl" */;
			buildPhases = (
				BDAC3288E1ACA947DDA92385 /* [CP] Check Pods Manifest.lock */,
				EDF406EB2A9F9F2A004AC8A9 /* Sources */,
				EDF406EC2A9F9F2A004AC8A9 /* Frameworks */,
				EDF406ED2A9F9F2A004AC8A9 /* Resources */,
				12EEC5983BAC708CBE14E070 /* [CP] Embed Pods Frameworks */,
			);
			buildRules = (
			);
			dependencies = (
			);
			name = FinancialControl;
			productName = FinancialControl;
			productReference = EDF406EF2A9F9F2A004AC8A9 /* Financial Control.app */;
			productType = "com.apple.product-type.application";
		};
		EDF406FF2A9F9F2B004AC8A9 /* FinancialControlTests */ = {
			isa = PBXNativeTarget;
			buildConfigurationList = EDF407172A9F9F2B004AC8A9 /* Build configuration list for PBXNativeTarget "FinancialControlTests" */;
			buildPhases = (
				572C7AEFD45FDF9B8ADD5F72 /* [CP] Check Pods Manifest.lock */,
				EDF406FC2A9F9F2B004AC8A9 /* Sources */,
				EDF406FD2A9F9F2B004AC8A9 /* Frameworks */,
				EDF406FE2A9F9F2B004AC8A9 /* Resources */,
			);
			buildRules = (
			);
			dependencies = (
				EDF407022A9F9F2B004AC8A9 /* PBXTargetDependency */,
			);
			name = FinancialControlTests;
			productName = FinancialControlTests;
			productReference = EDF407002A9F9F2B004AC8A9 /* FinancialControlTests.xctest */;
			productType = "com.apple.product-type.bundle.unit-test";
		};
/* End PBXNativeTarget section */

/* Begin PBXProject section */
		EDF406E72A9F9F2A004AC8A9 /* Project object */ = {
			isa = PBXProject;
			attributes = {
				BuildIndependentTargetsInParallel = 1;
				LastSwiftUpdateCheck = 1430;
				LastUpgradeCheck = 1430;
				TargetAttributes = {
					EDF406EE2A9F9F2A004AC8A9 = {
						CreatedOnToolsVersion = 14.3.1;
					};
					EDF406FF2A9F9F2B004AC8A9 = {
						CreatedOnToolsVersion = 14.3.1;
						TestTargetID = EDF406EE2A9F9F2A004AC8A9;
					};
				};
			};
			buildConfigurationList = EDF406EA2A9F9F2A004AC8A9 /* Build configuration list for PBXProject "FinancialControl" */;
			compatibilityVersion = "Xcode 14.0";
			developmentRegion = en;
			hasScannedForEncodings = 0;
			knownRegions = (
				en,
				Base,
			);
			mainGroup = EDF406E62A9F9F2A004AC8A9;
			productRefGroup = EDF406F02A9F9F2A004AC8A9 /* Products */;
			projectDirPath = "";
			projectRoot = "";
			targets = (
				EDF406EE2A9F9F2A004AC8A9 /* FinancialControl */,
				EDF406FF2A9F9F2B004AC8A9 /* FinancialControlTests */,
			);
		};
/* End PBXProject section */

/* Begin PBXResourcesBuildPhase section */
		EDF406ED2A9F9F2A004AC8A9 /* Resources */ = {
			isa = PBXResourcesBuildPhase;
			buildActionMask = 2147483647;
			files = (
				EDF406FB2A9F9F2B004AC8A9 /* Preview Assets.xcassets in Resources */,
				EDF406F72A9F9F2B004AC8A9 /* Assets.xcassets in Resources */,
			);
			runOnlyForDeploymentPostprocessing = 0;
		};
		EDF406FE2A9F9F2B004AC8A9 /* Resources */ = {
			isa = PBXResourcesBuildPhase;
			buildActionMask = 2147483647;
			files = (
			);
			runOnlyForDeploymentPostprocessing = 0;
		};
/* End PBXResourcesBuildPhase section */

/* Begin PBXShellScriptBuildPhase section */
		12EEC5983BAC708CBE14E070 /* [CP] Embed Pods Frameworks */ = {
			isa = PBXShellScriptBuildPhase;
			buildActionMask = 2147483647;
			files = (
			);
			inputFileListPaths = (
				"${PODS_ROOT}/Target Support Files/Pods-FinancialControl/Pods-FinancialControl-frameworks-${CONFIGURATION}-input-files.xcfilelist",
			);
			name = "[CP] Embed Pods Frameworks";
			outputFileListPaths = (
				"${PODS_ROOT}/Target Support Files/Pods-FinancialControl/Pods-FinancialControl-frameworks-${CONFIGURATION}-output-files.xcfilelist",
			);
			runOnlyForDeploymentPostprocessing = 0;
			shellPath = /bin/sh;
			shellScript = "\"${PODS_ROOT}/Target Support Files/Pods-FinancialControl/Pods-FinancialControl-frameworks.sh\"\n";
			showEnvVarsInLog = 0;
		};
		572C7AEFD45FDF9B8ADD5F72 /* [CP] Check Pods Manifest.lock */ = {
			isa = PBXShellScriptBuildPhase;
			buildActionMask = 2147483647;
			files = (
			);
			inputFileListPaths = (
			);
			inputPaths = (
				"${PODS_PODFILE_DIR_PATH}/Podfile.lock",
				"${PODS_ROOT}/Manifest.lock",
			);
			name = "[CP] Check Pods Manifest.lock";
			outputFileListPaths = (
			);
			outputPaths = (
				"$(DERIVED_FILE_DIR)/Pods-FinancialControlTests-checkManifestLockResult.txt",
			);
			runOnlyForDeploymentPostprocessing = 0;
			shellPath = /bin/sh;
			shellScript = "diff \"${PODS_PODFILE_DIR_PATH}/Podfile.lock\" \"${PODS_ROOT}/Manifest.lock\" > /dev/null\nif [ $? != 0 ] ; then\n    # print error to STDERR\n    echo \"error: The sandbox is not in sync with the Podfile.lock. Run 'pod install' or update your CocoaPods installation.\" >&2\n    exit 1\nfi\n# This output is used by Xcode 'outputs' to avoid re-running this script phase.\necho \"SUCCESS\" > \"${SCRIPT_OUTPUT_FILE_0}\"\n";
			showEnvVarsInLog = 0;
		};
		BDAC3288E1ACA947DDA92385 /* [CP] Check Pods Manifest.lock */ = {
			isa = PBXShellScriptBuildPhase;
			buildActionMask = 2147483647;
			files = (
			);
			inputFileListPaths = (
			);
			inputPaths = (
				"${PODS_PODFILE_DIR_PATH}/Podfile.lock",
				"${PODS_ROOT}/Manifest.lock",
			);
			name = "[CP] Check Pods Manifest.lock";
			outputFileListPaths = (
			);
			outputPaths = (
				"$(DERIVED_FILE_DIR)/Pods-FinancialControl-checkManifestLockResult.txt",
			);
			runOnlyForDeploymentPostprocessing = 0;
			shellPath = /bin/sh;
			shellScript = "diff \"${PODS_PODFILE_DIR_PATH}/Podfile.lock\" \"${PODS_ROOT}/Manifest.lock\" > /dev/null\nif [ $? != 0 ] ; then\n    # print error to STDERR\n    echo \"error: The sandbox is not in sync with the Podfile.lock. Run 'pod install' or update your CocoaPods installation.\" >&2\n    exit 1\nfi\n# This output is used by Xcode 'outputs' to avoid re-running this script phase.\necho \"SUCCESS\" > \"${SCRIPT_OUTPUT_FILE_0}\"\n";
			showEnvVarsInLog = 0;
		};
/* End PBXShellScriptBuildPhase section */

/* Begin PBXSourcesBuildPhase section */
		EDF406EB2A9F9F2A004AC8A9 /* Sources */ = {
			isa = PBXSourcesBuildPhase;
			buildActionMask = 2147483647;
			files = (
				EDF4072E2A9FAE35004AC8A9 /* Constants.swift in Sources */,
				EDF407382AA00EB5004AC8A9 /* PaymentMode.swift in Sources */,
				EDF406F52A9F9F2A004AC8A9 /* TabContainerView.swift in Sources */,
				EDF407332AA00D00004AC8A9 /* WeeklyBudgetViewModel.swift in Sources */,
				EDF407312AA00984004AC8A9 /* WeeklyFinancesHomeViewModel.swift in Sources */,
				EDF407352AA00DD3004AC8A9 /* WeeklyExpenseViewModel.swift in Sources */,
				EDF406F32A9F9F2A004AC8A9 /* FinancialControlApp.swift in Sources */,
				EDF407232A9FABFF004AC8A9 /* MonthlyFinancesHomeView.swift in Sources */,
				EDF407252A9FAC39004AC8A9 /* WeeklyFinancesHomeView.swift in Sources */,
			);
			runOnlyForDeploymentPostprocessing = 0;
		};
		EDF406FC2A9F9F2B004AC8A9 /* Sources */ = {
			isa = PBXSourcesBuildPhase;
			buildActionMask = 2147483647;
			files = (
				EDF407052A9F9F2B004AC8A9 /* FinancialControlTests.swift in Sources */,
			);
			runOnlyForDeploymentPostprocessing = 0;
		};
/* End PBXSourcesBuildPhase section */

/* Begin PBXTargetDependency section */
		EDF407022A9F9F2B004AC8A9 /* PBXTargetDependency */ = {
			isa = PBXTargetDependency;
			target = EDF406EE2A9F9F2A004AC8A9 /* FinancialControl */;
			targetProxy = EDF407012A9F9F2B004AC8A9 /* PBXContainerItemProxy */;
		};
/* End PBXTargetDependency section */

/* Begin XCBuildConfiguration section */
		EDF407122A9F9F2B004AC8A9 /* Debug */ = {
			isa = XCBuildConfiguration;
			buildSettings = {
				ALWAYS_SEARCH_USER_PATHS = NO;
				CLANG_ANALYZER_NONNULL = YES;
				CLANG_ANALYZER_NUMBER_OBJECT_CONVERSION = YES_AGGRESSIVE;
				CLANG_CXX_LANGUAGE_STANDARD = "gnu++20";
				CLANG_ENABLE_MODULES = YES;
				CLANG_ENABLE_OBJC_ARC = YES;
				CLANG_ENABLE_OBJC_WEAK = YES;
				CLANG_WARN_BLOCK_CAPTURE_AUTORELEASING = YES;
				CLANG_WARN_BOOL_CONVERSION = YES;
				CLANG_WARN_COMMA = YES;
				CLANG_WARN_CONSTANT_CONVERSION = YES;
				CLANG_WARN_DEPRECATED_OBJC_IMPLEMENTATIONS = YES;
				CLANG_WARN_DIRECT_OBJC_ISA_USAGE = YES_ERROR;
				CLANG_WARN_DOCUMENTATION_COMMENTS = YES;
				CLANG_WARN_EMPTY_BODY = YES;
				CLANG_WARN_ENUM_CONVERSION = YES;
				CLANG_WARN_INFINITE_RECURSION = YES;
				CLANG_WARN_INT_CONVERSION = YES;
				CLANG_WARN_NON_LITERAL_NULL_CONVERSION = YES;
				CLANG_WARN_OBJC_IMPLICIT_RETAIN_SELF = YES;
				CLANG_WARN_OBJC_LITERAL_CONVERSION = YES;
				CLANG_WARN_OBJC_ROOT_CLASS = YES_ERROR;
				CLANG_WARN_QUOTED_INCLUDE_IN_FRAMEWORK_HEADER = YES;
				CLANG_WARN_RANGE_LOOP_ANALYSIS = YES;
				CLANG_WARN_STRICT_PROTOTYPES = YES;
				CLANG_WARN_SUSPICIOUS_MOVE = YES;
				CLANG_WARN_UNGUARDED_AVAILABILITY = YES_AGGRESSIVE;
				CLANG_WARN_UNREACHABLE_CODE = YES;
				CLANG_WARN__DUPLICATE_METHOD_MATCH = YES;
				COPY_PHASE_STRIP = NO;
				DEBUG_INFORMATION_FORMAT = dwarf;
				ENABLE_STRICT_OBJC_MSGSEND = YES;
				ENABLE_TESTABILITY = YES;
				GCC_C_LANGUAGE_STANDARD = gnu11;
				GCC_DYNAMIC_NO_PIC = NO;
				GCC_NO_COMMON_BLOCKS = YES;
				GCC_OPTIMIZATION_LEVEL = 0;
				GCC_PREPROCESSOR_DEFINITIONS = (
					"DEBUG=1",
					"$(inherited)",
				);
				GCC_WARN_64_TO_32_BIT_CONVERSION = YES;
				GCC_WARN_ABOUT_RETURN_TYPE = YES_ERROR;
				GCC_WARN_UNDECLARED_SELECTOR = YES;
				GCC_WARN_UNINITIALIZED_AUTOS = YES_AGGRESSIVE;
				GCC_WARN_UNUSED_FUNCTION = YES;
				GCC_WARN_UNUSED_VARIABLE = YES;
				MTL_ENABLE_DEBUG_INFO = INCLUDE_SOURCE;
				MTL_FAST_MATH = YES;
				ONLY_ACTIVE_ARCH = YES;
				SWIFT_ACTIVE_COMPILATION_CONDITIONS = DEBUG;
				SWIFT_OPTIMIZATION_LEVEL = "-Onone";
			};
			name = Debug;
		};
		EDF407132A9F9F2B004AC8A9 /* Release */ = {
			isa = XCBuildConfiguration;
			buildSettings = {
				ALWAYS_SEARCH_USER_PATHS = NO;
				CLANG_ANALYZER_NONNULL = YES;
				CLANG_ANALYZER_NUMBER_OBJECT_CONVERSION = YES_AGGRESSIVE;
				CLANG_CXX_LANGUAGE_STANDARD = "gnu++20";
				CLANG_ENABLE_MODULES = YES;
				CLANG_ENABLE_OBJC_ARC = YES;
				CLANG_ENABLE_OBJC_WEAK = YES;
				CLANG_WARN_BLOCK_CAPTURE_AUTORELEASING = YES;
				CLANG_WARN_BOOL_CONVERSION = YES;
				CLANG_WARN_COMMA = YES;
				CLANG_WARN_CONSTANT_CONVERSION = YES;
				CLANG_WARN_DEPRECATED_OBJC_IMPLEMENTATIONS = YES;
				CLANG_WARN_DIRECT_OBJC_ISA_USAGE = YES_ERROR;
				CLANG_WARN_DOCUMENTATION_COMMENTS = YES;
				CLANG_WARN_EMPTY_BODY = YES;
				CLANG_WARN_ENUM_CONVERSION = YES;
				CLANG_WARN_INFINITE_RECURSION = YES;
				CLANG_WARN_INT_CONVERSION = YES;
				CLANG_WARN_NON_LITERAL_NULL_CONVERSION = YES;
				CLANG_WARN_OBJC_IMPLICIT_RETAIN_SELF = YES;
				CLANG_WARN_OBJC_LITERAL_CONVERSION = YES;
				CLANG_WARN_OBJC_ROOT_CLASS = YES_ERROR;
				CLANG_WARN_QUOTED_INCLUDE_IN_FRAMEWORK_HEADER = YES;
				CLANG_WARN_RANGE_LOOP_ANALYSIS = YES;
				CLANG_WARN_STRICT_PROTOTYPES = YES;
				CLANG_WARN_SUSPICIOUS_MOVE = YES;
				CLANG_WARN_UNGUARDED_AVAILABILITY = YES_AGGRESSIVE;
				CLANG_WARN_UNREACHABLE_CODE = YES;
				CLANG_WARN__DUPLICATE_METHOD_MATCH = YES;
				COPY_PHASE_STRIP = NO;
				DEBUG_INFORMATION_FORMAT = "dwarf-with-dsym";
				ENABLE_NS_ASSERTIONS = NO;
				ENABLE_STRICT_OBJC_MSGSEND = YES;
				GCC_C_LANGUAGE_STANDARD = gnu11;
				GCC_NO_COMMON_BLOCKS = YES;
				GCC_WARN_64_TO_32_BIT_CONVERSION = YES;
				GCC_WARN_ABOUT_RETURN_TYPE = YES_ERROR;
				GCC_WARN_UNDECLARED_SELECTOR = YES;
				GCC_WARN_UNINITIALIZED_AUTOS = YES_AGGRESSIVE;
				GCC_WARN_UNUSED_FUNCTION = YES;
				GCC_WARN_UNUSED_VARIABLE = YES;
				MTL_ENABLE_DEBUG_INFO = NO;
				MTL_FAST_MATH = YES;
				SWIFT_COMPILATION_MODE = wholemodule;
				SWIFT_OPTIMIZATION_LEVEL = "-O";
			};
			name = Release;
		};
		EDF407152A9F9F2B004AC8A9 /* Debug */ = {
			isa = XCBuildConfiguration;
			baseConfigurationReference = 2151F8A8FC7AC5648641F29F /* Pods-FinancialControl.debug.xcconfig */;
			buildSettings = {
				ASSETCATALOG_COMPILER_APPICON_NAME = AppIcon;
				ASSETCATALOG_COMPILER_GLOBAL_ACCENT_COLOR_NAME = AccentColor;
				CODE_SIGN_ENTITLEMENTS = FinancialControl/Resources/FinancialControl.entitlements;
				CODE_SIGN_STYLE = Automatic;
				CURRENT_PROJECT_VERSION = 1;
				DEVELOPMENT_ASSET_PATHS = "\"FinancialControl/Resources/Preview Content\"";
				DEVELOPMENT_TEAM = 9Y7M54NCKD;
				ENABLE_HARDENED_RUNTIME = YES;
				ENABLE_PREVIEWS = YES;
				GENERATE_INFOPLIST_FILE = YES;
				INFOPLIST_FILE = FinancialControl/Info.plist;
				"INFOPLIST_KEY_UIApplicationSceneManifest_Generation[sdk=iphoneos*]" = YES;
				"INFOPLIST_KEY_UIApplicationSceneManifest_Generation[sdk=iphonesimulator*]" = YES;
				"INFOPLIST_KEY_UIApplicationSupportsIndirectInputEvents[sdk=iphoneos*]" = YES;
				"INFOPLIST_KEY_UIApplicationSupportsIndirectInputEvents[sdk=iphonesimulator*]" = YES;
				"INFOPLIST_KEY_UILaunchScreen_Generation[sdk=iphoneos*]" = YES;
				"INFOPLIST_KEY_UILaunchScreen_Generation[sdk=iphonesimulator*]" = YES;
				"INFOPLIST_KEY_UIStatusBarStyle[sdk=iphoneos*]" = UIStatusBarStyleDefault;
				"INFOPLIST_KEY_UIStatusBarStyle[sdk=iphonesimulator*]" = UIStatusBarStyleDefault;
				INFOPLIST_KEY_UISupportedInterfaceOrientations_iPad = "UIInterfaceOrientationPortrait UIInterfaceOrientationPortraitUpsideDown UIInterfaceOrientationLandscapeLeft UIInterfaceOrientationLandscapeRight";
				INFOPLIST_KEY_UISupportedInterfaceOrientations_iPhone = "UIInterfaceOrientationPortrait UIInterfaceOrientationLandscapeLeft UIInterfaceOrientationLandscapeRight";
				INFOPLIST_KEY_UIUserInterfaceStyle = Dark;
				IPHONEOS_DEPLOYMENT_TARGET = 16.4;
				LD_RUNPATH_SEARCH_PATHS = "@executable_path/Frameworks";
				"LD_RUNPATH_SEARCH_PATHS[sdk=macosx*]" = "@executable_path/../Frameworks";
				MACOSX_DEPLOYMENT_TARGET = 13.3;
				MARKETING_VERSION = 1.0;
				PRODUCT_BUNDLE_IDENTIFIER = com.tiagolinharess.FinancialControl.device;
				PRODUCT_NAME = "Financial Control";
				SDKROOT = auto;
				SUPPORTED_PLATFORMS = "iphoneos iphonesimulator";
				SUPPORTS_MACCATALYST = NO;
				SUPPORTS_MAC_DESIGNED_FOR_IPHONE_IPAD = NO;
				SWIFT_EMIT_LOC_STRINGS = YES;
				SWIFT_VERSION = 5.0;
				TARGETED_DEVICE_FAMILY = 1;
			};
			name = Debug;
		};
		EDF407162A9F9F2B004AC8A9 /* Release */ = {
			isa = XCBuildConfiguration;
			baseConfigurationReference = 9888B4BE44B6F4F9797EBBBE /* Pods-FinancialControl.release.xcconfig */;
			buildSettings = {
				ASSETCATALOG_COMPILER_APPICON_NAME = AppIcon;
				ASSETCATALOG_COMPILER_GLOBAL_ACCENT_COLOR_NAME = AccentColor;
				CODE_SIGN_ENTITLEMENTS = FinancialControl/Resources/FinancialControl.entitlements;
				CODE_SIGN_STYLE = Automatic;
				CURRENT_PROJECT_VERSION = 1;
				DEVELOPMENT_ASSET_PATHS = "\"FinancialControl/Resources/Preview Content\"";
				DEVELOPMENT_TEAM = 9Y7M54NCKD;
				ENABLE_HARDENED_RUNTIME = YES;
				ENABLE_PREVIEWS = YES;
				GENERATE_INFOPLIST_FILE = YES;
				INFOPLIST_FILE = FinancialControl/Info.plist;
				"INFOPLIST_KEY_UIApplicationSceneManifest_Generation[sdk=iphoneos*]" = YES;
				"INFOPLIST_KEY_UIApplicationSceneManifest_Generation[sdk=iphonesimulator*]" = YES;
				"INFOPLIST_KEY_UIApplicationSupportsIndirectInputEvents[sdk=iphoneos*]" = YES;
				"INFOPLIST_KEY_UIApplicationSupportsIndirectInputEvents[sdk=iphonesimulator*]" = YES;
				"INFOPLIST_KEY_UILaunchScreen_Generation[sdk=iphoneos*]" = YES;
				"INFOPLIST_KEY_UILaunchScreen_Generation[sdk=iphonesimulator*]" = YES;
				"INFOPLIST_KEY_UIStatusBarStyle[sdk=iphoneos*]" = UIStatusBarStyleDefault;
				"INFOPLIST_KEY_UIStatusBarStyle[sdk=iphonesimulator*]" = UIStatusBarStyleDefault;
				INFOPLIST_KEY_UISupportedInterfaceOrientations_iPad = "UIInterfaceOrientationPortrait UIInterfaceOrientationPortraitUpsideDown UIInterfaceOrientationLandscapeLeft UIInterfaceOrientationLandscapeRight";
				INFOPLIST_KEY_UISupportedInterfaceOrientations_iPhone = "UIInterfaceOrientationPortrait UIInterfaceOrientationLandscapeLeft UIInterfaceOrientationLandscapeRight";
				INFOPLIST_KEY_UIUserInterfaceStyle = Dark;
				IPHONEOS_DEPLOYMENT_TARGET = 16.4;
				LD_RUNPATH_SEARCH_PATHS = "@executable_path/Frameworks";
				"LD_RUNPATH_SEARCH_PATHS[sdk=macosx*]" = "@executable_path/../Frameworks";
				MACOSX_DEPLOYMENT_TARGET = 13.3;
				MARKETING_VERSION = 1.0;
				PRODUCT_BUNDLE_IDENTIFIER = com.tiagolinharess.FinancialControl.device;
				PRODUCT_NAME = "Financial Control";
				SDKROOT = auto;
				SUPPORTED_PLATFORMS = "iphoneos iphonesimulator";
				SUPPORTS_MACCATALYST = NO;
				SUPPORTS_MAC_DESIGNED_FOR_IPHONE_IPAD = NO;
				SWIFT_EMIT_LOC_STRINGS = YES;
				SWIFT_VERSION = 5.0;
				TARGETED_DEVICE_FAMILY = 1;
			};
			name = Release;
		};
		EDF407182A9F9F2B004AC8A9 /* Debug */ = {
			isa = XCBuildConfiguration;
			baseConfigurationReference = FBAD207E9F2BEA56CBBA3DE8 /* Pods-FinancialControlTests.debug.xcconfig */;
			buildSettings = {
				ALWAYS_EMBED_SWIFT_STANDARD_LIBRARIES = YES;
				BUNDLE_LOADER = "$(TEST_HOST)";
				CODE_SIGN_STYLE = Automatic;
				CURRENT_PROJECT_VERSION = 1;
				DEVELOPMENT_TEAM = 9Y7M54NCKD;
				GENERATE_INFOPLIST_FILE = YES;
				IPHONEOS_DEPLOYMENT_TARGET = 16.4;
				MACOSX_DEPLOYMENT_TARGET = 13.3;
				MARKETING_VERSION = 1.0;
				PRODUCT_BUNDLE_IDENTIFIER = com.tiagolinharess.FinancialControlTests;
				PRODUCT_NAME = "$(TARGET_NAME)";
				SDKROOT = auto;
				SUPPORTED_PLATFORMS = "iphoneos iphonesimulator macosx";
				SWIFT_EMIT_LOC_STRINGS = NO;
				SWIFT_VERSION = 5.0;
				TARGETED_DEVICE_FAMILY = "1,2";
				TEST_HOST = "$(BUILT_PRODUCTS_DIR)/FinancialControl.app/$(BUNDLE_EXECUTABLE_FOLDER_PATH)/FinancialControl";
			};
			name = Debug;
		};
		EDF407192A9F9F2B004AC8A9 /* Release */ = {
			isa = XCBuildConfiguration;
			baseConfigurationReference = 4BE9786696B8D315FCBA23A6 /* Pods-FinancialControlTests.release.xcconfig */;
			buildSettings = {
				ALWAYS_EMBED_SWIFT_STANDARD_LIBRARIES = YES;
				BUNDLE_LOADER = "$(TEST_HOST)";
				CODE_SIGN_STYLE = Automatic;
				CURRENT_PROJECT_VERSION = 1;
				DEVELOPMENT_TEAM = 9Y7M54NCKD;
				GENERATE_INFOPLIST_FILE = YES;
				IPHONEOS_DEPLOYMENT_TARGET = 16.4;
				MACOSX_DEPLOYMENT_TARGET = 13.3;
				MARKETING_VERSION = 1.0;
				PRODUCT_BUNDLE_IDENTIFIER = com.tiagolinharess.FinancialControlTests;
				PRODUCT_NAME = "$(TARGET_NAME)";
				SDKROOT = auto;
				SUPPORTED_PLATFORMS = "iphoneos iphonesimulator macosx";
				SWIFT_EMIT_LOC_STRINGS = NO;
				SWIFT_VERSION = 5.0;
				TARGETED_DEVICE_FAMILY = "1,2";
				TEST_HOST = "$(BUILT_PRODUCTS_DIR)/FinancialControl.app/$(BUNDLE_EXECUTABLE_FOLDER_PATH)/FinancialControl";
			};
			name = Release;
		};
/* End XCBuildConfiguration section */

/* Begin XCConfigurationList section */
		EDF406EA2A9F9F2A004AC8A9 /* Build configuration list for PBXProject "FinancialControl" */ = {
			isa = XCConfigurationList;
			buildConfigurations = (
				EDF407122A9F9F2B004AC8A9 /* Debug */,
				EDF407132A9F9F2B004AC8A9 /* Release */,
			);
			defaultConfigurationIsVisible = 0;
			defaultConfigurationName = Release;
		};
		EDF407142A9F9F2B004AC8A9 /* Build configuration list for PBXNativeTarget "FinancialControl" */ = {
			isa = XCConfigurationList;
			buildConfigurations = (
				EDF407152A9F9F2B004AC8A9 /* Debug */,
				EDF407162A9F9F2B004AC8A9 /* Release */,
			);
			defaultConfigurationIsVisible = 0;
			defaultConfigurationName = Release;
		};
		EDF407172A9F9F2B004AC8A9 /* Build configuration list for PBXNativeTarget "FinancialControlTests" */ = {
			isa = XCConfigurationList;
			buildConfigurations = (
				EDF407182A9F9F2B004AC8A9 /* Debug */,
				EDF407192A9F9F2B004AC8A9 /* Release */,
			);
			defaultConfigurationIsVisible = 0;
			defaultConfigurationName = Release;
		};
/* End XCConfigurationList section */
	};
	rootObject = EDF406E72A9F9F2A004AC8A9 /* Project object */;
}
