// !$*UTF8*$!
{
	archiveVersion = 1;
	classes = {
	};
	objectVersion = 56;
	objects = {

/* Begin PBXBuildFile section */
		EDF406F32A9F9F2A004AC8A9 /* FinancialControlApp.swift in Sources */ = {isa = PBXBuildFile; fileRef = EDF406F22A9F9F2A004AC8A9 /* FinancialControlApp.swift */; };
		EDF406F52A9F9F2A004AC8A9 /* ContentView.swift in Sources */ = {isa = PBXBuildFile; fileRef = EDF406F42A9F9F2A004AC8A9 /* ContentView.swift */; };
		EDF406F72A9F9F2B004AC8A9 /* Assets.xcassets in Resources */ = {isa = PBXBuildFile; fileRef = EDF406F62A9F9F2B004AC8A9 /* Assets.xcassets */; };
		EDF406FB2A9F9F2B004AC8A9 /* Preview Assets.xcassets in Resources */ = {isa = PBXBuildFile; fileRef = EDF406FA2A9F9F2B004AC8A9 /* Preview Assets.xcassets */; };
		EDF407052A9F9F2B004AC8A9 /* FinancialControlTests.swift in Sources */ = {isa = PBXBuildFile; fileRef = EDF407042A9F9F2B004AC8A9 /* FinancialControlTests.swift */; };
/* End PBXBuildFile section */

/* Begin PBXContainerItemProxy section */
		EDF407012A9F9F2B004AC8A9 /* PBXContainerItemProxy */ = {
			isa = PBXContainerItemProxy;
			containerPortal = EDF406E72A9F9F2A004AC8A9 /* Project object */;
			proxyType = 1;
			remoteGlobalIDString = EDF406EE2A9F9F2A004AC8A9;
			remoteInfo = FinancialControl;
		};
/* End PBXContainerItemProxy section */

/* Begin PBXFileReference section */
		EDF406EF2A9F9F2A004AC8A9 /* FinancialControl.app */ = {isa = PBXFileReference; explicitFileType = wrapper.application; includeInIndex = 0; path = FinancialControl.app; sourceTree = BUILT_PRODUCTS_DIR; };
		EDF406F22A9F9F2A004AC8A9 /* FinancialControlApp.swift */ = {isa = PBXFileReference; lastKnownFileType = sourcecode.swift; path = FinancialControlApp.swift; sourceTree = "<group>"; };
		EDF406F42A9F9F2A004AC8A9 /* ContentView.swift */ = {isa = PBXFileReference; lastKnownFileType = sourcecode.swift; path = ContentView.swift; sourceTree = "<group>"; };
		EDF406F62A9F9F2B004AC8A9 /* Assets.xcassets */ = {isa = PBXFileReference; lastKnownFileType = folder.assetcatalog; path = Assets.xcassets; sourceTree = "<group>"; };
		EDF406F82A9F9F2B004AC8A9 /* FinancialControl.entitlements */ = {isa = PBXFileReference; lastKnownFileType = text.plist.entitlements; path = FinancialControl.entitlements; sourceTree = "<group>"; };
		EDF406FA2A9F9F2B004AC8A9 /* Preview Assets.xcassets */ = {isa = PBXFileReference; lastKnownFileType = folder.assetcatalog; path = "Preview Assets.xcassets"; sourceTree = "<group>"; };
		EDF407002A9F9F2B004AC8A9 /* FinancialControlTests.xctest */ = {isa = PBXFileReference; explicitFileType = wrapper.cfbundle; includeInIndex = 0; path = FinancialControlTests.xctest; sourceTree = BUILT_PRODUCTS_DIR; };
		EDF407042A9F9F2B004AC8A9 /* FinancialControlTests.swift */ = {isa = PBXFileReference; lastKnownFileType = sourcecode.swift; path = FinancialControlTests.swift; sourceTree = "<group>"; };
		EDF407212A9FA87F004AC8A9 /* Info.plist */ = {isa = PBXFileReference; lastKnownFileType = text.plist; path = Info.plist; sourceTree = "<group>"; };
/* End PBXFileReference section */

/* Begin PBXFrameworksBuildPhase section */
		EDF406EC2A9F9F2A004AC8A9 /* Frameworks */ = {
			isa = PBXFrameworksBuildPhase;
			buildActionMask = 2147483647;
			files = (
			);
			runOnlyForDeploymentPostprocessing = 0;
		};
		EDF406FD2A9F9F2B004AC8A9 /* Frameworks */ = {
			isa = PBXFrameworksBuildPhase;
			buildActionMask = 2147483647;
			files = (
			);
			runOnlyForDeploymentPostprocessing = 0;
		};
/* End PBXFrameworksBuildPhase section */

/* Begin PBXGroup section */
		EDF406E62A9F9F2A004AC8A9 = {
			isa = PBXGroup;
			children = (
				EDF406F12A9F9F2A004AC8A9 /* FinancialControl */,
				EDF407032A9F9F2B004AC8A9 /* FinancialControlTests */,
				EDF406F02A9F9F2A004AC8A9 /* Products */,
			);
			sourceTree = "<group>";
		};
		EDF406F02A9F9F2A004AC8A9 /* Products */ = {
			isa = PBXGroup;
			children = (
				EDF406EF2A9F9F2A004AC8A9 /* FinancialControl.app */,
				EDF407002A9F9F2B004AC8A9 /* FinancialControlTests.xctest */,
			);
			name = Products;
			sourceTree = "<group>";
		};
		EDF406F12A9F9F2A004AC8A9 /* FinancialControl */ = {
			isa = PBXGroup;
			children = (
				EDF407212A9FA87F004AC8A9 /* Info.plist */,
				EDF4071E2A9FA7F7004AC8A9 /* Sources */,
				EDF4071D2A9FA7E3004AC8A9 /* Resources */,
			);
			path = FinancialControl;
			sourceTree = "<group>";
		};
		EDF406F92A9F9F2B004AC8A9 /* Preview Content */ = {
			isa = PBXGroup;
			children = (
				EDF406FA2A9F9F2B004AC8A9 /* Preview Assets.xcassets */,
			);
			path = "Preview Content";
			sourceTree = "<group>";
		};
		EDF407032A9F9F2B004AC8A9 /* FinancialControlTests */ = {
			isa = PBXGroup;
			children = (
				EDF407042A9F9F2B004AC8A9 /* FinancialControlTests.swift */,
			);
			path = FinancialControlTests;
			sourceTree = "<group>";
		};
		EDF4071D2A9FA7E3004AC8A9 /* Resources */ = {
			isa = PBXGroup;
			children = (
				EDF406F92A9F9F2B004AC8A9 /* Preview Content */,
				EDF406F62A9F9F2B004AC8A9 /* Assets.xcassets */,
				EDF406F82A9F9F2B004AC8A9 /* FinancialControl.entitlements */,
			);
			path = Resources;
			sourceTree = "<group>";
		};
		EDF4071E2A9FA7F7004AC8A9 /* Sources */ = {
			isa = PBXGroup;
			children = (
				EDF4071F2A9FA802004AC8A9 /* Core */,
				EDF407202A9FA81F004AC8A9 /* Scenes */,
			);
			path = Sources;
			sourceTree = "<group>";
		};
		EDF4071F2A9FA802004AC8A9 /* Core */ = {
			isa = PBXGroup;
			children = (
				EDF406F22A9F9F2A004AC8A9 /* FinancialControlApp.swift */,
			);
			path = Core;
			sourceTree = "<group>";
		};
		EDF407202A9FA81F004AC8A9 /* Scenes */ = {
			isa = PBXGroup;
			children = (
				EDF406F42A9F9F2A004AC8A9 /* ContentView.swift */,
			);
			path = Scenes;
			sourceTree = "<group>";
		};
/* End PBXGroup section */

/* Begin PBXNativeTarget section */
		EDF406EE2A9F9F2A004AC8A9 /* FinancialControl */ = {
			isa = PBXNativeTarget;
			buildConfigurationList = EDF407142A9F9F2B004AC8A9 /* Build configuration list for PBXNativeTarget "FinancialControl" */;
			buildPhases = (
				EDF406EB2A9F9F2A004AC8A9 /* Sources */,
				EDF406EC2A9F9F2A004AC8A9 /* Frameworks */,
				EDF406ED2A9F9F2A004AC8A9 /* Resources */,
			);
			buildRules = (
			);
			dependencies = (
			);
			name = FinancialControl;
			productName = FinancialControl;
			productReference = EDF406EF2A9F9F2A004AC8A9 /* FinancialControl.app */;
			productType = "com.apple.product-type.application";
		};
		EDF406FF2A9F9F2B004AC8A9 /* FinancialControlTests */ = {
			isa = PBXNativeTarget;
			buildConfigurationList = EDF407172A9F9F2B004AC8A9 /* Build configuration list for PBXNativeTarget "FinancialControlTests" */;
			buildPhases = (
				EDF406FC2A9F9F2B004AC8A9 /* Sources */,
				EDF406FD2A9F9F2B004AC8A9 /* Frameworks */,
				EDF406FE2A9F9F2B004AC8A9 /* Resources */,
			);
			buildRules = (
			);
			dependencies = (
				EDF407022A9F9F2B004AC8A9 /* PBXTargetDependency */,
			);
			name = FinancialControlTests;
			productName = FinancialControlTests;
			productReference = EDF407002A9F9F2B004AC8A9 /* FinancialControlTests.xctest */;
			productType = "com.apple.product-type.bundle.unit-test";
		};
/* End PBXNativeTarget section */

/* Begin PBXProject section */
		EDF406E72A9F9F2A004AC8A9 /* Project object */ = {
			isa = PBXProject;
			attributes = {
				BuildIndependentTargetsInParallel = 1;
				LastSwiftUpdateCheck = 1430;
				LastUpgradeCheck = 1430;
				TargetAttributes = {
					EDF406EE2A9F9F2A004AC8A9 = {
						CreatedOnToolsVersion = 14.3.1;
					};
					EDF406FF2A9F9F2B004AC8A9 = {
						CreatedOnToolsVersion = 14.3.1;
						TestTargetID = EDF406EE2A9F9F2A004AC8A9;
					};
				};
			};
			buildConfigurationList = EDF406EA2A9F9F2A004AC8A9 /* Build configuration list for PBXProject "FinancialControl" */;
			compatibilityVersion = "Xcode 14.0";
			developmentRegion = en;
			hasScannedForEncodings = 0;
			knownRegions = (
				en,
				Base,
			);
			mainGroup = EDF406E62A9F9F2A004AC8A9;
			productRefGroup = EDF406F02A9F9F2A004AC8A9 /* Products */;
			projectDirPath = "";
			projectRoot = "";
			targets = (
				EDF406EE2A9F9F2A004AC8A9 /* FinancialControl */,
				EDF406FF2A9F9F2B004AC8A9 /* FinancialControlTests */,
			);
		};
/* End PBXProject section */

/* Begin PBXResourcesBuildPhase section */
		EDF406ED2A9F9F2A004AC8A9 /* Resources */ = {
			isa = PBXResourcesBuildPhase;
			buildActionMask = 2147483647;
			files = (
				EDF406FB2A9F9F2B004AC8A9 /* Preview Assets.xcassets in Resources */,
				EDF406F72A9F9F2B004AC8A9 /* Assets.xcassets in Resources */,
			);
			runOnlyForDeploymentPostprocessing = 0;
		};
		EDF406FE2A9F9F2B004AC8A9 /* Resources */ = {
			isa = PBXResourcesBuildPhase;
			buildActionMask = 2147483647;
			files = (
			);
			runOnlyForDeploymentPostprocessing = 0;
		};
/* End PBXResourcesBuildPhase section */

/* Begin PBXSourcesBuildPhase section */
		EDF406EB2A9F9F2A004AC8A9 /* Sources */ = {
			isa = PBXSourcesBuildPhase;
			buildActionMask = 2147483647;
			files = (
				EDF406F52A9F9F2A004AC8A9 /* ContentView.swift in Sources */,
				EDF406F32A9F9F2A004AC8A9 /* FinancialControlApp.swift in Sources */,
			);
			runOnlyForDeploymentPostprocessing = 0;
		};
		EDF406FC2A9F9F2B004AC8A9 /* Sources */ = {
			isa = PBXSourcesBuildPhase;
			buildActionMask = 2147483647;
			files = (
				EDF407052A9F9F2B004AC8A9 /* FinancialControlTests.swift in Sources */,
			);
			runOnlyForDeploymentPostprocessing = 0;
		};
/* End PBXSourcesBuildPhase section */

/* Begin PBXTargetDependency section */
		EDF407022A9F9F2B004AC8A9 /* PBXTargetDependency */ = {
			isa = PBXTargetDependency;
			target = EDF406EE2A9F9F2A004AC8A9 /* FinancialControl */;
			targetProxy = EDF407012A9F9F2B004AC8A9 /* PBXContainerItemProxy */;
		};
/* End PBXTargetDependency section */

/* Begin XCBuildConfiguration section */
		EDF407122A9F9F2B004AC8A9 /* Debug */ = {
			isa = XCBuildConfiguration;
			buildSettings = {
				ALWAYS_SEARCH_USER_PATHS = NO;
				CLANG_ANALYZER_NONNULL = YES;
				CLANG_ANALYZER_NUMBER_OBJECT_CONVERSION = YES_AGGRESSIVE;
				CLANG_CXX_LANGUAGE_STANDARD = "gnu++20";
				CLANG_ENABLE_MODULES = YES;
				CLANG_ENABLE_OBJC_ARC = YES;
				CLANG_ENABLE_OBJC_WEAK = YES;
				CLANG_WARN_BLOCK_CAPTURE_AUTORELEASING = YES;
				CLANG_WARN_BOOL_CONVERSION = YES;
				CLANG_WARN_COMMA = YES;
				CLANG_WARN_CONSTANT_CONVERSION = YES;
				CLANG_WARN_DEPRECATED_OBJC_IMPLEMENTATIONS = YES;
				CLANG_WARN_DIRECT_OBJC_ISA_USAGE = YES_ERROR;
				CLANG_WARN_DOCUMENTATION_COMMENTS = YES;
				CLANG_WARN_EMPTY_BODY = YES;
				CLANG_WARN_ENUM_CONVERSION = YES;
				CLANG_WARN_INFINITE_RECURSION = YES;
				CLANG_WARN_INT_CONVERSION = YES;
				CLANG_WARN_NON_LITERAL_NULL_CONVERSION = YES;
				CLANG_WARN_OBJC_IMPLICIT_RETAIN_SELF = YES;
				CLANG_WARN_OBJC_LITERAL_CONVERSION = YES;
				CLANG_WARN_OBJC_ROOT_CLASS = YES_ERROR;
				CLANG_WARN_QUOTED_INCLUDE_IN_FRAMEWORK_HEADER = YES;
				CLANG_WARN_RANGE_LOOP_ANALYSIS = YES;
				CLANG_WARN_STRICT_PROTOTYPES = YES;
				CLANG_WARN_SUSPICIOUS_MOVE = YES;
				CLANG_WARN_UNGUARDED_AVAILABILITY = YES_AGGRESSIVE;
				CLANG_WARN_UNREACHABLE_CODE = YES;
				CLANG_WARN__DUPLICATE_METHOD_MATCH = YES;
				COPY_PHASE_STRIP = NO;
				DEBUG_INFORMATION_FORMAT = dwarf;
				ENABLE_STRICT_OBJC_MSGSEND = YES;
				ENABLE_TESTABILITY = YES;
				GCC_C_LANGUAGE_STANDARD = gnu11;
				GCC_DYNAMIC_NO_PIC = NO;
				GCC_NO_COMMON_BLOCKS = YES;
				GCC_OPTIMIZATION_LEVEL = 0;
				GCC_PREPROCESSOR_DEFINITIONS = (
					"DEBUG=1",
					"$(inherited)",
				);
				GCC_WARN_64_TO_32_BIT_CONVERSION = YES;
				GCC_WARN_ABOUT_RETURN_TYPE = YES_ERROR;
				GCC_WARN_UNDECLARED_SELECTOR = YES;
				GCC_WARN_UNINITIALIZED_AUTOS = YES_AGGRESSIVE;
				GCC_WARN_UNUSED_FUNCTION = YES;
				GCC_WARN_UNUSED_VARIABLE = YES;
				MTL_ENABLE_DEBUG_INFO = INCLUDE_SOURCE;
				MTL_FAST_MATH = YES;
				ONLY_ACTIVE_ARCH = YES;
				SWIFT_ACTIVE_COMPILATION_CONDITIONS = DEBUG;
				SWIFT_OPTIMIZATION_LEVEL = "-Onone";
			};
			name = Debug;
		};
		EDF407132A9F9F2B004AC8A9 /* Release */ = {
			isa = XCBuildConfiguration;
			buildSettings = {
				ALWAYS_SEARCH_USER_PATHS = NO;
				CLANG_ANALYZER_NONNULL = YES;
				CLANG_ANALYZER_NUMBER_OBJECT_CONVERSION = YES_AGGRESSIVE;
				CLANG_CXX_LANGUAGE_STANDARD = "gnu++20";
				CLANG_ENABLE_MODULES = YES;
				CLANG_ENABLE_OBJC_ARC = YES;
				CLANG_ENABLE_OBJC_WEAK = YES;
				CLANG_WARN_BLOCK_CAPTURE_AUTORELEASING = YES;
				CLANG_WARN_BOOL_CONVERSION = YES;
				CLANG_WARN_COMMA = YES;
				CLANG_WARN_CONSTANT_CONVERSION = YES;
				CLANG_WARN_DEPRECATED_OBJC_IMPLEMENTATIONS = YES;
				CLANG_WARN_DIRECT_OBJC_ISA_USAGE = YES_ERROR;
				CLANG_WARN_DOCUMENTATION_COMMENTS = YES;
				CLANG_WARN_EMPTY_BODY = YES;
				CLANG_WARN_ENUM_CONVERSION = YES;
				CLANG_WARN_INFINITE_RECURSION = YES;
				CLANG_WARN_INT_CONVERSION = YES;
				CLANG_WARN_NON_LITERAL_NULL_CONVERSION = YES;
				CLANG_WARN_OBJC_IMPLICIT_RETAIN_SELF = YES;
				CLANG_WARN_OBJC_LITERAL_CONVERSION = YES;
				CLANG_WARN_OBJC_ROOT_CLASS = YES_ERROR;
				CLANG_WARN_QUOTED_INCLUDE_IN_FRAMEWORK_HEADER = YES;
				CLANG_WARN_RANGE_LOOP_ANALYSIS = YES;
				CLANG_WARN_STRICT_PROTOTYPES = YES;
				CLANG_WARN_SUSPICIOUS_MOVE = YES;
				CLANG_WARN_UNGUARDED_AVAILABILITY = YES_AGGRESSIVE;
				CLANG_WARN_UNREACHABLE_CODE = YES;
				CLANG_WARN__DUPLICATE_METHOD_MATCH = YES;
				COPY_PHASE_STRIP = NO;
				DEBUG_INFORMATION_FORMAT = "dwarf-with-dsym";
				ENABLE_NS_ASSERTIONS = NO;
				ENABLE_STRICT_OBJC_MSGSEND = YES;
				GCC_C_LANGUAGE_STANDARD = gnu11;
				GCC_NO_COMMON_BLOCKS = YES;
				GCC_WARN_64_TO_32_BIT_CONVERSION = YES;
				GCC_WARN_ABOUT_RETURN_TYPE = YES_ERROR;
				GCC_WARN_UNDECLARED_SELECTOR = YES;
				GCC_WARN_UNINITIALIZED_AUTOS = YES_AGGRESSIVE;
				GCC_WARN_UNUSED_FUNCTION = YES;
				GCC_WARN_UNUSED_VARIABLE = YES;
				MTL_ENABLE_DEBUG_INFO = NO;
				MTL_FAST_MATH = YES;
				SWIFT_COMPILATION_MODE = wholemodule;
				SWIFT_OPTIMIZATION_LEVEL = "-O";
			};
			name = Release;
		};
		EDF407152A9F9F2B004AC8A9 /* Debug */ = {
			isa = XCBuildConfiguration;
			buildSettings = {
				ASSETCATALOG_COMPILER_APPICON_NAME = AppIcon;
				ASSETCATALOG_COMPILER_GLOBAL_ACCENT_COLOR_NAME = AccentColor;
				CODE_SIGN_ENTITLEMENTS = FinancialControl/Resources/FinancialControl.entitlements;
				CODE_SIGN_STYLE = Automatic;
				CURRENT_PROJECT_VERSION = 1;
				DEVELOPMENT_ASSET_PATHS = "\"FinancialControl/Resources/Preview Content\"";
				DEVELOPMENT_TEAM = 9Y7M54NCKD;
				ENABLE_HARDENED_RUNTIME = YES;
				ENABLE_PREVIEWS = YES;
				GENERATE_INFOPLIST_FILE = YES;
				INFOPLIST_FILE = FinancialControl/Info.plist;
				"INFOPLIST_KEY_UIApplicationSceneManifest_Generation[sdk=iphoneos*]" = YES;
				"INFOPLIST_KEY_UIApplicationSceneManifest_Generation[sdk=iphonesimulator*]" = YES;
				"INFOPLIST_KEY_UIApplicationSupportsIndirectInputEvents[sdk=iphoneos*]" = YES;
				"INFOPLIST_KEY_UIApplicationSupportsIndirectInputEvents[sdk=iphonesimulator*]" = YES;
				"INFOPLIST_KEY_UILaunchScreen_Generation[sdk=iphoneos*]" = YES;
				"INFOPLIST_KEY_UILaunchScreen_Generation[sdk=iphonesimulator*]" = YES;
				"INFOPLIST_KEY_UIStatusBarStyle[sdk=iphoneos*]" = UIStatusBarStyleDefault;
				"INFOPLIST_KEY_UIStatusBarStyle[sdk=iphonesimulator*]" = UIStatusBarStyleDefault;
				INFOPLIST_KEY_UISupportedInterfaceOrientations_iPad = "UIInterfaceOrientationPortrait UIInterfaceOrientationPortraitUpsideDown UIInterfaceOrientationLandscapeLeft UIInterfaceOrientationLandscapeRight";
				INFOPLIST_KEY_UISupportedInterfaceOrientations_iPhone = "UIInterfaceOrientationPortrait UIInterfaceOrientationLandscapeLeft UIInterfaceOrientationLandscapeRight";
				INFOPLIST_KEY_UIUserInterfaceStyle = Dark;
				IPHONEOS_DEPLOYMENT_TARGET = 16.4;
				LD_RUNPATH_SEARCH_PATHS = "@executable_path/Frameworks";
				"LD_RUNPATH_SEARCH_PATHS[sdk=macosx*]" = "@executable_path/../Frameworks";
				MACOSX_DEPLOYMENT_TARGET = 13.3;
				MARKETING_VERSION = 1.0;
				PRODUCT_BUNDLE_IDENTIFIER = com.tiagolinharess.FinancialControl;
				PRODUCT_NAME = "$(TARGET_NAME)";
				SDKROOT = auto;
				SUPPORTED_PLATFORMS = "iphoneos iphonesimulator macosx";
				SWIFT_EMIT_LOC_STRINGS = YES;
				SWIFT_VERSION = 5.0;
				TARGETED_DEVICE_FAMILY = "1,2";
			};
			name = Debug;
		};
		EDF407162A9F9F2B004AC8A9 /* Release */ = {
			isa = XCBuildConfiguration;
			buildSettings = {
				ASSETCATALOG_COMPILER_APPICON_NAME = AppIcon;
				ASSETCATALOG_COMPILER_GLOBAL_ACCENT_COLOR_NAME = AccentColor;
				CODE_SIGN_ENTITLEMENTS = FinancialControl/Resources/FinancialControl.entitlements;
				CODE_SIGN_STYLE = Automatic;
				CURRENT_PROJECT_VERSION = 1;
				DEVELOPMENT_ASSET_PATHS = "\"FinancialControl/Resources/Preview Content\"";
				DEVELOPMENT_TEAM = 9Y7M54NCKD;
				ENABLE_HARDENED_RUNTIME = YES;
				ENABLE_PREVIEWS = YES;
				GENERATE_INFOPLIST_FILE = YES;
				INFOPLIST_FILE = FinancialControl/Info.plist;
				"INFOPLIST_KEY_UIApplicationSceneManifest_Generation[sdk=iphoneos*]" = YES;
				"INFOPLIST_KEY_UIApplicationSceneManifest_Generation[sdk=iphonesimulator*]" = YES;
				"INFOPLIST_KEY_UIApplicationSupportsIndirectInputEvents[sdk=iphoneos*]" = YES;
				"INFOPLIST_KEY_UIApplicationSupportsIndirectInputEvents[sdk=iphonesimulator*]" = YES;
				"INFOPLIST_KEY_UILaunchScreen_Generation[sdk=iphoneos*]" = YES;
				"INFOPLIST_KEY_UILaunchScreen_Generation[sdk=iphonesimulator*]" = YES;
				"INFOPLIST_KEY_UIStatusBarStyle[sdk=iphoneos*]" = UIStatusBarStyleDefault;
				"INFOPLIST_KEY_UIStatusBarStyle[sdk=iphonesimulator*]" = UIStatusBarStyleDefault;
				INFOPLIST_KEY_UISupportedInterfaceOrientations_iPad = "UIInterfaceOrientationPortrait UIInterfaceOrientationPortraitUpsideDown UIInterfaceOrientationLandscapeLeft UIInterfaceOrientationLandscapeRight";
				INFOPLIST_KEY_UISupportedInterfaceOrientations_iPhone = "UIInterfaceOrientationPortrait UIInterfaceOrientationLandscapeLeft UIInterfaceOrientationLandscapeRight";
				INFOPLIST_KEY_UIUserInterfaceStyle = Dark;
				IPHONEOS_DEPLOYMENT_TARGET = 16.4;
				LD_RUNPATH_SEARCH_PATHS = "@executable_path/Frameworks";
				"LD_RUNPATH_SEARCH_PATHS[sdk=macosx*]" = "@executable_path/../Frameworks";
				MACOSX_DEPLOYMENT_TARGET = 13.3;
				MARKETING_VERSION = 1.0;
				PRODUCT_BUNDLE_IDENTIFIER = com.tiagolinharess.FinancialControl;
				PRODUCT_NAME = "$(TARGET_NAME)";
				SDKROOT = auto;
				SUPPORTED_PLATFORMS = "iphoneos iphonesimulator macosx";
				SWIFT_EMIT_LOC_STRINGS = YES;
				SWIFT_VERSION = 5.0;
				TARGETED_DEVICE_FAMILY = "1,2";
			};
			name = Release;
		};
		EDF407182A9F9F2B004AC8A9 /* Debug */ = {
			isa = XCBuildConfiguration;
			buildSettings = {
				ALWAYS_EMBED_SWIFT_STANDARD_LIBRARIES = YES;
				BUNDLE_LOADER = "$(TEST_HOST)";
				CODE_SIGN_STYLE = Automatic;
				CURRENT_PROJECT_VERSION = 1;
				DEVELOPMENT_TEAM = 9Y7M54NCKD;
				GENERATE_INFOPLIST_FILE = YES;
				IPHONEOS_DEPLOYMENT_TARGET = 16.4;
				MACOSX_DEPLOYMENT_TARGET = 13.3;
				MARKETING_VERSION = 1.0;
				PRODUCT_BUNDLE_IDENTIFIER = com.tiagolinharess.FinancialControlTests;
				PRODUCT_NAME = "$(TARGET_NAME)";
				SDKROOT = auto;
				SUPPORTED_PLATFORMS = "iphoneos iphonesimulator macosx";
				SWIFT_EMIT_LOC_STRINGS = NO;
				SWIFT_VERSION = 5.0;
				TARGETED_DEVICE_FAMILY = "1,2";
				TEST_HOST = "$(BUILT_PRODUCTS_DIR)/FinancialControl.app/$(BUNDLE_EXECUTABLE_FOLDER_PATH)/FinancialControl";
			};
			name = Debug;
		};
		EDF407192A9F9F2B004AC8A9 /* Release */ = {
			isa = XCBuildConfiguration;
			buildSettings = {
				ALWAYS_EMBED_SWIFT_STANDARD_LIBRARIES = YES;
				BUNDLE_LOADER = "$(TEST_HOST)";
				CODE_SIGN_STYLE = Automatic;
				CURRENT_PROJECT_VERSION = 1;
				DEVELOPMENT_TEAM = 9Y7M54NCKD;
				GENERATE_INFOPLIST_FILE = YES;
				IPHONEOS_DEPLOYMENT_TARGET = 16.4;
				MACOSX_DEPLOYMENT_TARGET = 13.3;
				MARKETING_VERSION = 1.0;
				PRODUCT_BUNDLE_IDENTIFIER = com.tiagolinharess.FinancialControlTests;
				PRODUCT_NAME = "$(TARGET_NAME)";
				SDKROOT = auto;
				SUPPORTED_PLATFORMS = "iphoneos iphonesimulator macosx";
				SWIFT_EMIT_LOC_STRINGS = NO;
				SWIFT_VERSION = 5.0;
				TARGETED_DEVICE_FAMILY = "1,2";
				TEST_HOST = "$(BUILT_PRODUCTS_DIR)/FinancialControl.app/$(BUNDLE_EXECUTABLE_FOLDER_PATH)/FinancialControl";
			};
			name = Release;
		};
/* End XCBuildConfiguration section */

/* Begin XCConfigurationList section */
		EDF406EA2A9F9F2A004AC8A9 /* Build configuration list for PBXProject "FinancialControl" */ = {
			isa = XCConfigurationList;
			buildConfigurations = (
				EDF407122A9F9F2B004AC8A9 /* Debug */,
				EDF407132A9F9F2B004AC8A9 /* Release */,
			);
			defaultConfigurationIsVisible = 0;
			defaultConfigurationName = Release;
		};
		EDF407142A9F9F2B004AC8A9 /* Build configuration list for PBXNativeTarget "FinancialControl" */ = {
			isa = XCConfigurationList;
			buildConfigurations = (
				EDF407152A9F9F2B004AC8A9 /* Debug */,
				EDF407162A9F9F2B004AC8A9 /* Release */,
			);
			defaultConfigurationIsVisible = 0;
			defaultConfigurationName = Release;
		};
		EDF407172A9F9F2B004AC8A9 /* Build configuration list for PBXNativeTarget "FinancialControlTests" */ = {
			isa = XCConfigurationList;
			buildConfigurations = (
				EDF407182A9F9F2B004AC8A9 /* Debug */,
				EDF407192A9F9F2B004AC8A9 /* Release */,
			);
			defaultConfigurationIsVisible = 0;
			defaultConfigurationName = Release;
		};
/* End XCConfigurationList section */
	};
	rootObject = EDF406E72A9F9F2A004AC8A9 /* Project object */;
}
